
Microsoft Visual Studio Solution File, Format Version 12.00
# Visual Studio 15
VisualStudioVersion = 15.0.25914.0
MinimumVisualStudioVersion = 10.0.40219.1
Project("{F184B08F-C81C-45F6-A57F-5ABD9991F28F}") = "MathLab", "MathLab\MathLab.vbproj", "{A7AA98F4-FB51-4EE7-9D2A-BF1CA24A7B26}"
EndProject
Project("{F184B08F-C81C-45F6-A57F-5ABD9991F28F}") = "+Microsoft.VisualBasic.Architecture.Framework", "..\GCModeller\src\runtime\sciBASIC#\Microsoft.VisualBasic.Architecture.Framework\+Microsoft.VisualBasic.Architecture.Framework.vbproj", "{FECCE1FD-E1D4-49E3-A668-60BB5E7AED99}"
EndProject
Project("{F184B08F-C81C-45F6-A57F-5ABD9991F28F}") = "+VB_DataFrame", "..\GCModeller\src\runtime\sciBASIC#\Data\DataFrame\+VB_DataFrame.vbproj", "{7283C179-F852-4EAD-8D8F-B82EF2CBD7DB}"
EndProject
Project("{F184B08F-C81C-45F6-A57F-5ABD9991F28F}") = "Microsoft.VisualBasic.Mathematical", "..\GCModeller\src\runtime\sciBASIC#\Data_science\Mathematical\Math\Microsoft.VisualBasic.Mathematical.vbproj", "{E3367B88-5D0C-495A-8273-331656D4B5AA}"
EndProject
Project("{F184B08F-C81C-45F6-A57F-5ABD9991F28F}") = "markups", "..\GCModeller\src\runtime\sciBASIC#\mime\markups\markups.vbproj", "{2DD4BE80-DDC3-4767-94A7-10F1C3395716}"
EndProject
Project("{F184B08F-C81C-45F6-A57F-5ABD9991F28F}") = "Microsoft.VisualBasic.Imaging", "..\GCModeller\src\runtime\sciBASIC#\gr\Microsoft.VisualBasic.Imaging\Microsoft.VisualBasic.Imaging.vbproj", "{85E71B4B-9276-4EC8-AADC-C849205F1EA8}"
EndProject
Project("{F184B08F-C81C-45F6-A57F-5ABD9991F28F}") = "Plots", "..\GCModeller\src\runtime\sciBASIC#\Data_science\Mathematical\Plots\Plots.vbproj", "{17F8E821-0A01-4975-9CAA-AC95251226D5}"
EndProject
Project("{F184B08F-C81C-45F6-A57F-5ABD9991F28F}") = "Plots.Extensions", "..\GCModeller\src\runtime\sciBASIC#\Data_science\Mathematical\Plots\Plots.Extensions\Plots.Extensions.vbproj", "{75E2E109-2A1C-4D6A-862E-820A3C5E9100}"
EndProject
Project("{2150E333-8FDC-42A3-9474-1A3956D46DE8}") = "runtime", "runtime", "{D67E5384-6A36-462F-9B74-26417A9C8D85}"
EndProject
Project("{2150E333-8FDC-42A3-9474-1A3956D46DE8}") = "math", "math", "{B0F936F4-AFF9-42A3-B26E-CC54DAFF4445}"
EndProject
Project("{F184B08F-C81C-45F6-A57F-5ABD9991F28F}") = "Datavisualization.Network", "..\GCModeller\src\runtime\sciBASIC#\gr\Datavisualization.Network\Datavisualization.Network\Datavisualization.Network.vbproj", "{076315EE-B598-40DC-9280-C71CDF9B6A48}"
EndProject
Project("{F184B08F-C81C-45F6-A57F-5ABD9991F28F}") = "NetworkCanvas", "..\GCModeller\src\runtime\sciBASIC#\gr\Datavisualization.Network\NetworkCanvas\NetworkCanvas.vbproj", "{EF70BED6-8795-4523-A260-C1ABED9405AA}"
EndProject
Project("{F184B08F-C81C-45F6-A57F-5ABD9991F28F}") = "Interactive", "components\InteractiveWindow\Interactive.vbproj", "{B756F957-945D-41A1-89D5-3690B0927D0B}"
EndProject
Project("{2150E333-8FDC-42A3-9474-1A3956D46DE8}") = "components", "components", "{49673D99-AA96-44FF-9495-E8ECA9B26F5C}"
EndProject
Project("{FAE04EC0-301F-11D3-BF4B-00C04F79EFBC}") = "TextEditor", "components\TextEditor\TextEditor.csproj", "{6DD14A85-CCFC-4774-BD26-0F5772512319}"
EndProject
Project("{F184B08F-C81C-45F6-A57F-5ABD9991F28F}") = "MathLab.Scripting", "MathLab.Scripting\MathLab.Scripting.vbproj", "{7644B38C-C581-49A2-AF0E-2AB5BD5B7F9E}"
EndProject
Project("{F184B08F-C81C-45F6-A57F-5ABD9991F28F}") = "ODEsSolver", "..\GCModeller\src\runtime\sciBASIC#\Data_science\Mathematical\ODE\ODEsSolver.vbproj", "{14E0B048-3A0D-4FD6-AA79-9B815D6F1B30}"
EndProject
Project("{F184B08F-C81C-45F6-A57F-5ABD9991F28F}") = "Plots.Charting", "..\GCModeller\src\runtime\sciBASIC#\Data_science\Mathematical\Plots.Charting\Plots.Charting.vbproj", "{B2BFEB36-32E0-495B-9839-F18218494CB2}"
EndProject
Project("{F184B08F-C81C-45F6-A57F-5ABD9991F28F}") = "Microsoft.VisualBasic.DataMining.Framework", "..\GCModeller\src\runtime\sciBASIC#\Data_science\Microsoft.VisualBasic.DataMining.Framework\Microsoft.VisualBasic.DataMining.Framework.vbproj", "{4B877AB2-E15F-4AA9-B7D6-7C11B2213F10}"
EndProject
Project("{F184B08F-C81C-45F6-A57F-5ABD9991F28F}") = "Bootstrapping", "..\GCModeller\src\runtime\sciBASIC#\Data_science\Bootstrapping\Bootstrapping.vbproj", "{B21B924A-D67F-4554-8946-A154563394B2}"
EndProject
Global
	GlobalSection(SolutionConfigurationPlatforms) = preSolution
		Debug|Any CPU = Debug|Any CPU
		Debug|x64 = Debug|x64
		Debug|x86 = Debug|x86
		DEMO|Any CPU = DEMO|Any CPU
		DEMO|x64 = DEMO|x64
		DEMO|x86 = DEMO|x86
		docs|Any CPU = docs|Any CPU
		docs|x64 = docs|x64
		docs|x86 = docs|x86
		Publish|Any CPU = Publish|Any CPU
		Publish|x64 = Publish|x64
		Publish|x86 = Publish|x86
		Release|Any CPU = Release|Any CPU
		Release|x64 = Release|x64
		Release|x86 = Release|x86
		Release2|Any CPU = Release2|Any CPU
		Release2|x64 = Release2|x64
		Release2|x86 = Release2|x86
	EndGlobalSection
	GlobalSection(ProjectConfigurationPlatforms) = postSolution
		{A7AA98F4-FB51-4EE7-9D2A-BF1CA24A7B26}.Debug|Any CPU.ActiveCfg = Debug|Any CPU
		{A7AA98F4-FB51-4EE7-9D2A-BF1CA24A7B26}.Debug|Any CPU.Build.0 = Debug|Any CPU
		{A7AA98F4-FB51-4EE7-9D2A-BF1CA24A7B26}.Debug|x64.ActiveCfg = Debug|x64
		{A7AA98F4-FB51-4EE7-9D2A-BF1CA24A7B26}.Debug|x64.Build.0 = Debug|x64
		{A7AA98F4-FB51-4EE7-9D2A-BF1CA24A7B26}.Debug|x86.ActiveCfg = Debug|Any CPU
		{A7AA98F4-FB51-4EE7-9D2A-BF1CA24A7B26}.Debug|x86.Build.0 = Debug|Any CPU
		{A7AA98F4-FB51-4EE7-9D2A-BF1CA24A7B26}.DEMO|Any CPU.ActiveCfg = Debug|Any CPU
		{A7AA98F4-FB51-4EE7-9D2A-BF1CA24A7B26}.DEMO|Any CPU.Build.0 = Debug|Any CPU
		{A7AA98F4-FB51-4EE7-9D2A-BF1CA24A7B26}.DEMO|x64.ActiveCfg = Debug|Any CPU
		{A7AA98F4-FB51-4EE7-9D2A-BF1CA24A7B26}.DEMO|x64.Build.0 = Debug|Any CPU
		{A7AA98F4-FB51-4EE7-9D2A-BF1CA24A7B26}.DEMO|x86.ActiveCfg = Debug|Any CPU
		{A7AA98F4-FB51-4EE7-9D2A-BF1CA24A7B26}.DEMO|x86.Build.0 = Debug|Any CPU
		{A7AA98F4-FB51-4EE7-9D2A-BF1CA24A7B26}.docs|Any CPU.ActiveCfg = Debug|Any CPU
		{A7AA98F4-FB51-4EE7-9D2A-BF1CA24A7B26}.docs|Any CPU.Build.0 = Debug|Any CPU
		{A7AA98F4-FB51-4EE7-9D2A-BF1CA24A7B26}.docs|x64.ActiveCfg = Debug|Any CPU
		{A7AA98F4-FB51-4EE7-9D2A-BF1CA24A7B26}.docs|x64.Build.0 = Debug|Any CPU
		{A7AA98F4-FB51-4EE7-9D2A-BF1CA24A7B26}.docs|x86.ActiveCfg = Debug|Any CPU
		{A7AA98F4-FB51-4EE7-9D2A-BF1CA24A7B26}.docs|x86.Build.0 = Debug|Any CPU
		{A7AA98F4-FB51-4EE7-9D2A-BF1CA24A7B26}.Publish|Any CPU.ActiveCfg = Release|Any CPU
		{A7AA98F4-FB51-4EE7-9D2A-BF1CA24A7B26}.Publish|Any CPU.Build.0 = Release|Any CPU
		{A7AA98F4-FB51-4EE7-9D2A-BF1CA24A7B26}.Publish|x64.ActiveCfg = Release|Any CPU
		{A7AA98F4-FB51-4EE7-9D2A-BF1CA24A7B26}.Publish|x64.Build.0 = Release|Any CPU
		{A7AA98F4-FB51-4EE7-9D2A-BF1CA24A7B26}.Publish|x86.ActiveCfg = Release|Any CPU
		{A7AA98F4-FB51-4EE7-9D2A-BF1CA24A7B26}.Publish|x86.Build.0 = Release|Any CPU
		{A7AA98F4-FB51-4EE7-9D2A-BF1CA24A7B26}.Release|Any CPU.ActiveCfg = Release|Any CPU
		{A7AA98F4-FB51-4EE7-9D2A-BF1CA24A7B26}.Release|Any CPU.Build.0 = Release|Any CPU
		{A7AA98F4-FB51-4EE7-9D2A-BF1CA24A7B26}.Release|x64.ActiveCfg = Release|x64
		{A7AA98F4-FB51-4EE7-9D2A-BF1CA24A7B26}.Release|x64.Build.0 = Release|x64
		{A7AA98F4-FB51-4EE7-9D2A-BF1CA24A7B26}.Release|x86.ActiveCfg = Release|Any CPU
		{A7AA98F4-FB51-4EE7-9D2A-BF1CA24A7B26}.Release|x86.Build.0 = Release|Any CPU
		{A7AA98F4-FB51-4EE7-9D2A-BF1CA24A7B26}.Release2|Any CPU.ActiveCfg = Release|Any CPU
		{A7AA98F4-FB51-4EE7-9D2A-BF1CA24A7B26}.Release2|Any CPU.Build.0 = Release|Any CPU
		{A7AA98F4-FB51-4EE7-9D2A-BF1CA24A7B26}.Release2|x64.ActiveCfg = Release|Any CPU
		{A7AA98F4-FB51-4EE7-9D2A-BF1CA24A7B26}.Release2|x64.Build.0 = Release|Any CPU
		{A7AA98F4-FB51-4EE7-9D2A-BF1CA24A7B26}.Release2|x86.ActiveCfg = Release|Any CPU
		{A7AA98F4-FB51-4EE7-9D2A-BF1CA24A7B26}.Release2|x86.Build.0 = Release|Any CPU
		{FECCE1FD-E1D4-49E3-A668-60BB5E7AED99}.Debug|Any CPU.ActiveCfg = Debug|Any CPU
		{FECCE1FD-E1D4-49E3-A668-60BB5E7AED99}.Debug|Any CPU.Build.0 = Debug|Any CPU
		{FECCE1FD-E1D4-49E3-A668-60BB5E7AED99}.Debug|x64.ActiveCfg = Debug|x64
		{FECCE1FD-E1D4-49E3-A668-60BB5E7AED99}.Debug|x64.Build.0 = Debug|x64
		{FECCE1FD-E1D4-49E3-A668-60BB5E7AED99}.Debug|x86.ActiveCfg = Debug|x86
		{FECCE1FD-E1D4-49E3-A668-60BB5E7AED99}.Debug|x86.Build.0 = Debug|x86
		{FECCE1FD-E1D4-49E3-A668-60BB5E7AED99}.DEMO|Any CPU.ActiveCfg = DEMO|Any CPU
		{FECCE1FD-E1D4-49E3-A668-60BB5E7AED99}.DEMO|Any CPU.Build.0 = DEMO|Any CPU
		{FECCE1FD-E1D4-49E3-A668-60BB5E7AED99}.DEMO|x64.ActiveCfg = DEMO|x64
		{FECCE1FD-E1D4-49E3-A668-60BB5E7AED99}.DEMO|x64.Build.0 = DEMO|x64
		{FECCE1FD-E1D4-49E3-A668-60BB5E7AED99}.DEMO|x86.ActiveCfg = DEMO|x86
		{FECCE1FD-E1D4-49E3-A668-60BB5E7AED99}.DEMO|x86.Build.0 = DEMO|x86
		{FECCE1FD-E1D4-49E3-A668-60BB5E7AED99}.docs|Any CPU.ActiveCfg = docs|Any CPU
		{FECCE1FD-E1D4-49E3-A668-60BB5E7AED99}.docs|Any CPU.Build.0 = docs|Any CPU
		{FECCE1FD-E1D4-49E3-A668-60BB5E7AED99}.docs|x64.ActiveCfg = docs|x64
		{FECCE1FD-E1D4-49E3-A668-60BB5E7AED99}.docs|x64.Build.0 = docs|x64
		{FECCE1FD-E1D4-49E3-A668-60BB5E7AED99}.docs|x86.ActiveCfg = docs|x86
		{FECCE1FD-E1D4-49E3-A668-60BB5E7AED99}.docs|x86.Build.0 = docs|x86
		{FECCE1FD-E1D4-49E3-A668-60BB5E7AED99}.Publish|Any CPU.ActiveCfg = Publish|Any CPU
		{FECCE1FD-E1D4-49E3-A668-60BB5E7AED99}.Publish|Any CPU.Build.0 = Publish|Any CPU
		{FECCE1FD-E1D4-49E3-A668-60BB5E7AED99}.Publish|x64.ActiveCfg = Publish|x64
		{FECCE1FD-E1D4-49E3-A668-60BB5E7AED99}.Publish|x64.Build.0 = Publish|x64
		{FECCE1FD-E1D4-49E3-A668-60BB5E7AED99}.Publish|x86.ActiveCfg = Publish|x86
		{FECCE1FD-E1D4-49E3-A668-60BB5E7AED99}.Publish|x86.Build.0 = Publish|x86
		{FECCE1FD-E1D4-49E3-A668-60BB5E7AED99}.Release|Any CPU.ActiveCfg = Release|Any CPU
		{FECCE1FD-E1D4-49E3-A668-60BB5E7AED99}.Release|Any CPU.Build.0 = Release|Any CPU
		{FECCE1FD-E1D4-49E3-A668-60BB5E7AED99}.Release|x64.ActiveCfg = Release|x64
		{FECCE1FD-E1D4-49E3-A668-60BB5E7AED99}.Release|x64.Build.0 = Release|x64
		{FECCE1FD-E1D4-49E3-A668-60BB5E7AED99}.Release|x86.ActiveCfg = Release|x86
		{FECCE1FD-E1D4-49E3-A668-60BB5E7AED99}.Release|x86.Build.0 = Release|x86
		{FECCE1FD-E1D4-49E3-A668-60BB5E7AED99}.Release2|Any CPU.ActiveCfg = Release2|Any CPU
		{FECCE1FD-E1D4-49E3-A668-60BB5E7AED99}.Release2|Any CPU.Build.0 = Release2|Any CPU
		{FECCE1FD-E1D4-49E3-A668-60BB5E7AED99}.Release2|x64.ActiveCfg = Release2|x64
		{FECCE1FD-E1D4-49E3-A668-60BB5E7AED99}.Release2|x64.Build.0 = Release2|x64
		{FECCE1FD-E1D4-49E3-A668-60BB5E7AED99}.Release2|x86.ActiveCfg = Release2|x86
		{FECCE1FD-E1D4-49E3-A668-60BB5E7AED99}.Release2|x86.Build.0 = Release2|x86
		{7283C179-F852-4EAD-8D8F-B82EF2CBD7DB}.Debug|Any CPU.ActiveCfg = Debug|Any CPU
		{7283C179-F852-4EAD-8D8F-B82EF2CBD7DB}.Debug|Any CPU.Build.0 = Debug|Any CPU
		{7283C179-F852-4EAD-8D8F-B82EF2CBD7DB}.Debug|x64.ActiveCfg = Debug|x64
		{7283C179-F852-4EAD-8D8F-B82EF2CBD7DB}.Debug|x64.Build.0 = Debug|x64
		{7283C179-F852-4EAD-8D8F-B82EF2CBD7DB}.Debug|x86.ActiveCfg = Debug|x86
		{7283C179-F852-4EAD-8D8F-B82EF2CBD7DB}.Debug|x86.Build.0 = Debug|x86
		{7283C179-F852-4EAD-8D8F-B82EF2CBD7DB}.DEMO|Any CPU.ActiveCfg = Debug|Any CPU
		{7283C179-F852-4EAD-8D8F-B82EF2CBD7DB}.DEMO|Any CPU.Build.0 = Debug|Any CPU
		{7283C179-F852-4EAD-8D8F-B82EF2CBD7DB}.DEMO|x64.ActiveCfg = Debug|x64
		{7283C179-F852-4EAD-8D8F-B82EF2CBD7DB}.DEMO|x64.Build.0 = Debug|x64
		{7283C179-F852-4EAD-8D8F-B82EF2CBD7DB}.DEMO|x86.ActiveCfg = Debug|x86
		{7283C179-F852-4EAD-8D8F-B82EF2CBD7DB}.DEMO|x86.Build.0 = Debug|x86
		{7283C179-F852-4EAD-8D8F-B82EF2CBD7DB}.docs|Any CPU.ActiveCfg = docs|Any CPU
		{7283C179-F852-4EAD-8D8F-B82EF2CBD7DB}.docs|Any CPU.Build.0 = docs|Any CPU
		{7283C179-F852-4EAD-8D8F-B82EF2CBD7DB}.docs|x64.ActiveCfg = docs|x64
		{7283C179-F852-4EAD-8D8F-B82EF2CBD7DB}.docs|x64.Build.0 = docs|x64
		{7283C179-F852-4EAD-8D8F-B82EF2CBD7DB}.docs|x86.ActiveCfg = docs|x86
		{7283C179-F852-4EAD-8D8F-B82EF2CBD7DB}.docs|x86.Build.0 = docs|x86
		{7283C179-F852-4EAD-8D8F-B82EF2CBD7DB}.Publish|Any CPU.ActiveCfg = Publish|Any CPU
		{7283C179-F852-4EAD-8D8F-B82EF2CBD7DB}.Publish|Any CPU.Build.0 = Publish|Any CPU
		{7283C179-F852-4EAD-8D8F-B82EF2CBD7DB}.Publish|x64.ActiveCfg = Publish|x64
		{7283C179-F852-4EAD-8D8F-B82EF2CBD7DB}.Publish|x64.Build.0 = Publish|x64
		{7283C179-F852-4EAD-8D8F-B82EF2CBD7DB}.Publish|x86.ActiveCfg = Publish|x86
		{7283C179-F852-4EAD-8D8F-B82EF2CBD7DB}.Publish|x86.Build.0 = Publish|x86
		{7283C179-F852-4EAD-8D8F-B82EF2CBD7DB}.Release|Any CPU.ActiveCfg = Release|Any CPU
		{7283C179-F852-4EAD-8D8F-B82EF2CBD7DB}.Release|Any CPU.Build.0 = Release|Any CPU
		{7283C179-F852-4EAD-8D8F-B82EF2CBD7DB}.Release|x64.ActiveCfg = Release|x64
		{7283C179-F852-4EAD-8D8F-B82EF2CBD7DB}.Release|x64.Build.0 = Release|x64
		{7283C179-F852-4EAD-8D8F-B82EF2CBD7DB}.Release|x86.ActiveCfg = Release|x86
		{7283C179-F852-4EAD-8D8F-B82EF2CBD7DB}.Release|x86.Build.0 = Release|x86
		{7283C179-F852-4EAD-8D8F-B82EF2CBD7DB}.Release2|Any CPU.ActiveCfg = Release2|Any CPU
		{7283C179-F852-4EAD-8D8F-B82EF2CBD7DB}.Release2|Any CPU.Build.0 = Release2|Any CPU
		{7283C179-F852-4EAD-8D8F-B82EF2CBD7DB}.Release2|x64.ActiveCfg = Release2|x64
		{7283C179-F852-4EAD-8D8F-B82EF2CBD7DB}.Release2|x64.Build.0 = Release2|x64
		{7283C179-F852-4EAD-8D8F-B82EF2CBD7DB}.Release2|x86.ActiveCfg = Release2|x86
		{7283C179-F852-4EAD-8D8F-B82EF2CBD7DB}.Release2|x86.Build.0 = Release2|x86
		{E3367B88-5D0C-495A-8273-331656D4B5AA}.Debug|Any CPU.ActiveCfg = Debug|Any CPU
		{E3367B88-5D0C-495A-8273-331656D4B5AA}.Debug|Any CPU.Build.0 = Debug|Any CPU
		{E3367B88-5D0C-495A-8273-331656D4B5AA}.Debug|x64.ActiveCfg = Debug|x64
		{E3367B88-5D0C-495A-8273-331656D4B5AA}.Debug|x64.Build.0 = Debug|x64
		{E3367B88-5D0C-495A-8273-331656D4B5AA}.Debug|x86.ActiveCfg = Debug|x86
		{E3367B88-5D0C-495A-8273-331656D4B5AA}.Debug|x86.Build.0 = Debug|x86
		{E3367B88-5D0C-495A-8273-331656D4B5AA}.DEMO|Any CPU.ActiveCfg = Debug|Any CPU
		{E3367B88-5D0C-495A-8273-331656D4B5AA}.DEMO|Any CPU.Build.0 = Debug|Any CPU
		{E3367B88-5D0C-495A-8273-331656D4B5AA}.DEMO|x64.ActiveCfg = Debug|x64
		{E3367B88-5D0C-495A-8273-331656D4B5AA}.DEMO|x64.Build.0 = Debug|x64
		{E3367B88-5D0C-495A-8273-331656D4B5AA}.DEMO|x86.ActiveCfg = Debug|x86
		{E3367B88-5D0C-495A-8273-331656D4B5AA}.DEMO|x86.Build.0 = Debug|x86
		{E3367B88-5D0C-495A-8273-331656D4B5AA}.docs|Any CPU.ActiveCfg = docs|Any CPU
		{E3367B88-5D0C-495A-8273-331656D4B5AA}.docs|Any CPU.Build.0 = docs|Any CPU
		{E3367B88-5D0C-495A-8273-331656D4B5AA}.docs|x64.ActiveCfg = docs|x64
		{E3367B88-5D0C-495A-8273-331656D4B5AA}.docs|x64.Build.0 = docs|x64
		{E3367B88-5D0C-495A-8273-331656D4B5AA}.docs|x86.ActiveCfg = docs|x86
		{E3367B88-5D0C-495A-8273-331656D4B5AA}.docs|x86.Build.0 = docs|x86
		{E3367B88-5D0C-495A-8273-331656D4B5AA}.Publish|Any CPU.ActiveCfg = Publish|Any CPU
		{E3367B88-5D0C-495A-8273-331656D4B5AA}.Publish|Any CPU.Build.0 = Publish|Any CPU
		{E3367B88-5D0C-495A-8273-331656D4B5AA}.Publish|x64.ActiveCfg = Publish|x64
		{E3367B88-5D0C-495A-8273-331656D4B5AA}.Publish|x64.Build.0 = Publish|x64
		{E3367B88-5D0C-495A-8273-331656D4B5AA}.Publish|x86.ActiveCfg = Publish|x86
		{E3367B88-5D0C-495A-8273-331656D4B5AA}.Publish|x86.Build.0 = Publish|x86
		{E3367B88-5D0C-495A-8273-331656D4B5AA}.Release|Any CPU.ActiveCfg = Release|Any CPU
		{E3367B88-5D0C-495A-8273-331656D4B5AA}.Release|Any CPU.Build.0 = Release|Any CPU
		{E3367B88-5D0C-495A-8273-331656D4B5AA}.Release|x64.ActiveCfg = Release|x64
		{E3367B88-5D0C-495A-8273-331656D4B5AA}.Release|x64.Build.0 = Release|x64
		{E3367B88-5D0C-495A-8273-331656D4B5AA}.Release|x86.ActiveCfg = Release|x86
		{E3367B88-5D0C-495A-8273-331656D4B5AA}.Release|x86.Build.0 = Release|x86
		{E3367B88-5D0C-495A-8273-331656D4B5AA}.Release2|Any CPU.ActiveCfg = Release2|Any CPU
		{E3367B88-5D0C-495A-8273-331656D4B5AA}.Release2|Any CPU.Build.0 = Release2|Any CPU
		{E3367B88-5D0C-495A-8273-331656D4B5AA}.Release2|x64.ActiveCfg = Release2|x64
		{E3367B88-5D0C-495A-8273-331656D4B5AA}.Release2|x64.Build.0 = Release2|x64
		{E3367B88-5D0C-495A-8273-331656D4B5AA}.Release2|x86.ActiveCfg = Release2|x86
		{E3367B88-5D0C-495A-8273-331656D4B5AA}.Release2|x86.Build.0 = Release2|x86
		{2DD4BE80-DDC3-4767-94A7-10F1C3395716}.Debug|Any CPU.ActiveCfg = Debug|Any CPU
		{2DD4BE80-DDC3-4767-94A7-10F1C3395716}.Debug|Any CPU.Build.0 = Debug|Any CPU
		{2DD4BE80-DDC3-4767-94A7-10F1C3395716}.Debug|x64.ActiveCfg = Debug|x64
		{2DD4BE80-DDC3-4767-94A7-10F1C3395716}.Debug|x64.Build.0 = Debug|x64
		{2DD4BE80-DDC3-4767-94A7-10F1C3395716}.Debug|x86.ActiveCfg = Debug|x86
		{2DD4BE80-DDC3-4767-94A7-10F1C3395716}.Debug|x86.Build.0 = Debug|x86
		{2DD4BE80-DDC3-4767-94A7-10F1C3395716}.DEMO|Any CPU.ActiveCfg = Debug|Any CPU
		{2DD4BE80-DDC3-4767-94A7-10F1C3395716}.DEMO|Any CPU.Build.0 = Debug|Any CPU
		{2DD4BE80-DDC3-4767-94A7-10F1C3395716}.DEMO|x64.ActiveCfg = Debug|x64
		{2DD4BE80-DDC3-4767-94A7-10F1C3395716}.DEMO|x64.Build.0 = Debug|x64
		{2DD4BE80-DDC3-4767-94A7-10F1C3395716}.DEMO|x86.ActiveCfg = Debug|x86
		{2DD4BE80-DDC3-4767-94A7-10F1C3395716}.DEMO|x86.Build.0 = Debug|x86
		{2DD4BE80-DDC3-4767-94A7-10F1C3395716}.docs|Any CPU.ActiveCfg = docs|Any CPU
		{2DD4BE80-DDC3-4767-94A7-10F1C3395716}.docs|Any CPU.Build.0 = docs|Any CPU
		{2DD4BE80-DDC3-4767-94A7-10F1C3395716}.docs|x64.ActiveCfg = docs|x64
		{2DD4BE80-DDC3-4767-94A7-10F1C3395716}.docs|x64.Build.0 = docs|x64
		{2DD4BE80-DDC3-4767-94A7-10F1C3395716}.docs|x86.ActiveCfg = docs|x86
		{2DD4BE80-DDC3-4767-94A7-10F1C3395716}.docs|x86.Build.0 = docs|x86
		{2DD4BE80-DDC3-4767-94A7-10F1C3395716}.Publish|Any CPU.ActiveCfg = Publish|Any CPU
		{2DD4BE80-DDC3-4767-94A7-10F1C3395716}.Publish|Any CPU.Build.0 = Publish|Any CPU
		{2DD4BE80-DDC3-4767-94A7-10F1C3395716}.Publish|x64.ActiveCfg = Publish|x64
		{2DD4BE80-DDC3-4767-94A7-10F1C3395716}.Publish|x64.Build.0 = Publish|x64
		{2DD4BE80-DDC3-4767-94A7-10F1C3395716}.Publish|x86.ActiveCfg = Publish|x86
		{2DD4BE80-DDC3-4767-94A7-10F1C3395716}.Publish|x86.Build.0 = Publish|x86
		{2DD4BE80-DDC3-4767-94A7-10F1C3395716}.Release|Any CPU.ActiveCfg = Release|Any CPU
		{2DD4BE80-DDC3-4767-94A7-10F1C3395716}.Release|Any CPU.Build.0 = Release|Any CPU
		{2DD4BE80-DDC3-4767-94A7-10F1C3395716}.Release|x64.ActiveCfg = Release|x64
		{2DD4BE80-DDC3-4767-94A7-10F1C3395716}.Release|x64.Build.0 = Release|x64
		{2DD4BE80-DDC3-4767-94A7-10F1C3395716}.Release|x86.ActiveCfg = Release|x86
		{2DD4BE80-DDC3-4767-94A7-10F1C3395716}.Release|x86.Build.0 = Release|x86
		{2DD4BE80-DDC3-4767-94A7-10F1C3395716}.Release2|Any CPU.ActiveCfg = Release2|Any CPU
		{2DD4BE80-DDC3-4767-94A7-10F1C3395716}.Release2|Any CPU.Build.0 = Release2|Any CPU
		{2DD4BE80-DDC3-4767-94A7-10F1C3395716}.Release2|x64.ActiveCfg = Release2|x64
		{2DD4BE80-DDC3-4767-94A7-10F1C3395716}.Release2|x64.Build.0 = Release2|x64
		{2DD4BE80-DDC3-4767-94A7-10F1C3395716}.Release2|x86.ActiveCfg = Release2|x86
		{2DD4BE80-DDC3-4767-94A7-10F1C3395716}.Release2|x86.Build.0 = Release2|x86
		{85E71B4B-9276-4EC8-AADC-C849205F1EA8}.Debug|Any CPU.ActiveCfg = Debug|Any CPU
		{85E71B4B-9276-4EC8-AADC-C849205F1EA8}.Debug|Any CPU.Build.0 = Debug|Any CPU
		{85E71B4B-9276-4EC8-AADC-C849205F1EA8}.Debug|x64.ActiveCfg = Debug|x64
		{85E71B4B-9276-4EC8-AADC-C849205F1EA8}.Debug|x64.Build.0 = Debug|x64
		{85E71B4B-9276-4EC8-AADC-C849205F1EA8}.Debug|x86.ActiveCfg = Debug|x86
		{85E71B4B-9276-4EC8-AADC-C849205F1EA8}.Debug|x86.Build.0 = Debug|x86
		{85E71B4B-9276-4EC8-AADC-C849205F1EA8}.DEMO|Any CPU.ActiveCfg = Debug|Any CPU
		{85E71B4B-9276-4EC8-AADC-C849205F1EA8}.DEMO|Any CPU.Build.0 = Debug|Any CPU
		{85E71B4B-9276-4EC8-AADC-C849205F1EA8}.DEMO|x64.ActiveCfg = Debug|x64
		{85E71B4B-9276-4EC8-AADC-C849205F1EA8}.DEMO|x64.Build.0 = Debug|x64
		{85E71B4B-9276-4EC8-AADC-C849205F1EA8}.DEMO|x86.ActiveCfg = Debug|x86
		{85E71B4B-9276-4EC8-AADC-C849205F1EA8}.DEMO|x86.Build.0 = Debug|x86
		{85E71B4B-9276-4EC8-AADC-C849205F1EA8}.docs|Any CPU.ActiveCfg = docs|Any CPU
		{85E71B4B-9276-4EC8-AADC-C849205F1EA8}.docs|Any CPU.Build.0 = docs|Any CPU
		{85E71B4B-9276-4EC8-AADC-C849205F1EA8}.docs|x64.ActiveCfg = docs|x64
		{85E71B4B-9276-4EC8-AADC-C849205F1EA8}.docs|x64.Build.0 = docs|x64
		{85E71B4B-9276-4EC8-AADC-C849205F1EA8}.docs|x86.ActiveCfg = docs|x86
		{85E71B4B-9276-4EC8-AADC-C849205F1EA8}.docs|x86.Build.0 = docs|x86
		{85E71B4B-9276-4EC8-AADC-C849205F1EA8}.Publish|Any CPU.ActiveCfg = Publish|Any CPU
		{85E71B4B-9276-4EC8-AADC-C849205F1EA8}.Publish|Any CPU.Build.0 = Publish|Any CPU
		{85E71B4B-9276-4EC8-AADC-C849205F1EA8}.Publish|x64.ActiveCfg = Publish|x64
		{85E71B4B-9276-4EC8-AADC-C849205F1EA8}.Publish|x64.Build.0 = Publish|x64
		{85E71B4B-9276-4EC8-AADC-C849205F1EA8}.Publish|x86.ActiveCfg = Publish|x86
		{85E71B4B-9276-4EC8-AADC-C849205F1EA8}.Publish|x86.Build.0 = Publish|x86
		{85E71B4B-9276-4EC8-AADC-C849205F1EA8}.Release|Any CPU.ActiveCfg = Release|Any CPU
		{85E71B4B-9276-4EC8-AADC-C849205F1EA8}.Release|Any CPU.Build.0 = Release|Any CPU
		{85E71B4B-9276-4EC8-AADC-C849205F1EA8}.Release|x64.ActiveCfg = Release|x64
		{85E71B4B-9276-4EC8-AADC-C849205F1EA8}.Release|x64.Build.0 = Release|x64
		{85E71B4B-9276-4EC8-AADC-C849205F1EA8}.Release|x86.ActiveCfg = Release|x86
		{85E71B4B-9276-4EC8-AADC-C849205F1EA8}.Release|x86.Build.0 = Release|x86
		{85E71B4B-9276-4EC8-AADC-C849205F1EA8}.Release2|Any CPU.ActiveCfg = Release2|Any CPU
		{85E71B4B-9276-4EC8-AADC-C849205F1EA8}.Release2|Any CPU.Build.0 = Release2|Any CPU
		{85E71B4B-9276-4EC8-AADC-C849205F1EA8}.Release2|x64.ActiveCfg = Release2|x64
		{85E71B4B-9276-4EC8-AADC-C849205F1EA8}.Release2|x64.Build.0 = Release2|x64
		{85E71B4B-9276-4EC8-AADC-C849205F1EA8}.Release2|x86.ActiveCfg = Release2|x86
		{85E71B4B-9276-4EC8-AADC-C849205F1EA8}.Release2|x86.Build.0 = Release2|x86
		{17F8E821-0A01-4975-9CAA-AC95251226D5}.Debug|Any CPU.ActiveCfg = Debug|Any CPU
		{17F8E821-0A01-4975-9CAA-AC95251226D5}.Debug|Any CPU.Build.0 = Debug|Any CPU
		{17F8E821-0A01-4975-9CAA-AC95251226D5}.Debug|x64.ActiveCfg = Debug|x64
		{17F8E821-0A01-4975-9CAA-AC95251226D5}.Debug|x64.Build.0 = Debug|x64
		{17F8E821-0A01-4975-9CAA-AC95251226D5}.Debug|x86.ActiveCfg = Debug|x86
		{17F8E821-0A01-4975-9CAA-AC95251226D5}.Debug|x86.Build.0 = Debug|x86
		{17F8E821-0A01-4975-9CAA-AC95251226D5}.DEMO|Any CPU.ActiveCfg = Debug|Any CPU
		{17F8E821-0A01-4975-9CAA-AC95251226D5}.DEMO|Any CPU.Build.0 = Debug|Any CPU
		{17F8E821-0A01-4975-9CAA-AC95251226D5}.DEMO|x64.ActiveCfg = Debug|x64
		{17F8E821-0A01-4975-9CAA-AC95251226D5}.DEMO|x64.Build.0 = Debug|x64
		{17F8E821-0A01-4975-9CAA-AC95251226D5}.DEMO|x86.ActiveCfg = Debug|x86
		{17F8E821-0A01-4975-9CAA-AC95251226D5}.DEMO|x86.Build.0 = Debug|x86
		{17F8E821-0A01-4975-9CAA-AC95251226D5}.docs|Any CPU.ActiveCfg = docs|Any CPU
		{17F8E821-0A01-4975-9CAA-AC95251226D5}.docs|Any CPU.Build.0 = docs|Any CPU
		{17F8E821-0A01-4975-9CAA-AC95251226D5}.docs|x64.ActiveCfg = docs|x64
		{17F8E821-0A01-4975-9CAA-AC95251226D5}.docs|x64.Build.0 = docs|x64
		{17F8E821-0A01-4975-9CAA-AC95251226D5}.docs|x86.ActiveCfg = docs|x86
		{17F8E821-0A01-4975-9CAA-AC95251226D5}.docs|x86.Build.0 = docs|x86
		{17F8E821-0A01-4975-9CAA-AC95251226D5}.Publish|Any CPU.ActiveCfg = Publish|Any CPU
		{17F8E821-0A01-4975-9CAA-AC95251226D5}.Publish|Any CPU.Build.0 = Publish|Any CPU
		{17F8E821-0A01-4975-9CAA-AC95251226D5}.Publish|x64.ActiveCfg = Publish|x64
		{17F8E821-0A01-4975-9CAA-AC95251226D5}.Publish|x64.Build.0 = Publish|x64
		{17F8E821-0A01-4975-9CAA-AC95251226D5}.Publish|x86.ActiveCfg = Publish|x86
		{17F8E821-0A01-4975-9CAA-AC95251226D5}.Publish|x86.Build.0 = Publish|x86
		{17F8E821-0A01-4975-9CAA-AC95251226D5}.Release|Any CPU.ActiveCfg = Release|Any CPU
		{17F8E821-0A01-4975-9CAA-AC95251226D5}.Release|Any CPU.Build.0 = Release|Any CPU
		{17F8E821-0A01-4975-9CAA-AC95251226D5}.Release|x64.ActiveCfg = Release|x64
		{17F8E821-0A01-4975-9CAA-AC95251226D5}.Release|x64.Build.0 = Release|x64
		{17F8E821-0A01-4975-9CAA-AC95251226D5}.Release|x86.ActiveCfg = Release|x86
		{17F8E821-0A01-4975-9CAA-AC95251226D5}.Release|x86.Build.0 = Release|x86
		{17F8E821-0A01-4975-9CAA-AC95251226D5}.Release2|Any CPU.ActiveCfg = Release2|Any CPU
		{17F8E821-0A01-4975-9CAA-AC95251226D5}.Release2|Any CPU.Build.0 = Release2|Any CPU
		{17F8E821-0A01-4975-9CAA-AC95251226D5}.Release2|x64.ActiveCfg = Release2|x64
		{17F8E821-0A01-4975-9CAA-AC95251226D5}.Release2|x64.Build.0 = Release2|x64
		{17F8E821-0A01-4975-9CAA-AC95251226D5}.Release2|x86.ActiveCfg = Release2|x86
		{17F8E821-0A01-4975-9CAA-AC95251226D5}.Release2|x86.Build.0 = Release2|x86
		{75E2E109-2A1C-4D6A-862E-820A3C5E9100}.Debug|Any CPU.ActiveCfg = Debug|Any CPU
		{75E2E109-2A1C-4D6A-862E-820A3C5E9100}.Debug|Any CPU.Build.0 = Debug|Any CPU
		{75E2E109-2A1C-4D6A-862E-820A3C5E9100}.Debug|x64.ActiveCfg = Debug|x64
		{75E2E109-2A1C-4D6A-862E-820A3C5E9100}.Debug|x64.Build.0 = Debug|x64
		{75E2E109-2A1C-4D6A-862E-820A3C5E9100}.Debug|x86.ActiveCfg = Debug|Any CPU
		{75E2E109-2A1C-4D6A-862E-820A3C5E9100}.Debug|x86.Build.0 = Debug|Any CPU
		{75E2E109-2A1C-4D6A-862E-820A3C5E9100}.DEMO|Any CPU.ActiveCfg = Debug|Any CPU
		{75E2E109-2A1C-4D6A-862E-820A3C5E9100}.DEMO|Any CPU.Build.0 = Debug|Any CPU
		{75E2E109-2A1C-4D6A-862E-820A3C5E9100}.DEMO|x64.ActiveCfg = Debug|x64
		{75E2E109-2A1C-4D6A-862E-820A3C5E9100}.DEMO|x64.Build.0 = Debug|x64
		{75E2E109-2A1C-4D6A-862E-820A3C5E9100}.DEMO|x86.ActiveCfg = Debug|Any CPU
		{75E2E109-2A1C-4D6A-862E-820A3C5E9100}.DEMO|x86.Build.0 = Debug|Any CPU
		{75E2E109-2A1C-4D6A-862E-820A3C5E9100}.docs|Any CPU.ActiveCfg = Debug|Any CPU
		{75E2E109-2A1C-4D6A-862E-820A3C5E9100}.docs|Any CPU.Build.0 = Debug|Any CPU
		{75E2E109-2A1C-4D6A-862E-820A3C5E9100}.docs|x64.ActiveCfg = Debug|x64
		{75E2E109-2A1C-4D6A-862E-820A3C5E9100}.docs|x64.Build.0 = Debug|x64
		{75E2E109-2A1C-4D6A-862E-820A3C5E9100}.docs|x86.ActiveCfg = Debug|Any CPU
		{75E2E109-2A1C-4D6A-862E-820A3C5E9100}.docs|x86.Build.0 = Debug|Any CPU
		{75E2E109-2A1C-4D6A-862E-820A3C5E9100}.Publish|Any CPU.ActiveCfg = Release|Any CPU
		{75E2E109-2A1C-4D6A-862E-820A3C5E9100}.Publish|Any CPU.Build.0 = Release|Any CPU
		{75E2E109-2A1C-4D6A-862E-820A3C5E9100}.Publish|x64.ActiveCfg = Release|x64
		{75E2E109-2A1C-4D6A-862E-820A3C5E9100}.Publish|x64.Build.0 = Release|x64
		{75E2E109-2A1C-4D6A-862E-820A3C5E9100}.Publish|x86.ActiveCfg = Release|Any CPU
		{75E2E109-2A1C-4D6A-862E-820A3C5E9100}.Publish|x86.Build.0 = Release|Any CPU
		{75E2E109-2A1C-4D6A-862E-820A3C5E9100}.Release|Any CPU.ActiveCfg = Release|Any CPU
		{75E2E109-2A1C-4D6A-862E-820A3C5E9100}.Release|Any CPU.Build.0 = Release|Any CPU
		{75E2E109-2A1C-4D6A-862E-820A3C5E9100}.Release|x64.ActiveCfg = Release|x64
		{75E2E109-2A1C-4D6A-862E-820A3C5E9100}.Release|x64.Build.0 = Release|x64
		{75E2E109-2A1C-4D6A-862E-820A3C5E9100}.Release|x86.ActiveCfg = Release|Any CPU
		{75E2E109-2A1C-4D6A-862E-820A3C5E9100}.Release|x86.Build.0 = Release|Any CPU
		{75E2E109-2A1C-4D6A-862E-820A3C5E9100}.Release2|Any CPU.ActiveCfg = Release|Any CPU
		{75E2E109-2A1C-4D6A-862E-820A3C5E9100}.Release2|Any CPU.Build.0 = Release|Any CPU
		{75E2E109-2A1C-4D6A-862E-820A3C5E9100}.Release2|x64.ActiveCfg = Release|x64
		{75E2E109-2A1C-4D6A-862E-820A3C5E9100}.Release2|x64.Build.0 = Release|x64
		{75E2E109-2A1C-4D6A-862E-820A3C5E9100}.Release2|x86.ActiveCfg = Release|Any CPU
		{75E2E109-2A1C-4D6A-862E-820A3C5E9100}.Release2|x86.Build.0 = Release|Any CPU
		{076315EE-B598-40DC-9280-C71CDF9B6A48}.Debug|Any CPU.ActiveCfg = Debug|Any CPU
		{076315EE-B598-40DC-9280-C71CDF9B6A48}.Debug|Any CPU.Build.0 = Debug|Any CPU
		{076315EE-B598-40DC-9280-C71CDF9B6A48}.Debug|x64.ActiveCfg = Debug|x64
		{076315EE-B598-40DC-9280-C71CDF9B6A48}.Debug|x64.Build.0 = Debug|x64
		{076315EE-B598-40DC-9280-C71CDF9B6A48}.Debug|x86.ActiveCfg = Debug|x86
		{076315EE-B598-40DC-9280-C71CDF9B6A48}.Debug|x86.Build.0 = Debug|x86
		{076315EE-B598-40DC-9280-C71CDF9B6A48}.DEMO|Any CPU.ActiveCfg = Debug|Any CPU
		{076315EE-B598-40DC-9280-C71CDF9B6A48}.DEMO|Any CPU.Build.0 = Debug|Any CPU
		{076315EE-B598-40DC-9280-C71CDF9B6A48}.DEMO|x64.ActiveCfg = Debug|x64
		{076315EE-B598-40DC-9280-C71CDF9B6A48}.DEMO|x64.Build.0 = Debug|x64
		{076315EE-B598-40DC-9280-C71CDF9B6A48}.DEMO|x86.ActiveCfg = Debug|x86
		{076315EE-B598-40DC-9280-C71CDF9B6A48}.DEMO|x86.Build.0 = Debug|x86
		{076315EE-B598-40DC-9280-C71CDF9B6A48}.docs|Any CPU.ActiveCfg = docs|Any CPU
		{076315EE-B598-40DC-9280-C71CDF9B6A48}.docs|Any CPU.Build.0 = docs|Any CPU
		{076315EE-B598-40DC-9280-C71CDF9B6A48}.docs|x64.ActiveCfg = docs|x64
		{076315EE-B598-40DC-9280-C71CDF9B6A48}.docs|x64.Build.0 = docs|x64
		{076315EE-B598-40DC-9280-C71CDF9B6A48}.docs|x86.ActiveCfg = docs|x86
		{076315EE-B598-40DC-9280-C71CDF9B6A48}.docs|x86.Build.0 = docs|x86
		{076315EE-B598-40DC-9280-C71CDF9B6A48}.Publish|Any CPU.ActiveCfg = Publish|Any CPU
		{076315EE-B598-40DC-9280-C71CDF9B6A48}.Publish|Any CPU.Build.0 = Publish|Any CPU
		{076315EE-B598-40DC-9280-C71CDF9B6A48}.Publish|x64.ActiveCfg = Publish|x64
		{076315EE-B598-40DC-9280-C71CDF9B6A48}.Publish|x64.Build.0 = Publish|x64
		{076315EE-B598-40DC-9280-C71CDF9B6A48}.Publish|x86.ActiveCfg = Publish|x86
		{076315EE-B598-40DC-9280-C71CDF9B6A48}.Publish|x86.Build.0 = Publish|x86
		{076315EE-B598-40DC-9280-C71CDF9B6A48}.Release|Any CPU.ActiveCfg = Release|Any CPU
		{076315EE-B598-40DC-9280-C71CDF9B6A48}.Release|Any CPU.Build.0 = Release|Any CPU
		{076315EE-B598-40DC-9280-C71CDF9B6A48}.Release|x64.ActiveCfg = Release|x64
		{076315EE-B598-40DC-9280-C71CDF9B6A48}.Release|x64.Build.0 = Release|x64
		{076315EE-B598-40DC-9280-C71CDF9B6A48}.Release|x86.ActiveCfg = Release|x86
		{076315EE-B598-40DC-9280-C71CDF9B6A48}.Release|x86.Build.0 = Release|x86
		{076315EE-B598-40DC-9280-C71CDF9B6A48}.Release2|Any CPU.ActiveCfg = Release2|Any CPU
		{076315EE-B598-40DC-9280-C71CDF9B6A48}.Release2|Any CPU.Build.0 = Release2|Any CPU
		{076315EE-B598-40DC-9280-C71CDF9B6A48}.Release2|x64.ActiveCfg = Release2|x64
		{076315EE-B598-40DC-9280-C71CDF9B6A48}.Release2|x64.Build.0 = Release2|x64
		{076315EE-B598-40DC-9280-C71CDF9B6A48}.Release2|x86.ActiveCfg = Release2|x86
		{076315EE-B598-40DC-9280-C71CDF9B6A48}.Release2|x86.Build.0 = Release2|x86
		{EF70BED6-8795-4523-A260-C1ABED9405AA}.Debug|Any CPU.ActiveCfg = Debug|Any CPU
		{EF70BED6-8795-4523-A260-C1ABED9405AA}.Debug|Any CPU.Build.0 = Debug|Any CPU
		{EF70BED6-8795-4523-A260-C1ABED9405AA}.Debug|x64.ActiveCfg = Debug|x64
		{EF70BED6-8795-4523-A260-C1ABED9405AA}.Debug|x64.Build.0 = Debug|x64
		{EF70BED6-8795-4523-A260-C1ABED9405AA}.Debug|x86.ActiveCfg = Debug|x86
		{EF70BED6-8795-4523-A260-C1ABED9405AA}.Debug|x86.Build.0 = Debug|x86
		{EF70BED6-8795-4523-A260-C1ABED9405AA}.DEMO|Any CPU.ActiveCfg = Debug|Any CPU
		{EF70BED6-8795-4523-A260-C1ABED9405AA}.DEMO|Any CPU.Build.0 = Debug|Any CPU
		{EF70BED6-8795-4523-A260-C1ABED9405AA}.DEMO|x64.ActiveCfg = Debug|x64
		{EF70BED6-8795-4523-A260-C1ABED9405AA}.DEMO|x64.Build.0 = Debug|x64
		{EF70BED6-8795-4523-A260-C1ABED9405AA}.DEMO|x86.ActiveCfg = Debug|x86
		{EF70BED6-8795-4523-A260-C1ABED9405AA}.DEMO|x86.Build.0 = Debug|x86
		{EF70BED6-8795-4523-A260-C1ABED9405AA}.docs|Any CPU.ActiveCfg = docs|Any CPU
		{EF70BED6-8795-4523-A260-C1ABED9405AA}.docs|Any CPU.Build.0 = docs|Any CPU
		{EF70BED6-8795-4523-A260-C1ABED9405AA}.docs|x64.ActiveCfg = docs|x64
		{EF70BED6-8795-4523-A260-C1ABED9405AA}.docs|x64.Build.0 = docs|x64
		{EF70BED6-8795-4523-A260-C1ABED9405AA}.docs|x86.ActiveCfg = docs|x86
		{EF70BED6-8795-4523-A260-C1ABED9405AA}.docs|x86.Build.0 = docs|x86
		{EF70BED6-8795-4523-A260-C1ABED9405AA}.Publish|Any CPU.ActiveCfg = Publish|Any CPU
		{EF70BED6-8795-4523-A260-C1ABED9405AA}.Publish|Any CPU.Build.0 = Publish|Any CPU
		{EF70BED6-8795-4523-A260-C1ABED9405AA}.Publish|x64.ActiveCfg = Publish|x64
		{EF70BED6-8795-4523-A260-C1ABED9405AA}.Publish|x64.Build.0 = Publish|x64
		{EF70BED6-8795-4523-A260-C1ABED9405AA}.Publish|x86.ActiveCfg = Publish|x86
		{EF70BED6-8795-4523-A260-C1ABED9405AA}.Publish|x86.Build.0 = Publish|x86
		{EF70BED6-8795-4523-A260-C1ABED9405AA}.Release|Any CPU.ActiveCfg = Release|Any CPU
		{EF70BED6-8795-4523-A260-C1ABED9405AA}.Release|Any CPU.Build.0 = Release|Any CPU
		{EF70BED6-8795-4523-A260-C1ABED9405AA}.Release|x64.ActiveCfg = Release|x64
		{EF70BED6-8795-4523-A260-C1ABED9405AA}.Release|x64.Build.0 = Release|x64
		{EF70BED6-8795-4523-A260-C1ABED9405AA}.Release|x86.ActiveCfg = Release|x86
		{EF70BED6-8795-4523-A260-C1ABED9405AA}.Release|x86.Build.0 = Release|x86
		{EF70BED6-8795-4523-A260-C1ABED9405AA}.Release2|Any CPU.ActiveCfg = Release2|Any CPU
		{EF70BED6-8795-4523-A260-C1ABED9405AA}.Release2|Any CPU.Build.0 = Release2|Any CPU
		{EF70BED6-8795-4523-A260-C1ABED9405AA}.Release2|x64.ActiveCfg = Release2|x64
		{EF70BED6-8795-4523-A260-C1ABED9405AA}.Release2|x64.Build.0 = Release2|x64
		{EF70BED6-8795-4523-A260-C1ABED9405AA}.Release2|x86.ActiveCfg = Release2|x86
		{EF70BED6-8795-4523-A260-C1ABED9405AA}.Release2|x86.Build.0 = Release2|x86
		{B756F957-945D-41A1-89D5-3690B0927D0B}.Debug|Any CPU.ActiveCfg = Debug|Any CPU
		{B756F957-945D-41A1-89D5-3690B0927D0B}.Debug|Any CPU.Build.0 = Debug|Any CPU
		{B756F957-945D-41A1-89D5-3690B0927D0B}.Debug|x64.ActiveCfg = Debug|x64
		{B756F957-945D-41A1-89D5-3690B0927D0B}.Debug|x64.Build.0 = Debug|x64
		{B756F957-945D-41A1-89D5-3690B0927D0B}.Debug|x86.ActiveCfg = Debug|Any CPU
		{B756F957-945D-41A1-89D5-3690B0927D0B}.Debug|x86.Build.0 = Debug|Any CPU
		{B756F957-945D-41A1-89D5-3690B0927D0B}.DEMO|Any CPU.ActiveCfg = Debug|Any CPU
		{B756F957-945D-41A1-89D5-3690B0927D0B}.DEMO|Any CPU.Build.0 = Debug|Any CPU
		{B756F957-945D-41A1-89D5-3690B0927D0B}.DEMO|x64.ActiveCfg = Debug|Any CPU
		{B756F957-945D-41A1-89D5-3690B0927D0B}.DEMO|x64.Build.0 = Debug|Any CPU
		{B756F957-945D-41A1-89D5-3690B0927D0B}.DEMO|x86.ActiveCfg = Debug|Any CPU
		{B756F957-945D-41A1-89D5-3690B0927D0B}.DEMO|x86.Build.0 = Debug|Any CPU
		{B756F957-945D-41A1-89D5-3690B0927D0B}.docs|Any CPU.ActiveCfg = Debug|Any CPU
		{B756F957-945D-41A1-89D5-3690B0927D0B}.docs|Any CPU.Build.0 = Debug|Any CPU
		{B756F957-945D-41A1-89D5-3690B0927D0B}.docs|x64.ActiveCfg = Debug|Any CPU
		{B756F957-945D-41A1-89D5-3690B0927D0B}.docs|x64.Build.0 = Debug|Any CPU
		{B756F957-945D-41A1-89D5-3690B0927D0B}.docs|x86.ActiveCfg = Debug|Any CPU
		{B756F957-945D-41A1-89D5-3690B0927D0B}.docs|x86.Build.0 = Debug|Any CPU
		{B756F957-945D-41A1-89D5-3690B0927D0B}.Publish|Any CPU.ActiveCfg = Release|Any CPU
		{B756F957-945D-41A1-89D5-3690B0927D0B}.Publish|Any CPU.Build.0 = Release|Any CPU
		{B756F957-945D-41A1-89D5-3690B0927D0B}.Publish|x64.ActiveCfg = Release|Any CPU
		{B756F957-945D-41A1-89D5-3690B0927D0B}.Publish|x64.Build.0 = Release|Any CPU
		{B756F957-945D-41A1-89D5-3690B0927D0B}.Publish|x86.ActiveCfg = Release|Any CPU
		{B756F957-945D-41A1-89D5-3690B0927D0B}.Publish|x86.Build.0 = Release|Any CPU
		{B756F957-945D-41A1-89D5-3690B0927D0B}.Release|Any CPU.ActiveCfg = Release|Any CPU
		{B756F957-945D-41A1-89D5-3690B0927D0B}.Release|Any CPU.Build.0 = Release|Any CPU
		{B756F957-945D-41A1-89D5-3690B0927D0B}.Release|x64.ActiveCfg = Release|x64
		{B756F957-945D-41A1-89D5-3690B0927D0B}.Release|x64.Build.0 = Release|x64
		{B756F957-945D-41A1-89D5-3690B0927D0B}.Release|x86.ActiveCfg = Release|Any CPU
		{B756F957-945D-41A1-89D5-3690B0927D0B}.Release|x86.Build.0 = Release|Any CPU
		{B756F957-945D-41A1-89D5-3690B0927D0B}.Release2|Any CPU.ActiveCfg = Release|Any CPU
		{B756F957-945D-41A1-89D5-3690B0927D0B}.Release2|Any CPU.Build.0 = Release|Any CPU
		{B756F957-945D-41A1-89D5-3690B0927D0B}.Release2|x64.ActiveCfg = Release|Any CPU
		{B756F957-945D-41A1-89D5-3690B0927D0B}.Release2|x64.Build.0 = Release|Any CPU
		{B756F957-945D-41A1-89D5-3690B0927D0B}.Release2|x86.ActiveCfg = Release|Any CPU
		{B756F957-945D-41A1-89D5-3690B0927D0B}.Release2|x86.Build.0 = Release|Any CPU
		{6DD14A85-CCFC-4774-BD26-0F5772512319}.Debug|Any CPU.ActiveCfg = Debug|Any CPU
		{6DD14A85-CCFC-4774-BD26-0F5772512319}.Debug|Any CPU.Build.0 = Debug|Any CPU
		{6DD14A85-CCFC-4774-BD26-0F5772512319}.Debug|x64.ActiveCfg = Debug|x64
		{6DD14A85-CCFC-4774-BD26-0F5772512319}.Debug|x64.Build.0 = Debug|x64
		{6DD14A85-CCFC-4774-BD26-0F5772512319}.Debug|x86.ActiveCfg = Debug|Any CPU
		{6DD14A85-CCFC-4774-BD26-0F5772512319}.Debug|x86.Build.0 = Debug|Any CPU
		{6DD14A85-CCFC-4774-BD26-0F5772512319}.DEMO|Any CPU.ActiveCfg = Debug|Any CPU
		{6DD14A85-CCFC-4774-BD26-0F5772512319}.DEMO|Any CPU.Build.0 = Debug|Any CPU
		{6DD14A85-CCFC-4774-BD26-0F5772512319}.DEMO|x64.ActiveCfg = Debug|Any CPU
		{6DD14A85-CCFC-4774-BD26-0F5772512319}.DEMO|x64.Build.0 = Debug|Any CPU
		{6DD14A85-CCFC-4774-BD26-0F5772512319}.DEMO|x86.ActiveCfg = Debug|Any CPU
		{6DD14A85-CCFC-4774-BD26-0F5772512319}.DEMO|x86.Build.0 = Debug|Any CPU
		{6DD14A85-CCFC-4774-BD26-0F5772512319}.docs|Any CPU.ActiveCfg = Debug|Any CPU
		{6DD14A85-CCFC-4774-BD26-0F5772512319}.docs|Any CPU.Build.0 = Debug|Any CPU
		{6DD14A85-CCFC-4774-BD26-0F5772512319}.docs|x64.ActiveCfg = Debug|Any CPU
		{6DD14A85-CCFC-4774-BD26-0F5772512319}.docs|x64.Build.0 = Debug|Any CPU
		{6DD14A85-CCFC-4774-BD26-0F5772512319}.docs|x86.ActiveCfg = Debug|Any CPU
		{6DD14A85-CCFC-4774-BD26-0F5772512319}.docs|x86.Build.0 = Debug|Any CPU
		{6DD14A85-CCFC-4774-BD26-0F5772512319}.Publish|Any CPU.ActiveCfg = Release|Any CPU
		{6DD14A85-CCFC-4774-BD26-0F5772512319}.Publish|Any CPU.Build.0 = Release|Any CPU
		{6DD14A85-CCFC-4774-BD26-0F5772512319}.Publish|x64.ActiveCfg = Release|Any CPU
		{6DD14A85-CCFC-4774-BD26-0F5772512319}.Publish|x64.Build.0 = Release|Any CPU
		{6DD14A85-CCFC-4774-BD26-0F5772512319}.Publish|x86.ActiveCfg = Release|Any CPU
		{6DD14A85-CCFC-4774-BD26-0F5772512319}.Publish|x86.Build.0 = Release|Any CPU
		{6DD14A85-CCFC-4774-BD26-0F5772512319}.Release|Any CPU.ActiveCfg = Release|Any CPU
		{6DD14A85-CCFC-4774-BD26-0F5772512319}.Release|Any CPU.Build.0 = Release|Any CPU
		{6DD14A85-CCFC-4774-BD26-0F5772512319}.Release|x64.ActiveCfg = Release|x64
		{6DD14A85-CCFC-4774-BD26-0F5772512319}.Release|x64.Build.0 = Release|x64
		{6DD14A85-CCFC-4774-BD26-0F5772512319}.Release|x86.ActiveCfg = Release|Any CPU
		{6DD14A85-CCFC-4774-BD26-0F5772512319}.Release|x86.Build.0 = Release|Any CPU
		{6DD14A85-CCFC-4774-BD26-0F5772512319}.Release2|Any CPU.ActiveCfg = Release|Any CPU
		{6DD14A85-CCFC-4774-BD26-0F5772512319}.Release2|Any CPU.Build.0 = Release|Any CPU
		{6DD14A85-CCFC-4774-BD26-0F5772512319}.Release2|x64.ActiveCfg = Release|Any CPU
		{6DD14A85-CCFC-4774-BD26-0F5772512319}.Release2|x64.Build.0 = Release|Any CPU
		{6DD14A85-CCFC-4774-BD26-0F5772512319}.Release2|x86.ActiveCfg = Release|Any CPU
		{6DD14A85-CCFC-4774-BD26-0F5772512319}.Release2|x86.Build.0 = Release|Any CPU
		{7644B38C-C581-49A2-AF0E-2AB5BD5B7F9E}.Debug|Any CPU.ActiveCfg = Debug|Any CPU
		{7644B38C-C581-49A2-AF0E-2AB5BD5B7F9E}.Debug|Any CPU.Build.0 = Debug|Any CPU
		{7644B38C-C581-49A2-AF0E-2AB5BD5B7F9E}.Debug|x64.ActiveCfg = Debug|x64
		{7644B38C-C581-49A2-AF0E-2AB5BD5B7F9E}.Debug|x64.Build.0 = Debug|x64
		{7644B38C-C581-49A2-AF0E-2AB5BD5B7F9E}.Debug|x86.ActiveCfg = Debug|Any CPU
		{7644B38C-C581-49A2-AF0E-2AB5BD5B7F9E}.Debug|x86.Build.0 = Debug|Any CPU
		{7644B38C-C581-49A2-AF0E-2AB5BD5B7F9E}.DEMO|Any CPU.ActiveCfg = Debug|Any CPU
		{7644B38C-C581-49A2-AF0E-2AB5BD5B7F9E}.DEMO|Any CPU.Build.0 = Debug|Any CPU
		{7644B38C-C581-49A2-AF0E-2AB5BD5B7F9E}.DEMO|x64.ActiveCfg = Debug|Any CPU
		{7644B38C-C581-49A2-AF0E-2AB5BD5B7F9E}.DEMO|x64.Build.0 = Debug|Any CPU
		{7644B38C-C581-49A2-AF0E-2AB5BD5B7F9E}.DEMO|x86.ActiveCfg = Debug|Any CPU
		{7644B38C-C581-49A2-AF0E-2AB5BD5B7F9E}.DEMO|x86.Build.0 = Debug|Any CPU
		{7644B38C-C581-49A2-AF0E-2AB5BD5B7F9E}.docs|Any CPU.ActiveCfg = Debug|Any CPU
		{7644B38C-C581-49A2-AF0E-2AB5BD5B7F9E}.docs|Any CPU.Build.0 = Debug|Any CPU
		{7644B38C-C581-49A2-AF0E-2AB5BD5B7F9E}.docs|x64.ActiveCfg = Debug|Any CPU
		{7644B38C-C581-49A2-AF0E-2AB5BD5B7F9E}.docs|x64.Build.0 = Debug|Any CPU
		{7644B38C-C581-49A2-AF0E-2AB5BD5B7F9E}.docs|x86.ActiveCfg = Debug|Any CPU
		{7644B38C-C581-49A2-AF0E-2AB5BD5B7F9E}.docs|x86.Build.0 = Debug|Any CPU
		{7644B38C-C581-49A2-AF0E-2AB5BD5B7F9E}.Publish|Any CPU.ActiveCfg = Release|Any CPU
		{7644B38C-C581-49A2-AF0E-2AB5BD5B7F9E}.Publish|Any CPU.Build.0 = Release|Any CPU
		{7644B38C-C581-49A2-AF0E-2AB5BD5B7F9E}.Publish|x64.ActiveCfg = Release|Any CPU
		{7644B38C-C581-49A2-AF0E-2AB5BD5B7F9E}.Publish|x64.Build.0 = Release|Any CPU
		{7644B38C-C581-49A2-AF0E-2AB5BD5B7F9E}.Publish|x86.ActiveCfg = Release|Any CPU
		{7644B38C-C581-49A2-AF0E-2AB5BD5B7F9E}.Publish|x86.Build.0 = Release|Any CPU
		{7644B38C-C581-49A2-AF0E-2AB5BD5B7F9E}.Release|Any CPU.ActiveCfg = Release|Any CPU
		{7644B38C-C581-49A2-AF0E-2AB5BD5B7F9E}.Release|Any CPU.Build.0 = Release|Any CPU
		{7644B38C-C581-49A2-AF0E-2AB5BD5B7F9E}.Release|x64.ActiveCfg = Release|x64
		{7644B38C-C581-49A2-AF0E-2AB5BD5B7F9E}.Release|x64.Build.0 = Release|x64
		{7644B38C-C581-49A2-AF0E-2AB5BD5B7F9E}.Release|x86.ActiveCfg = Release|Any CPU
		{7644B38C-C581-49A2-AF0E-2AB5BD5B7F9E}.Release|x86.Build.0 = Release|Any CPU
		{7644B38C-C581-49A2-AF0E-2AB5BD5B7F9E}.Release2|Any CPU.ActiveCfg = Release|Any CPU
		{7644B38C-C581-49A2-AF0E-2AB5BD5B7F9E}.Release2|Any CPU.Build.0 = Release|Any CPU
		{7644B38C-C581-49A2-AF0E-2AB5BD5B7F9E}.Release2|x64.ActiveCfg = Release|Any CPU
		{7644B38C-C581-49A2-AF0E-2AB5BD5B7F9E}.Release2|x64.Build.0 = Release|Any CPU
		{7644B38C-C581-49A2-AF0E-2AB5BD5B7F9E}.Release2|x86.ActiveCfg = Release|Any CPU
		{7644B38C-C581-49A2-AF0E-2AB5BD5B7F9E}.Release2|x86.Build.0 = Release|Any CPU
		{14E0B048-3A0D-4FD6-AA79-9B815D6F1B30}.Debug|Any CPU.ActiveCfg = Debug|Any CPU
		{14E0B048-3A0D-4FD6-AA79-9B815D6F1B30}.Debug|Any CPU.Build.0 = Debug|Any CPU
		{14E0B048-3A0D-4FD6-AA79-9B815D6F1B30}.Debug|x64.ActiveCfg = Debug|x64
		{14E0B048-3A0D-4FD6-AA79-9B815D6F1B30}.Debug|x64.Build.0 = Debug|x64
		{14E0B048-3A0D-4FD6-AA79-9B815D6F1B30}.Debug|x86.ActiveCfg = Debug|x86
		{14E0B048-3A0D-4FD6-AA79-9B815D6F1B30}.Debug|x86.Build.0 = Debug|x86
		{14E0B048-3A0D-4FD6-AA79-9B815D6F1B30}.DEMO|Any CPU.ActiveCfg = Debug|Any CPU
		{14E0B048-3A0D-4FD6-AA79-9B815D6F1B30}.DEMO|Any CPU.Build.0 = Debug|Any CPU
		{14E0B048-3A0D-4FD6-AA79-9B815D6F1B30}.DEMO|x64.ActiveCfg = Debug|x64
		{14E0B048-3A0D-4FD6-AA79-9B815D6F1B30}.DEMO|x64.Build.0 = Debug|x64
		{14E0B048-3A0D-4FD6-AA79-9B815D6F1B30}.DEMO|x86.ActiveCfg = Debug|x86
		{14E0B048-3A0D-4FD6-AA79-9B815D6F1B30}.DEMO|x86.Build.0 = Debug|x86
		{14E0B048-3A0D-4FD6-AA79-9B815D6F1B30}.docs|Any CPU.ActiveCfg = docs|Any CPU
		{14E0B048-3A0D-4FD6-AA79-9B815D6F1B30}.docs|Any CPU.Build.0 = docs|Any CPU
		{14E0B048-3A0D-4FD6-AA79-9B815D6F1B30}.docs|x64.ActiveCfg = docs|x64
		{14E0B048-3A0D-4FD6-AA79-9B815D6F1B30}.docs|x64.Build.0 = docs|x64
		{14E0B048-3A0D-4FD6-AA79-9B815D6F1B30}.docs|x86.ActiveCfg = docs|x86
		{14E0B048-3A0D-4FD6-AA79-9B815D6F1B30}.docs|x86.Build.0 = docs|x86
		{14E0B048-3A0D-4FD6-AA79-9B815D6F1B30}.Publish|Any CPU.ActiveCfg = Publish|Any CPU
		{14E0B048-3A0D-4FD6-AA79-9B815D6F1B30}.Publish|Any CPU.Build.0 = Publish|Any CPU
		{14E0B048-3A0D-4FD6-AA79-9B815D6F1B30}.Publish|x64.ActiveCfg = Publish|x64
		{14E0B048-3A0D-4FD6-AA79-9B815D6F1B30}.Publish|x64.Build.0 = Publish|x64
		{14E0B048-3A0D-4FD6-AA79-9B815D6F1B30}.Publish|x86.ActiveCfg = Publish|x86
		{14E0B048-3A0D-4FD6-AA79-9B815D6F1B30}.Publish|x86.Build.0 = Publish|x86
		{14E0B048-3A0D-4FD6-AA79-9B815D6F1B30}.Release|Any CPU.ActiveCfg = Release|Any CPU
		{14E0B048-3A0D-4FD6-AA79-9B815D6F1B30}.Release|Any CPU.Build.0 = Release|Any CPU
		{14E0B048-3A0D-4FD6-AA79-9B815D6F1B30}.Release|x64.ActiveCfg = Release|x64
		{14E0B048-3A0D-4FD6-AA79-9B815D6F1B30}.Release|x64.Build.0 = Release|x64
		{14E0B048-3A0D-4FD6-AA79-9B815D6F1B30}.Release|x86.ActiveCfg = Release|x86
		{14E0B048-3A0D-4FD6-AA79-9B815D6F1B30}.Release|x86.Build.0 = Release|x86
		{14E0B048-3A0D-4FD6-AA79-9B815D6F1B30}.Release2|Any CPU.ActiveCfg = Release2|Any CPU
		{14E0B048-3A0D-4FD6-AA79-9B815D6F1B30}.Release2|Any CPU.Build.0 = Release2|Any CPU
		{14E0B048-3A0D-4FD6-AA79-9B815D6F1B30}.Release2|x64.ActiveCfg = Release2|x64
		{14E0B048-3A0D-4FD6-AA79-9B815D6F1B30}.Release2|x64.Build.0 = Release2|x64
		{14E0B048-3A0D-4FD6-AA79-9B815D6F1B30}.Release2|x86.ActiveCfg = Release2|x86
		{14E0B048-3A0D-4FD6-AA79-9B815D6F1B30}.Release2|x86.Build.0 = Release2|x86
		{B2BFEB36-32E0-495B-9839-F18218494CB2}.Debug|Any CPU.ActiveCfg = Debug|Any CPU
		{B2BFEB36-32E0-495B-9839-F18218494CB2}.Debug|Any CPU.Build.0 = Debug|Any CPU
		{B2BFEB36-32E0-495B-9839-F18218494CB2}.Debug|x64.ActiveCfg = Debug|x64
		{B2BFEB36-32E0-495B-9839-F18218494CB2}.Debug|x64.Build.0 = Debug|x64
		{B2BFEB36-32E0-495B-9839-F18218494CB2}.Debug|x86.ActiveCfg = Debug|Any CPU
		{B2BFEB36-32E0-495B-9839-F18218494CB2}.Debug|x86.Build.0 = Debug|Any CPU
		{B2BFEB36-32E0-495B-9839-F18218494CB2}.DEMO|Any CPU.ActiveCfg = Debug|Any CPU
		{B2BFEB36-32E0-495B-9839-F18218494CB2}.DEMO|Any CPU.Build.0 = Debug|Any CPU
		{B2BFEB36-32E0-495B-9839-F18218494CB2}.DEMO|x64.ActiveCfg = Debug|Any CPU
		{B2BFEB36-32E0-495B-9839-F18218494CB2}.DEMO|x64.Build.0 = Debug|Any CPU
		{B2BFEB36-32E0-495B-9839-F18218494CB2}.DEMO|x86.ActiveCfg = Debug|Any CPU
		{B2BFEB36-32E0-495B-9839-F18218494CB2}.DEMO|x86.Build.0 = Debug|Any CPU
		{B2BFEB36-32E0-495B-9839-F18218494CB2}.docs|Any CPU.ActiveCfg = Debug|Any CPU
		{B2BFEB36-32E0-495B-9839-F18218494CB2}.docs|Any CPU.Build.0 = Debug|Any CPU
		{B2BFEB36-32E0-495B-9839-F18218494CB2}.docs|x64.ActiveCfg = Debug|Any CPU
		{B2BFEB36-32E0-495B-9839-F18218494CB2}.docs|x64.Build.0 = Debug|Any CPU
		{B2BFEB36-32E0-495B-9839-F18218494CB2}.docs|x86.ActiveCfg = Debug|Any CPU
		{B2BFEB36-32E0-495B-9839-F18218494CB2}.docs|x86.Build.0 = Debug|Any CPU
		{B2BFEB36-32E0-495B-9839-F18218494CB2}.Publish|Any CPU.ActiveCfg = Release|Any CPU
		{B2BFEB36-32E0-495B-9839-F18218494CB2}.Publish|Any CPU.Build.0 = Release|Any CPU
		{B2BFEB36-32E0-495B-9839-F18218494CB2}.Publish|x64.ActiveCfg = Release|Any CPU
		{B2BFEB36-32E0-495B-9839-F18218494CB2}.Publish|x64.Build.0 = Release|Any CPU
		{B2BFEB36-32E0-495B-9839-F18218494CB2}.Publish|x86.ActiveCfg = Release|Any CPU
		{B2BFEB36-32E0-495B-9839-F18218494CB2}.Publish|x86.Build.0 = Release|Any CPU
		{B2BFEB36-32E0-495B-9839-F18218494CB2}.Release|Any CPU.ActiveCfg = Release|Any CPU
		{B2BFEB36-32E0-495B-9839-F18218494CB2}.Release|Any CPU.Build.0 = Release|Any CPU
		{B2BFEB36-32E0-495B-9839-F18218494CB2}.Release|x64.ActiveCfg = Release|x64
		{B2BFEB36-32E0-495B-9839-F18218494CB2}.Release|x64.Build.0 = Release|x64
		{B2BFEB36-32E0-495B-9839-F18218494CB2}.Release|x86.ActiveCfg = Release|Any CPU
		{B2BFEB36-32E0-495B-9839-F18218494CB2}.Release|x86.Build.0 = Release|Any CPU
		{B2BFEB36-32E0-495B-9839-F18218494CB2}.Release2|Any CPU.ActiveCfg = Release|Any CPU
		{B2BFEB36-32E0-495B-9839-F18218494CB2}.Release2|Any CPU.Build.0 = Release|Any CPU
		{B2BFEB36-32E0-495B-9839-F18218494CB2}.Release2|x64.ActiveCfg = Release|Any CPU
		{B2BFEB36-32E0-495B-9839-F18218494CB2}.Release2|x64.Build.0 = Release|Any CPU
		{B2BFEB36-32E0-495B-9839-F18218494CB2}.Release2|x86.ActiveCfg = Release|Any CPU
		{B2BFEB36-32E0-495B-9839-F18218494CB2}.Release2|x86.Build.0 = Release|Any CPU
		{4B877AB2-E15F-4AA9-B7D6-7C11B2213F10}.Debug|Any CPU.ActiveCfg = Debug|Any CPU
		{4B877AB2-E15F-4AA9-B7D6-7C11B2213F10}.Debug|Any CPU.Build.0 = Debug|Any CPU
		{4B877AB2-E15F-4AA9-B7D6-7C11B2213F10}.Debug|x64.ActiveCfg = Debug|x64
		{4B877AB2-E15F-4AA9-B7D6-7C11B2213F10}.Debug|x64.Build.0 = Debug|x64
		{4B877AB2-E15F-4AA9-B7D6-7C11B2213F10}.Debug|x86.ActiveCfg = Debug|x86
		{4B877AB2-E15F-4AA9-B7D6-7C11B2213F10}.Debug|x86.Build.0 = Debug|x86
		{4B877AB2-E15F-4AA9-B7D6-7C11B2213F10}.DEMO|Any CPU.ActiveCfg = Debug|Any CPU
		{4B877AB2-E15F-4AA9-B7D6-7C11B2213F10}.DEMO|Any CPU.Build.0 = Debug|Any CPU
		{4B877AB2-E15F-4AA9-B7D6-7C11B2213F10}.DEMO|x64.ActiveCfg = Debug|x64
		{4B877AB2-E15F-4AA9-B7D6-7C11B2213F10}.DEMO|x64.Build.0 = Debug|x64
		{4B877AB2-E15F-4AA9-B7D6-7C11B2213F10}.DEMO|x86.ActiveCfg = Debug|x86
		{4B877AB2-E15F-4AA9-B7D6-7C11B2213F10}.DEMO|x86.Build.0 = Debug|x86
		{4B877AB2-E15F-4AA9-B7D6-7C11B2213F10}.docs|Any CPU.ActiveCfg = docs|Any CPU
		{4B877AB2-E15F-4AA9-B7D6-7C11B2213F10}.docs|Any CPU.Build.0 = docs|Any CPU
		{4B877AB2-E15F-4AA9-B7D6-7C11B2213F10}.docs|x64.ActiveCfg = docs|x64
		{4B877AB2-E15F-4AA9-B7D6-7C11B2213F10}.docs|x64.Build.0 = docs|x64
		{4B877AB2-E15F-4AA9-B7D6-7C11B2213F10}.docs|x86.ActiveCfg = docs|x86
		{4B877AB2-E15F-4AA9-B7D6-7C11B2213F10}.docs|x86.Build.0 = docs|x86
		{4B877AB2-E15F-4AA9-B7D6-7C11B2213F10}.Publish|Any CPU.ActiveCfg = Publish|Any CPU
		{4B877AB2-E15F-4AA9-B7D6-7C11B2213F10}.Publish|Any CPU.Build.0 = Publish|Any CPU
		{4B877AB2-E15F-4AA9-B7D6-7C11B2213F10}.Publish|x64.ActiveCfg = Publish|x64
		{4B877AB2-E15F-4AA9-B7D6-7C11B2213F10}.Publish|x64.Build.0 = Publish|x64
		{4B877AB2-E15F-4AA9-B7D6-7C11B2213F10}.Publish|x86.ActiveCfg = Publish|x86
		{4B877AB2-E15F-4AA9-B7D6-7C11B2213F10}.Publish|x86.Build.0 = Publish|x86
		{4B877AB2-E15F-4AA9-B7D6-7C11B2213F10}.Release|Any CPU.ActiveCfg = Release|Any CPU
		{4B877AB2-E15F-4AA9-B7D6-7C11B2213F10}.Release|Any CPU.Build.0 = Release|Any CPU
		{4B877AB2-E15F-4AA9-B7D6-7C11B2213F10}.Release|x64.ActiveCfg = Release|x64
		{4B877AB2-E15F-4AA9-B7D6-7C11B2213F10}.Release|x64.Build.0 = Release|x64
		{4B877AB2-E15F-4AA9-B7D6-7C11B2213F10}.Release|x86.ActiveCfg = Release|x86
		{4B877AB2-E15F-4AA9-B7D6-7C11B2213F10}.Release|x86.Build.0 = Release|x86
		{4B877AB2-E15F-4AA9-B7D6-7C11B2213F10}.Release2|Any CPU.ActiveCfg = Release2|Any CPU
		{4B877AB2-E15F-4AA9-B7D6-7C11B2213F10}.Release2|Any CPU.Build.0 = Release2|Any CPU
		{4B877AB2-E15F-4AA9-B7D6-7C11B2213F10}.Release2|x64.ActiveCfg = Release2|x64
		{4B877AB2-E15F-4AA9-B7D6-7C11B2213F10}.Release2|x64.Build.0 = Release2|x64
		{4B877AB2-E15F-4AA9-B7D6-7C11B2213F10}.Release2|x86.ActiveCfg = Release2|x86
		{4B877AB2-E15F-4AA9-B7D6-7C11B2213F10}.Release2|x86.Build.0 = Release2|x86
		{B21B924A-D67F-4554-8946-A154563394B2}.Debug|Any CPU.ActiveCfg = Debug|Any CPU
		{B21B924A-D67F-4554-8946-A154563394B2}.Debug|Any CPU.Build.0 = Debug|Any CPU
		{B21B924A-D67F-4554-8946-A154563394B2}.Debug|x64.ActiveCfg = Debug|x64
		{B21B924A-D67F-4554-8946-A154563394B2}.Debug|x64.Build.0 = Debug|x64
		{B21B924A-D67F-4554-8946-A154563394B2}.Debug|x86.ActiveCfg = Debug|Any CPU
		{B21B924A-D67F-4554-8946-A154563394B2}.Debug|x86.Build.0 = Debug|Any CPU
		{B21B924A-D67F-4554-8946-A154563394B2}.DEMO|Any CPU.ActiveCfg = Debug|Any CPU
		{B21B924A-D67F-4554-8946-A154563394B2}.DEMO|Any CPU.Build.0 = Debug|Any CPU
		{B21B924A-D67F-4554-8946-A154563394B2}.DEMO|x64.ActiveCfg = Debug|x64
		{B21B924A-D67F-4554-8946-A154563394B2}.DEMO|x64.Build.0 = Debug|x64
		{B21B924A-D67F-4554-8946-A154563394B2}.DEMO|x86.ActiveCfg = Debug|Any CPU
		{B21B924A-D67F-4554-8946-A154563394B2}.DEMO|x86.Build.0 = Debug|Any CPU
		{B21B924A-D67F-4554-8946-A154563394B2}.docs|Any CPU.ActiveCfg = docs|Any CPU
		{B21B924A-D67F-4554-8946-A154563394B2}.docs|Any CPU.Build.0 = docs|Any CPU
		{B21B924A-D67F-4554-8946-A154563394B2}.docs|x64.ActiveCfg = docs|x64
		{B21B924A-D67F-4554-8946-A154563394B2}.docs|x64.Build.0 = docs|x64
		{B21B924A-D67F-4554-8946-A154563394B2}.docs|x86.ActiveCfg = docs|Any CPU
		{B21B924A-D67F-4554-8946-A154563394B2}.docs|x86.Build.0 = docs|Any CPU
		{B21B924A-D67F-4554-8946-A154563394B2}.Publish|Any CPU.ActiveCfg = Publish|Any CPU
		{B21B924A-D67F-4554-8946-A154563394B2}.Publish|Any CPU.Build.0 = Publish|Any CPU
		{B21B924A-D67F-4554-8946-A154563394B2}.Publish|x64.ActiveCfg = Publish|x64
		{B21B924A-D67F-4554-8946-A154563394B2}.Publish|x64.Build.0 = Publish|x64
		{B21B924A-D67F-4554-8946-A154563394B2}.Publish|x86.ActiveCfg = Publish|Any CPU
		{B21B924A-D67F-4554-8946-A154563394B2}.Publish|x86.Build.0 = Publish|Any CPU
		{B21B924A-D67F-4554-8946-A154563394B2}.Release|Any CPU.ActiveCfg = Release|Any CPU
		{B21B924A-D67F-4554-8946-A154563394B2}.Release|Any CPU.Build.0 = Release|Any CPU
		{B21B924A-D67F-4554-8946-A154563394B2}.Release|x64.ActiveCfg = Release|x64
		{B21B924A-D67F-4554-8946-A154563394B2}.Release|x64.Build.0 = Release|x64
		{B21B924A-D67F-4554-8946-A154563394B2}.Release|x86.ActiveCfg = Release|Any CPU
		{B21B924A-D67F-4554-8946-A154563394B2}.Release|x86.Build.0 = Release|Any CPU
		{B21B924A-D67F-4554-8946-A154563394B2}.Release2|Any CPU.ActiveCfg = Release|Any CPU
		{B21B924A-D67F-4554-8946-A154563394B2}.Release2|Any CPU.Build.0 = Release|Any CPU
		{B21B924A-D67F-4554-8946-A154563394B2}.Release2|x64.ActiveCfg = Release|x64
		{B21B924A-D67F-4554-8946-A154563394B2}.Release2|x64.Build.0 = Release|x64
		{B21B924A-D67F-4554-8946-A154563394B2}.Release2|x86.ActiveCfg = Release|Any CPU
		{B21B924A-D67F-4554-8946-A154563394B2}.Release2|x86.Build.0 = Release|Any CPU
	EndGlobalSection
	GlobalSection(SolutionProperties) = preSolution
		HideSolutionNode = FALSE
	EndGlobalSection
	GlobalSection(NestedProjects) = preSolution
		{FECCE1FD-E1D4-49E3-A668-60BB5E7AED99} = {D67E5384-6A36-462F-9B74-26417A9C8D85}
		{7283C179-F852-4EAD-8D8F-B82EF2CBD7DB} = {D67E5384-6A36-462F-9B74-26417A9C8D85}
		{E3367B88-5D0C-495A-8273-331656D4B5AA} = {B0F936F4-AFF9-42A3-B26E-CC54DAFF4445}
		{2DD4BE80-DDC3-4767-94A7-10F1C3395716} = {D67E5384-6A36-462F-9B74-26417A9C8D85}
		{85E71B4B-9276-4EC8-AADC-C849205F1EA8} = {D67E5384-6A36-462F-9B74-26417A9C8D85}
		{17F8E821-0A01-4975-9CAA-AC95251226D5} = {B0F936F4-AFF9-42A3-B26E-CC54DAFF4445}
		{75E2E109-2A1C-4D6A-862E-820A3C5E9100} = {B0F936F4-AFF9-42A3-B26E-CC54DAFF4445}
		{B0F936F4-AFF9-42A3-B26E-CC54DAFF4445} = {D67E5384-6A36-462F-9B74-26417A9C8D85}
		{076315EE-B598-40DC-9280-C71CDF9B6A48} = {D67E5384-6A36-462F-9B74-26417A9C8D85}
		{EF70BED6-8795-4523-A260-C1ABED9405AA} = {D67E5384-6A36-462F-9B74-26417A9C8D85}
		{B756F957-945D-41A1-89D5-3690B0927D0B} = {49673D99-AA96-44FF-9495-E8ECA9B26F5C}
		{6DD14A85-CCFC-4774-BD26-0F5772512319} = {49673D99-AA96-44FF-9495-E8ECA9B26F5C}
		{14E0B048-3A0D-4FD6-AA79-9B815D6F1B30} = {B0F936F4-AFF9-42A3-B26E-CC54DAFF4445}
		{B2BFEB36-32E0-495B-9839-F18218494CB2} = {B0F936F4-AFF9-42A3-B26E-CC54DAFF4445}
		{4B877AB2-E15F-4AA9-B7D6-7C11B2213F10} = {B0F936F4-AFF9-42A3-B26E-CC54DAFF4445}
		{B21B924A-D67F-4554-8946-A154563394B2} = {B0F936F4-AFF9-42A3-B26E-CC54DAFF4445}
	EndGlobalSection
EndGlobal
