
Microsoft Visual Studio Solution File, Format Version 12.00
# Visual Studio Version 16
VisualStudioVersion = 16.0.30503.244
MinimumVisualStudioVersion = 10.0.40219.1
Project("{9092AA53-FB77-4645-B42D-1CCCA6BD08BD}") = "pakchoi-pos", "pakchoi-pos\pakchoi-pos.njsproj", "{94B220FA-F40C-44A8-9B84-5287DF2D1CA4}"
EndProject
Global
	GlobalSection(SolutionConfigurationPlatforms) = preSolution
		Debug|Any CPU = Debug|Any CPU
		Release|Any CPU = Release|Any CPU
	EndGlobalSection
	GlobalSection(ProjectConfigurationPlatforms) = postSolution
		{94B220FA-F40C-44A8-9B84-5287DF2D1CA4}.Debug|Any CPU.ActiveCfg = Debug|Any CPU
		{94B220FA-F40C-44A8-9B84-5287DF2D1CA4}.Debug|Any CPU.Build.0 = Debug|Any CPU
		{94B220FA-F40C-44A8-9B84-5287DF2D1CA4}.Release|Any CPU.ActiveCfg = Release|Any CPU
		{94B220FA-F40C-44A8-9B84-5287DF2D1CA4}.Release|Any CPU.Build.0 = Release|Any CPU
	EndGlobalSection
	GlobalSection(SolutionProperties) = preSolution
		HideSolutionNode = FALSE
	EndGlobalSection
	GlobalSection(ExtensibilityGlobals) = postSolution
		SolutionGuid = {B5D102E5-25A1-4A98-80C1-87B21A0D2B99}
	EndGlobalSection
EndGlobal
