
Microsoft Visual Studio Solution File, Format Version 12.00
# Visual Studio 15
VisualStudioVersion = 15.0.25914.0
MinimumVisualStudioVersion = 10.0.40219.1
Project("{F184B08F-C81C-45F6-A57F-5ABD9991F28F}") = "ConsoleControl", "ConsoleControl.vbproj", "{B756F957-945D-41A1-89D5-3690B0927D0B}"
EndProject
Project("{F184B08F-C81C-45F6-A57F-5ABD9991F28F}") = "DEMO", "Demo\DEMO.vbproj", "{195AF2B7-25A9-45B2-9108-0C98DE76AC88}"
EndProject
Global
	GlobalSection(SolutionConfigurationPlatforms) = preSolution
		Debug|Any CPU = Debug|Any CPU
		Release|Any CPU = Release|Any CPU
	EndGlobalSection
	GlobalSection(ProjectConfigurationPlatforms) = postSolution
		{B756F957-945D-41A1-89D5-3690B0927D0B}.Debug|Any CPU.ActiveCfg = Debug|Any CPU
		{B756F957-945D-41A1-89D5-3690B0927D0B}.Debug|Any CPU.Build.0 = Debug|Any CPU
		{B756F957-945D-41A1-89D5-3690B0927D0B}.Release|Any CPU.ActiveCfg = Release|Any CPU
		{B756F957-945D-41A1-89D5-3690B0927D0B}.Release|Any CPU.Build.0 = Release|Any CPU
		{195AF2B7-25A9-45B2-9108-0C98DE76AC88}.Debug|Any CPU.ActiveCfg = Debug|Any CPU
		{195AF2B7-25A9-45B2-9108-0C98DE76AC88}.Debug|Any CPU.Build.0 = Debug|Any CPU
		{195AF2B7-25A9-45B2-9108-0C98DE76AC88}.Release|Any CPU.ActiveCfg = Release|Any CPU
		{195AF2B7-25A9-45B2-9108-0C98DE76AC88}.Release|Any CPU.Build.0 = Release|Any CPU
	EndGlobalSection
	GlobalSection(SolutionProperties) = preSolution
		HideSolutionNode = FALSE
	EndGlobalSection
EndGlobal
