
Microsoft Visual Studio Solution File, Format Version 12.00
# Visual Studio Version 18
VisualStudioVersion = 18.2.11408.102
MinimumVisualStudioVersion = 10.0.40219.1
Project("{778DAE3C-4631-46EA-AA77-85C1314464D9}") = "pubchem", "pubchem\pubchem.vbproj", "{9DD05F93-C1FE-458C-B89A-771213690F6C}"
EndProject
Project("{2150E333-8FDC-42A3-9474-1A3956D46DE8}") = "framework", "framework", "{BE3D7F27-BA43-4D28-BD69-6A5FEC2630A0}"
EndProject
Project("{778DAE3C-4631-46EA-AA77-85C1314464D9}") = "Core", "..\..\GCModeller\src\runtime\sciBASIC#\Microsoft.VisualBasic.Core\src\Core.vbproj", "{F0C1101B-4EE4-49F0-9286-82502B094BFB}"
EndProject
Project("{2150E333-8FDC-42A3-9474-1A3956D46DE8}") = "repo", "repo", "{20AB2D67-E4E6-42CB-82E4-7822390A163E}"
EndProject
Project("{2150E333-8FDC-42A3-9474-1A3956D46DE8}") = "renv", "renv", "{CEEB6676-96BB-4BFC-9E99-319ECA9689EA}"
EndProject
Project("{778DAE3C-4631-46EA-AA77-85C1314464D9}") = "Rsharp-netcore5", "..\..\GCModeller\src\R-sharp\R#\Rsharp-netcore5.vbproj", "{A74AA351-B608-42B1-9426-739F2433357D}"
EndProject
Project("{778DAE3C-4631-46EA-AA77-85C1314464D9}") = "rdf_xml-netcore5", "..\..\GCModeller\src\runtime\sciBASIC#\mime\application%rdf+xml\rdf_xml-netcore5.vbproj", "{9A9B51F2-F7A0-4BDC-BB72-66F65C4A549E}"
EndProject
Project("{778DAE3C-4631-46EA-AA77-85C1314464D9}") = "R-cmd.NET5", "..\..\GCModeller\src\R-sharp\studio\R-terminal\R-cmd.NET5.vbproj", "{AB097507-710A-4A3C-8847-A38D8B9588C1}"
EndProject
Project("{F184B08F-C81C-45F6-A57F-5ABD9991F28F}") = "BucketDb", "..\..\GCModeller\src\runtime\Darwinism\src\data\BucketDb\BucketDb.vbproj", "{B5861068-3ACC-06DE-405D-3DE60E94084B}"
EndProject
Project("{F184B08F-C81C-45F6-A57F-5ABD9991F28F}") = "LINQ", "..\..\GCModeller\src\runtime\Darwinism\src\data\LINQ\LINQ\LINQ.vbproj", "{1722AEB7-E4CC-D1AE-9D8B-C00F47C6056A}"
EndProject
Project("{F184B08F-C81C-45F6-A57F-5ABD9991F28F}") = "binarydata-netcore5", "..\..\GCModeller\src\runtime\sciBASIC#\Data\BinaryData\BinaryData\binarydata-netcore5.vbproj", "{5DABC780-D6D8-63AC-1C11-12B8D5B5CDC4}"
EndProject
Project("{F184B08F-C81C-45F6-A57F-5ABD9991F28F}") = "dataframework-netcore5", "..\..\GCModeller\src\runtime\sciBASIC#\Data\DataFrame\dataframework-netcore5.vbproj", "{F5171153-AEE8-69B3-0273-1D621019EC9B}"
EndProject
Project("{F184B08F-C81C-45F6-A57F-5ABD9991F28F}") = "graph-netcore5", "..\..\GCModeller\src\runtime\sciBASIC#\Data_science\Graph\graph-netcore5.vbproj", "{34E801C2-C03D-1C1C-7C22-EFA8CE7782A3}"
EndProject
Project("{F184B08F-C81C-45F6-A57F-5ABD9991F28F}") = "Math.NET5", "..\..\GCModeller\src\runtime\sciBASIC#\Data_science\Mathematica\Math\Math\Math.NET5.vbproj", "{9C9F4004-9F8A-DB97-4B9B-267C241A815F}"
EndProject
Project("{F184B08F-C81C-45F6-A57F-5ABD9991F28F}") = "JSON-netcore5", "..\..\GCModeller\src\runtime\sciBASIC#\mime\application%json\JSON-netcore5.vbproj", "{BE4A2EA0-C600-FCE9-D542-79B9A0D68583}"
EndProject
Project("{F184B08F-C81C-45F6-A57F-5ABD9991F28F}") = "DocumentEngine", "DocumentEngine\DocumentEngine.vbproj", "{F8817214-25E0-4017-8E70-C225DA86E9B2}"
EndProject
Project("{F184B08F-C81C-45F6-A57F-5ABD9991F28F}") = "FullTextBuffer", "..\..\GCModeller\src\runtime\Darwinism\src\data\FullTextBuffer\FullTextBuffer.vbproj", "{A83DF657-E619-40C7-837C-FA0DAEE9E796}"
EndProject
Project("{F184B08F-C81C-45F6-A57F-5ABD9991F28F}") = "ncbi_kb", "..\..\GCModeller\src\workbench\modules\Knowledge_base\ncbi_kb\ncbi_kb.vbproj", "{3F6BDB7D-C034-FC0B-8F7C-B02154CB7A08}"
EndProject
Project("{F184B08F-C81C-45F6-A57F-5ABD9991F28F}") = "biocore-netcore5", "..\..\GCModeller\src\GCModeller\core\Bio.Assembly\biocore-netcore5.vbproj", "{5B8ACC99-FB8D-1CB5-190E-59FE7B06DB4D}"
EndProject
Project("{2150E333-8FDC-42A3-9474-1A3956D46DE8}") = "gcmodeller", "gcmodeller", "{274E0F7C-C6C6-42B5-B29B-8DC905A2624B}"
EndProject
Project("{F184B08F-C81C-45F6-A57F-5ABD9991F28F}") = "test", "DocumentEngine\test\test.vbproj", "{C9952421-4D3D-468B-879E-2F4A987906A0}"
EndProject
Global
	GlobalSection(SolutionConfigurationPlatforms) = preSolution
		Debug|Any CPU = Debug|Any CPU
		Debug|x64 = Debug|x64
		Debug|x86 = Debug|x86
		gcmodeller_desktop|Any CPU = gcmodeller_desktop|Any CPU
		gcmodeller_desktop|x64 = gcmodeller_desktop|x64
		gcmodeller_desktop|x86 = gcmodeller_desktop|x86
		LipidSearch|Any CPU = LipidSearch|Any CPU
		LipidSearch|x64 = LipidSearch|x64
		LipidSearch|x86 = LipidSearch|x86
		mzkit_win32|Any CPU = mzkit_win32|Any CPU
		mzkit_win32|x64 = mzkit_win32|x64
		mzkit_win32|x86 = mzkit_win32|x86
		mzkit|Any CPU = mzkit|Any CPU
		mzkit|x64 = mzkit|x64
		mzkit|x86 = mzkit|x86
		NPSearch|Any CPU = NPSearch|Any CPU
		NPSearch|x64 = NPSearch|x64
		NPSearch|x86 = NPSearch|x86
		PlantMAT|Any CPU = PlantMAT|Any CPU
		PlantMAT|x64 = PlantMAT|x64
		PlantMAT|x86 = PlantMAT|x86
		Release|Any CPU = Release|Any CPU
		Release|x64 = Release|x64
		Release|x86 = Release|x86
		Rsharp_app_release|Any CPU = Rsharp_app_release|Any CPU
		Rsharp_app_release|x64 = Rsharp_app_release|x64
		Rsharp_app_release|x86 = Rsharp_app_release|x86
	EndGlobalSection
	GlobalSection(ProjectConfigurationPlatforms) = postSolution
		{9DD05F93-C1FE-458C-B89A-771213690F6C}.Debug|Any CPU.ActiveCfg = Debug|Any CPU
		{9DD05F93-C1FE-458C-B89A-771213690F6C}.Debug|Any CPU.Build.0 = Debug|Any CPU
		{9DD05F93-C1FE-458C-B89A-771213690F6C}.Debug|x64.ActiveCfg = Debug|x64
		{9DD05F93-C1FE-458C-B89A-771213690F6C}.Debug|x64.Build.0 = Debug|x64
		{9DD05F93-C1FE-458C-B89A-771213690F6C}.Debug|x86.ActiveCfg = Debug|Any CPU
		{9DD05F93-C1FE-458C-B89A-771213690F6C}.Debug|x86.Build.0 = Debug|Any CPU
		{9DD05F93-C1FE-458C-B89A-771213690F6C}.gcmodeller_desktop|Any CPU.ActiveCfg = Debug|Any CPU
		{9DD05F93-C1FE-458C-B89A-771213690F6C}.gcmodeller_desktop|Any CPU.Build.0 = Debug|Any CPU
		{9DD05F93-C1FE-458C-B89A-771213690F6C}.gcmodeller_desktop|x64.ActiveCfg = Debug|Any CPU
		{9DD05F93-C1FE-458C-B89A-771213690F6C}.gcmodeller_desktop|x64.Build.0 = Debug|Any CPU
		{9DD05F93-C1FE-458C-B89A-771213690F6C}.gcmodeller_desktop|x86.ActiveCfg = Debug|Any CPU
		{9DD05F93-C1FE-458C-B89A-771213690F6C}.gcmodeller_desktop|x86.Build.0 = Debug|Any CPU
		{9DD05F93-C1FE-458C-B89A-771213690F6C}.LipidSearch|Any CPU.ActiveCfg = Debug|Any CPU
		{9DD05F93-C1FE-458C-B89A-771213690F6C}.LipidSearch|Any CPU.Build.0 = Debug|Any CPU
		{9DD05F93-C1FE-458C-B89A-771213690F6C}.LipidSearch|x64.ActiveCfg = Debug|Any CPU
		{9DD05F93-C1FE-458C-B89A-771213690F6C}.LipidSearch|x64.Build.0 = Debug|Any CPU
		{9DD05F93-C1FE-458C-B89A-771213690F6C}.LipidSearch|x86.ActiveCfg = Debug|Any CPU
		{9DD05F93-C1FE-458C-B89A-771213690F6C}.LipidSearch|x86.Build.0 = Debug|Any CPU
		{9DD05F93-C1FE-458C-B89A-771213690F6C}.mzkit_win32|Any CPU.ActiveCfg = Debug|Any CPU
		{9DD05F93-C1FE-458C-B89A-771213690F6C}.mzkit_win32|Any CPU.Build.0 = Debug|Any CPU
		{9DD05F93-C1FE-458C-B89A-771213690F6C}.mzkit_win32|x64.ActiveCfg = Debug|Any CPU
		{9DD05F93-C1FE-458C-B89A-771213690F6C}.mzkit_win32|x64.Build.0 = Debug|Any CPU
		{9DD05F93-C1FE-458C-B89A-771213690F6C}.mzkit_win32|x86.ActiveCfg = Debug|Any CPU
		{9DD05F93-C1FE-458C-B89A-771213690F6C}.mzkit_win32|x86.Build.0 = Debug|Any CPU
		{9DD05F93-C1FE-458C-B89A-771213690F6C}.mzkit|Any CPU.ActiveCfg = Debug|Any CPU
		{9DD05F93-C1FE-458C-B89A-771213690F6C}.mzkit|Any CPU.Build.0 = Debug|Any CPU
		{9DD05F93-C1FE-458C-B89A-771213690F6C}.mzkit|x64.ActiveCfg = Debug|Any CPU
		{9DD05F93-C1FE-458C-B89A-771213690F6C}.mzkit|x64.Build.0 = Debug|Any CPU
		{9DD05F93-C1FE-458C-B89A-771213690F6C}.mzkit|x86.ActiveCfg = Debug|Any CPU
		{9DD05F93-C1FE-458C-B89A-771213690F6C}.mzkit|x86.Build.0 = Debug|Any CPU
		{9DD05F93-C1FE-458C-B89A-771213690F6C}.NPSearch|Any CPU.ActiveCfg = Debug|Any CPU
		{9DD05F93-C1FE-458C-B89A-771213690F6C}.NPSearch|Any CPU.Build.0 = Debug|Any CPU
		{9DD05F93-C1FE-458C-B89A-771213690F6C}.NPSearch|x64.ActiveCfg = Debug|Any CPU
		{9DD05F93-C1FE-458C-B89A-771213690F6C}.NPSearch|x64.Build.0 = Debug|Any CPU
		{9DD05F93-C1FE-458C-B89A-771213690F6C}.NPSearch|x86.ActiveCfg = Debug|Any CPU
		{9DD05F93-C1FE-458C-B89A-771213690F6C}.NPSearch|x86.Build.0 = Debug|Any CPU
		{9DD05F93-C1FE-458C-B89A-771213690F6C}.PlantMAT|Any CPU.ActiveCfg = Debug|Any CPU
		{9DD05F93-C1FE-458C-B89A-771213690F6C}.PlantMAT|Any CPU.Build.0 = Debug|Any CPU
		{9DD05F93-C1FE-458C-B89A-771213690F6C}.PlantMAT|x64.ActiveCfg = Debug|Any CPU
		{9DD05F93-C1FE-458C-B89A-771213690F6C}.PlantMAT|x64.Build.0 = Debug|Any CPU
		{9DD05F93-C1FE-458C-B89A-771213690F6C}.PlantMAT|x86.ActiveCfg = Debug|Any CPU
		{9DD05F93-C1FE-458C-B89A-771213690F6C}.PlantMAT|x86.Build.0 = Debug|Any CPU
		{9DD05F93-C1FE-458C-B89A-771213690F6C}.Release|Any CPU.ActiveCfg = Release|Any CPU
		{9DD05F93-C1FE-458C-B89A-771213690F6C}.Release|Any CPU.Build.0 = Release|Any CPU
		{9DD05F93-C1FE-458C-B89A-771213690F6C}.Release|x64.ActiveCfg = Release|Any CPU
		{9DD05F93-C1FE-458C-B89A-771213690F6C}.Release|x64.Build.0 = Release|Any CPU
		{9DD05F93-C1FE-458C-B89A-771213690F6C}.Release|x86.ActiveCfg = Release|Any CPU
		{9DD05F93-C1FE-458C-B89A-771213690F6C}.Release|x86.Build.0 = Release|Any CPU
		{9DD05F93-C1FE-458C-B89A-771213690F6C}.Rsharp_app_release|Any CPU.ActiveCfg = Release|Any CPU
		{9DD05F93-C1FE-458C-B89A-771213690F6C}.Rsharp_app_release|Any CPU.Build.0 = Release|Any CPU
		{9DD05F93-C1FE-458C-B89A-771213690F6C}.Rsharp_app_release|x64.ActiveCfg = Rsharp_app_release|x64
		{9DD05F93-C1FE-458C-B89A-771213690F6C}.Rsharp_app_release|x64.Build.0 = Rsharp_app_release|x64
		{9DD05F93-C1FE-458C-B89A-771213690F6C}.Rsharp_app_release|x86.ActiveCfg = Release|Any CPU
		{9DD05F93-C1FE-458C-B89A-771213690F6C}.Rsharp_app_release|x86.Build.0 = Release|Any CPU
		{F0C1101B-4EE4-49F0-9286-82502B094BFB}.Debug|Any CPU.ActiveCfg = Debug|Any CPU
		{F0C1101B-4EE4-49F0-9286-82502B094BFB}.Debug|Any CPU.Build.0 = Debug|Any CPU
		{F0C1101B-4EE4-49F0-9286-82502B094BFB}.Debug|x64.ActiveCfg = Debug|x64
		{F0C1101B-4EE4-49F0-9286-82502B094BFB}.Debug|x64.Build.0 = Debug|x64
		{F0C1101B-4EE4-49F0-9286-82502B094BFB}.Debug|x86.ActiveCfg = Debug|x86
		{F0C1101B-4EE4-49F0-9286-82502B094BFB}.Debug|x86.Build.0 = Debug|x86
		{F0C1101B-4EE4-49F0-9286-82502B094BFB}.gcmodeller_desktop|Any CPU.ActiveCfg = gcmodeller_desktop|Any CPU
		{F0C1101B-4EE4-49F0-9286-82502B094BFB}.gcmodeller_desktop|Any CPU.Build.0 = gcmodeller_desktop|Any CPU
		{F0C1101B-4EE4-49F0-9286-82502B094BFB}.gcmodeller_desktop|x64.ActiveCfg = gcmodeller_desktop|x64
		{F0C1101B-4EE4-49F0-9286-82502B094BFB}.gcmodeller_desktop|x64.Build.0 = gcmodeller_desktop|x64
		{F0C1101B-4EE4-49F0-9286-82502B094BFB}.gcmodeller_desktop|x86.ActiveCfg = gcmodeller_desktop|x86
		{F0C1101B-4EE4-49F0-9286-82502B094BFB}.gcmodeller_desktop|x86.Build.0 = gcmodeller_desktop|x86
		{F0C1101B-4EE4-49F0-9286-82502B094BFB}.LipidSearch|Any CPU.ActiveCfg = LipidSearch|Any CPU
		{F0C1101B-4EE4-49F0-9286-82502B094BFB}.LipidSearch|Any CPU.Build.0 = LipidSearch|Any CPU
		{F0C1101B-4EE4-49F0-9286-82502B094BFB}.LipidSearch|x64.ActiveCfg = LipidSearch|x64
		{F0C1101B-4EE4-49F0-9286-82502B094BFB}.LipidSearch|x64.Build.0 = LipidSearch|x64
		{F0C1101B-4EE4-49F0-9286-82502B094BFB}.LipidSearch|x86.ActiveCfg = LipidSearch|x86
		{F0C1101B-4EE4-49F0-9286-82502B094BFB}.LipidSearch|x86.Build.0 = LipidSearch|x86
		{F0C1101B-4EE4-49F0-9286-82502B094BFB}.mzkit_win32|Any CPU.ActiveCfg = mzkit_win32|Any CPU
		{F0C1101B-4EE4-49F0-9286-82502B094BFB}.mzkit_win32|Any CPU.Build.0 = mzkit_win32|Any CPU
		{F0C1101B-4EE4-49F0-9286-82502B094BFB}.mzkit_win32|x64.ActiveCfg = mzkit_win32|x64
		{F0C1101B-4EE4-49F0-9286-82502B094BFB}.mzkit_win32|x64.Build.0 = mzkit_win32|x64
		{F0C1101B-4EE4-49F0-9286-82502B094BFB}.mzkit_win32|x86.ActiveCfg = mzkit_win32|x86
		{F0C1101B-4EE4-49F0-9286-82502B094BFB}.mzkit_win32|x86.Build.0 = mzkit_win32|x86
		{F0C1101B-4EE4-49F0-9286-82502B094BFB}.mzkit|Any CPU.ActiveCfg = mzkit|Any CPU
		{F0C1101B-4EE4-49F0-9286-82502B094BFB}.mzkit|Any CPU.Build.0 = mzkit|Any CPU
		{F0C1101B-4EE4-49F0-9286-82502B094BFB}.mzkit|x64.ActiveCfg = mzkit|x64
		{F0C1101B-4EE4-49F0-9286-82502B094BFB}.mzkit|x64.Build.0 = mzkit|x64
		{F0C1101B-4EE4-49F0-9286-82502B094BFB}.mzkit|x86.ActiveCfg = mzkit|x86
		{F0C1101B-4EE4-49F0-9286-82502B094BFB}.mzkit|x86.Build.0 = mzkit|x86
		{F0C1101B-4EE4-49F0-9286-82502B094BFB}.NPSearch|Any CPU.ActiveCfg = NPSearch|Any CPU
		{F0C1101B-4EE4-49F0-9286-82502B094BFB}.NPSearch|Any CPU.Build.0 = NPSearch|Any CPU
		{F0C1101B-4EE4-49F0-9286-82502B094BFB}.NPSearch|x64.ActiveCfg = NPSearch|x64
		{F0C1101B-4EE4-49F0-9286-82502B094BFB}.NPSearch|x64.Build.0 = NPSearch|x64
		{F0C1101B-4EE4-49F0-9286-82502B094BFB}.NPSearch|x86.ActiveCfg = NPSearch|x86
		{F0C1101B-4EE4-49F0-9286-82502B094BFB}.NPSearch|x86.Build.0 = NPSearch|x86
		{F0C1101B-4EE4-49F0-9286-82502B094BFB}.PlantMAT|Any CPU.ActiveCfg = PlantMAT|Any CPU
		{F0C1101B-4EE4-49F0-9286-82502B094BFB}.PlantMAT|Any CPU.Build.0 = PlantMAT|Any CPU
		{F0C1101B-4EE4-49F0-9286-82502B094BFB}.PlantMAT|x64.ActiveCfg = PlantMAT|x64
		{F0C1101B-4EE4-49F0-9286-82502B094BFB}.PlantMAT|x64.Build.0 = PlantMAT|x64
		{F0C1101B-4EE4-49F0-9286-82502B094BFB}.PlantMAT|x86.ActiveCfg = PlantMAT|x86
		{F0C1101B-4EE4-49F0-9286-82502B094BFB}.PlantMAT|x86.Build.0 = PlantMAT|x86
		{F0C1101B-4EE4-49F0-9286-82502B094BFB}.Release|Any CPU.ActiveCfg = Release|Any CPU
		{F0C1101B-4EE4-49F0-9286-82502B094BFB}.Release|Any CPU.Build.0 = Release|Any CPU
		{F0C1101B-4EE4-49F0-9286-82502B094BFB}.Release|x64.ActiveCfg = Release|x64
		{F0C1101B-4EE4-49F0-9286-82502B094BFB}.Release|x64.Build.0 = Release|x64
		{F0C1101B-4EE4-49F0-9286-82502B094BFB}.Release|x86.ActiveCfg = Release|x86
		{F0C1101B-4EE4-49F0-9286-82502B094BFB}.Release|x86.Build.0 = Release|x86
		{F0C1101B-4EE4-49F0-9286-82502B094BFB}.Rsharp_app_release|Any CPU.ActiveCfg = Rsharp_app_release|Any CPU
		{F0C1101B-4EE4-49F0-9286-82502B094BFB}.Rsharp_app_release|Any CPU.Build.0 = Rsharp_app_release|Any CPU
		{F0C1101B-4EE4-49F0-9286-82502B094BFB}.Rsharp_app_release|x64.ActiveCfg = Rsharp_app_release|x64
		{F0C1101B-4EE4-49F0-9286-82502B094BFB}.Rsharp_app_release|x64.Build.0 = Rsharp_app_release|x64
		{F0C1101B-4EE4-49F0-9286-82502B094BFB}.Rsharp_app_release|x86.ActiveCfg = Rsharp_app_release|x86
		{F0C1101B-4EE4-49F0-9286-82502B094BFB}.Rsharp_app_release|x86.Build.0 = Rsharp_app_release|x86
		{A74AA351-B608-42B1-9426-739F2433357D}.Debug|Any CPU.ActiveCfg = Debug|Any CPU
		{A74AA351-B608-42B1-9426-739F2433357D}.Debug|Any CPU.Build.0 = Debug|Any CPU
		{A74AA351-B608-42B1-9426-739F2433357D}.Debug|x64.ActiveCfg = Debug|x64
		{A74AA351-B608-42B1-9426-739F2433357D}.Debug|x64.Build.0 = Debug|x64
		{A74AA351-B608-42B1-9426-739F2433357D}.Debug|x86.ActiveCfg = Debug|Any CPU
		{A74AA351-B608-42B1-9426-739F2433357D}.Debug|x86.Build.0 = Debug|Any CPU
		{A74AA351-B608-42B1-9426-739F2433357D}.gcmodeller_desktop|Any CPU.ActiveCfg = gcmodeller_desktop|Any CPU
		{A74AA351-B608-42B1-9426-739F2433357D}.gcmodeller_desktop|Any CPU.Build.0 = gcmodeller_desktop|Any CPU
		{A74AA351-B608-42B1-9426-739F2433357D}.gcmodeller_desktop|x64.ActiveCfg = gcmodeller_desktop|x64
		{A74AA351-B608-42B1-9426-739F2433357D}.gcmodeller_desktop|x64.Build.0 = gcmodeller_desktop|x64
		{A74AA351-B608-42B1-9426-739F2433357D}.gcmodeller_desktop|x86.ActiveCfg = gcmodeller_desktop|Any CPU
		{A74AA351-B608-42B1-9426-739F2433357D}.gcmodeller_desktop|x86.Build.0 = gcmodeller_desktop|Any CPU
		{A74AA351-B608-42B1-9426-739F2433357D}.LipidSearch|Any CPU.ActiveCfg = LipidSearch|Any CPU
		{A74AA351-B608-42B1-9426-739F2433357D}.LipidSearch|Any CPU.Build.0 = LipidSearch|Any CPU
		{A74AA351-B608-42B1-9426-739F2433357D}.LipidSearch|x64.ActiveCfg = LipidSearch|x64
		{A74AA351-B608-42B1-9426-739F2433357D}.LipidSearch|x64.Build.0 = LipidSearch|x64
		{A74AA351-B608-42B1-9426-739F2433357D}.LipidSearch|x86.ActiveCfg = LipidSearch|Any CPU
		{A74AA351-B608-42B1-9426-739F2433357D}.LipidSearch|x86.Build.0 = LipidSearch|Any CPU
		{A74AA351-B608-42B1-9426-739F2433357D}.mzkit_win32|Any CPU.ActiveCfg = mzkit|Any CPU
		{A74AA351-B608-42B1-9426-739F2433357D}.mzkit_win32|Any CPU.Build.0 = mzkit|Any CPU
		{A74AA351-B608-42B1-9426-739F2433357D}.mzkit_win32|x64.ActiveCfg = mzkit|x64
		{A74AA351-B608-42B1-9426-739F2433357D}.mzkit_win32|x64.Build.0 = mzkit|x64
		{A74AA351-B608-42B1-9426-739F2433357D}.mzkit_win32|x86.ActiveCfg = mzkit|Any CPU
		{A74AA351-B608-42B1-9426-739F2433357D}.mzkit_win32|x86.Build.0 = mzkit|Any CPU
		{A74AA351-B608-42B1-9426-739F2433357D}.mzkit|Any CPU.ActiveCfg = mzkit|Any CPU
		{A74AA351-B608-42B1-9426-739F2433357D}.mzkit|Any CPU.Build.0 = mzkit|Any CPU
		{A74AA351-B608-42B1-9426-739F2433357D}.mzkit|x64.ActiveCfg = mzkit|x64
		{A74AA351-B608-42B1-9426-739F2433357D}.mzkit|x64.Build.0 = mzkit|x64
		{A74AA351-B608-42B1-9426-739F2433357D}.mzkit|x86.ActiveCfg = mzkit|Any CPU
		{A74AA351-B608-42B1-9426-739F2433357D}.mzkit|x86.Build.0 = mzkit|Any CPU
		{A74AA351-B608-42B1-9426-739F2433357D}.NPSearch|Any CPU.ActiveCfg = NPSearch|Any CPU
		{A74AA351-B608-42B1-9426-739F2433357D}.NPSearch|Any CPU.Build.0 = NPSearch|Any CPU
		{A74AA351-B608-42B1-9426-739F2433357D}.NPSearch|x64.ActiveCfg = NPSearch|x64
		{A74AA351-B608-42B1-9426-739F2433357D}.NPSearch|x64.Build.0 = NPSearch|x64
		{A74AA351-B608-42B1-9426-739F2433357D}.NPSearch|x86.ActiveCfg = NPSearch|Any CPU
		{A74AA351-B608-42B1-9426-739F2433357D}.NPSearch|x86.Build.0 = NPSearch|Any CPU
		{A74AA351-B608-42B1-9426-739F2433357D}.PlantMAT|Any CPU.ActiveCfg = PlantMAT|Any CPU
		{A74AA351-B608-42B1-9426-739F2433357D}.PlantMAT|Any CPU.Build.0 = PlantMAT|Any CPU
		{A74AA351-B608-42B1-9426-739F2433357D}.PlantMAT|x64.ActiveCfg = PlantMAT|x64
		{A74AA351-B608-42B1-9426-739F2433357D}.PlantMAT|x64.Build.0 = PlantMAT|x64
		{A74AA351-B608-42B1-9426-739F2433357D}.PlantMAT|x86.ActiveCfg = PlantMAT|Any CPU
		{A74AA351-B608-42B1-9426-739F2433357D}.PlantMAT|x86.Build.0 = PlantMAT|Any CPU
		{A74AA351-B608-42B1-9426-739F2433357D}.Release|Any CPU.ActiveCfg = Release|Any CPU
		{A74AA351-B608-42B1-9426-739F2433357D}.Release|Any CPU.Build.0 = Release|Any CPU
		{A74AA351-B608-42B1-9426-739F2433357D}.Release|x64.ActiveCfg = Release|x64
		{A74AA351-B608-42B1-9426-739F2433357D}.Release|x64.Build.0 = Release|x64
		{A74AA351-B608-42B1-9426-739F2433357D}.Release|x86.ActiveCfg = Release|Any CPU
		{A74AA351-B608-42B1-9426-739F2433357D}.Release|x86.Build.0 = Release|Any CPU
		{A74AA351-B608-42B1-9426-739F2433357D}.Rsharp_app_release|Any CPU.ActiveCfg = Rsharp_app_release|Any CPU
		{A74AA351-B608-42B1-9426-739F2433357D}.Rsharp_app_release|Any CPU.Build.0 = Rsharp_app_release|Any CPU
		{A74AA351-B608-42B1-9426-739F2433357D}.Rsharp_app_release|x64.ActiveCfg = Rsharp_app_release|x64
		{A74AA351-B608-42B1-9426-739F2433357D}.Rsharp_app_release|x64.Build.0 = Rsharp_app_release|x64
		{A74AA351-B608-42B1-9426-739F2433357D}.Rsharp_app_release|x86.ActiveCfg = Rsharp_app_release|Any CPU
		{A74AA351-B608-42B1-9426-739F2433357D}.Rsharp_app_release|x86.Build.0 = Rsharp_app_release|Any CPU
		{9A9B51F2-F7A0-4BDC-BB72-66F65C4A549E}.Debug|Any CPU.ActiveCfg = Debug|Any CPU
		{9A9B51F2-F7A0-4BDC-BB72-66F65C4A549E}.Debug|Any CPU.Build.0 = Debug|Any CPU
		{9A9B51F2-F7A0-4BDC-BB72-66F65C4A549E}.Debug|x64.ActiveCfg = Debug|x64
		{9A9B51F2-F7A0-4BDC-BB72-66F65C4A549E}.Debug|x64.Build.0 = Debug|x64
		{9A9B51F2-F7A0-4BDC-BB72-66F65C4A549E}.Debug|x86.ActiveCfg = Debug|Any CPU
		{9A9B51F2-F7A0-4BDC-BB72-66F65C4A549E}.Debug|x86.Build.0 = Debug|Any CPU
		{9A9B51F2-F7A0-4BDC-BB72-66F65C4A549E}.gcmodeller_desktop|Any CPU.ActiveCfg = Debug|Any CPU
		{9A9B51F2-F7A0-4BDC-BB72-66F65C4A549E}.gcmodeller_desktop|Any CPU.Build.0 = Debug|Any CPU
		{9A9B51F2-F7A0-4BDC-BB72-66F65C4A549E}.gcmodeller_desktop|x64.ActiveCfg = Debug|x64
		{9A9B51F2-F7A0-4BDC-BB72-66F65C4A549E}.gcmodeller_desktop|x64.Build.0 = Debug|x64
		{9A9B51F2-F7A0-4BDC-BB72-66F65C4A549E}.gcmodeller_desktop|x86.ActiveCfg = Debug|Any CPU
		{9A9B51F2-F7A0-4BDC-BB72-66F65C4A549E}.gcmodeller_desktop|x86.Build.0 = Debug|Any CPU
		{9A9B51F2-F7A0-4BDC-BB72-66F65C4A549E}.LipidSearch|Any CPU.ActiveCfg = LipidSearch|Any CPU
		{9A9B51F2-F7A0-4BDC-BB72-66F65C4A549E}.LipidSearch|Any CPU.Build.0 = LipidSearch|Any CPU
		{9A9B51F2-F7A0-4BDC-BB72-66F65C4A549E}.LipidSearch|x64.ActiveCfg = LipidSearch|x64
		{9A9B51F2-F7A0-4BDC-BB72-66F65C4A549E}.LipidSearch|x64.Build.0 = LipidSearch|x64
		{9A9B51F2-F7A0-4BDC-BB72-66F65C4A549E}.LipidSearch|x86.ActiveCfg = LipidSearch|Any CPU
		{9A9B51F2-F7A0-4BDC-BB72-66F65C4A549E}.LipidSearch|x86.Build.0 = LipidSearch|Any CPU
		{9A9B51F2-F7A0-4BDC-BB72-66F65C4A549E}.mzkit_win32|Any CPU.ActiveCfg = mzkit_win32|Any CPU
		{9A9B51F2-F7A0-4BDC-BB72-66F65C4A549E}.mzkit_win32|Any CPU.Build.0 = mzkit_win32|Any CPU
		{9A9B51F2-F7A0-4BDC-BB72-66F65C4A549E}.mzkit_win32|x64.ActiveCfg = mzkit_win32|x64
		{9A9B51F2-F7A0-4BDC-BB72-66F65C4A549E}.mzkit_win32|x64.Build.0 = mzkit_win32|x64
		{9A9B51F2-F7A0-4BDC-BB72-66F65C4A549E}.mzkit_win32|x86.ActiveCfg = mzkit_win32|Any CPU
		{9A9B51F2-F7A0-4BDC-BB72-66F65C4A549E}.mzkit_win32|x86.Build.0 = mzkit_win32|Any CPU
		{9A9B51F2-F7A0-4BDC-BB72-66F65C4A549E}.mzkit|Any CPU.ActiveCfg = mzkit_win32|Any CPU
		{9A9B51F2-F7A0-4BDC-BB72-66F65C4A549E}.mzkit|Any CPU.Build.0 = mzkit_win32|Any CPU
		{9A9B51F2-F7A0-4BDC-BB72-66F65C4A549E}.mzkit|x64.ActiveCfg = mzkit_win32|x64
		{9A9B51F2-F7A0-4BDC-BB72-66F65C4A549E}.mzkit|x64.Build.0 = mzkit_win32|x64
		{9A9B51F2-F7A0-4BDC-BB72-66F65C4A549E}.mzkit|x86.ActiveCfg = mzkit_win32|Any CPU
		{9A9B51F2-F7A0-4BDC-BB72-66F65C4A549E}.mzkit|x86.Build.0 = mzkit_win32|Any CPU
		{9A9B51F2-F7A0-4BDC-BB72-66F65C4A549E}.NPSearch|Any CPU.ActiveCfg = Debug|Any CPU
		{9A9B51F2-F7A0-4BDC-BB72-66F65C4A549E}.NPSearch|Any CPU.Build.0 = Debug|Any CPU
		{9A9B51F2-F7A0-4BDC-BB72-66F65C4A549E}.NPSearch|x64.ActiveCfg = Debug|x64
		{9A9B51F2-F7A0-4BDC-BB72-66F65C4A549E}.NPSearch|x64.Build.0 = Debug|x64
		{9A9B51F2-F7A0-4BDC-BB72-66F65C4A549E}.NPSearch|x86.ActiveCfg = Debug|Any CPU
		{9A9B51F2-F7A0-4BDC-BB72-66F65C4A549E}.NPSearch|x86.Build.0 = Debug|Any CPU
		{9A9B51F2-F7A0-4BDC-BB72-66F65C4A549E}.PlantMAT|Any CPU.ActiveCfg = Debug|Any CPU
		{9A9B51F2-F7A0-4BDC-BB72-66F65C4A549E}.PlantMAT|Any CPU.Build.0 = Debug|Any CPU
		{9A9B51F2-F7A0-4BDC-BB72-66F65C4A549E}.PlantMAT|x64.ActiveCfg = Debug|x64
		{9A9B51F2-F7A0-4BDC-BB72-66F65C4A549E}.PlantMAT|x64.Build.0 = Debug|x64
		{9A9B51F2-F7A0-4BDC-BB72-66F65C4A549E}.PlantMAT|x86.ActiveCfg = Debug|Any CPU
		{9A9B51F2-F7A0-4BDC-BB72-66F65C4A549E}.PlantMAT|x86.Build.0 = Debug|Any CPU
		{9A9B51F2-F7A0-4BDC-BB72-66F65C4A549E}.Release|Any CPU.ActiveCfg = Release|Any CPU
		{9A9B51F2-F7A0-4BDC-BB72-66F65C4A549E}.Release|Any CPU.Build.0 = Release|Any CPU
		{9A9B51F2-F7A0-4BDC-BB72-66F65C4A549E}.Release|x64.ActiveCfg = Release|x64
		{9A9B51F2-F7A0-4BDC-BB72-66F65C4A549E}.Release|x64.Build.0 = Release|x64
		{9A9B51F2-F7A0-4BDC-BB72-66F65C4A549E}.Release|x86.ActiveCfg = Release|Any CPU
		{9A9B51F2-F7A0-4BDC-BB72-66F65C4A549E}.Release|x86.Build.0 = Release|Any CPU
		{9A9B51F2-F7A0-4BDC-BB72-66F65C4A549E}.Rsharp_app_release|Any CPU.ActiveCfg = Rsharp_app_release|Any CPU
		{9A9B51F2-F7A0-4BDC-BB72-66F65C4A549E}.Rsharp_app_release|Any CPU.Build.0 = Rsharp_app_release|Any CPU
		{9A9B51F2-F7A0-4BDC-BB72-66F65C4A549E}.Rsharp_app_release|x64.ActiveCfg = Rsharp_app_release|x64
		{9A9B51F2-F7A0-4BDC-BB72-66F65C4A549E}.Rsharp_app_release|x64.Build.0 = Rsharp_app_release|x64
		{9A9B51F2-F7A0-4BDC-BB72-66F65C4A549E}.Rsharp_app_release|x86.ActiveCfg = Rsharp_app_release|Any CPU
		{9A9B51F2-F7A0-4BDC-BB72-66F65C4A549E}.Rsharp_app_release|x86.Build.0 = Rsharp_app_release|Any CPU
		{AB097507-710A-4A3C-8847-A38D8B9588C1}.Debug|Any CPU.ActiveCfg = Debug|Any CPU
		{AB097507-710A-4A3C-8847-A38D8B9588C1}.Debug|Any CPU.Build.0 = Debug|Any CPU
		{AB097507-710A-4A3C-8847-A38D8B9588C1}.Debug|x64.ActiveCfg = Debug|x64
		{AB097507-710A-4A3C-8847-A38D8B9588C1}.Debug|x64.Build.0 = Debug|x64
		{AB097507-710A-4A3C-8847-A38D8B9588C1}.Debug|x86.ActiveCfg = Debug|Any CPU
		{AB097507-710A-4A3C-8847-A38D8B9588C1}.Debug|x86.Build.0 = Debug|Any CPU
		{AB097507-710A-4A3C-8847-A38D8B9588C1}.gcmodeller_desktop|Any CPU.ActiveCfg = gcmodeller_desktop|Any CPU
		{AB097507-710A-4A3C-8847-A38D8B9588C1}.gcmodeller_desktop|Any CPU.Build.0 = gcmodeller_desktop|Any CPU
		{AB097507-710A-4A3C-8847-A38D8B9588C1}.gcmodeller_desktop|x64.ActiveCfg = gcmodeller_desktop|x64
		{AB097507-710A-4A3C-8847-A38D8B9588C1}.gcmodeller_desktop|x64.Build.0 = gcmodeller_desktop|x64
		{AB097507-710A-4A3C-8847-A38D8B9588C1}.gcmodeller_desktop|x86.ActiveCfg = gcmodeller_desktop|Any CPU
		{AB097507-710A-4A3C-8847-A38D8B9588C1}.gcmodeller_desktop|x86.Build.0 = gcmodeller_desktop|Any CPU
		{AB097507-710A-4A3C-8847-A38D8B9588C1}.LipidSearch|Any CPU.ActiveCfg = Debug|Any CPU
		{AB097507-710A-4A3C-8847-A38D8B9588C1}.LipidSearch|Any CPU.Build.0 = Debug|Any CPU
		{AB097507-710A-4A3C-8847-A38D8B9588C1}.LipidSearch|x64.ActiveCfg = Debug|x64
		{AB097507-710A-4A3C-8847-A38D8B9588C1}.LipidSearch|x64.Build.0 = Debug|x64
		{AB097507-710A-4A3C-8847-A38D8B9588C1}.LipidSearch|x86.ActiveCfg = Debug|Any CPU
		{AB097507-710A-4A3C-8847-A38D8B9588C1}.LipidSearch|x86.Build.0 = Debug|Any CPU
		{AB097507-710A-4A3C-8847-A38D8B9588C1}.mzkit_win32|Any CPU.ActiveCfg = mzkit_win32|Any CPU
		{AB097507-710A-4A3C-8847-A38D8B9588C1}.mzkit_win32|Any CPU.Build.0 = mzkit_win32|Any CPU
		{AB097507-710A-4A3C-8847-A38D8B9588C1}.mzkit_win32|x64.ActiveCfg = mzkit_win32|x64
		{AB097507-710A-4A3C-8847-A38D8B9588C1}.mzkit_win32|x64.Build.0 = mzkit_win32|x64
		{AB097507-710A-4A3C-8847-A38D8B9588C1}.mzkit_win32|x86.ActiveCfg = mzkit_win32|Any CPU
		{AB097507-710A-4A3C-8847-A38D8B9588C1}.mzkit_win32|x86.Build.0 = mzkit_win32|Any CPU
		{AB097507-710A-4A3C-8847-A38D8B9588C1}.mzkit|Any CPU.ActiveCfg = mzkit|Any CPU
		{AB097507-710A-4A3C-8847-A38D8B9588C1}.mzkit|Any CPU.Build.0 = mzkit|Any CPU
		{AB097507-710A-4A3C-8847-A38D8B9588C1}.mzkit|x64.ActiveCfg = mzkit|x64
		{AB097507-710A-4A3C-8847-A38D8B9588C1}.mzkit|x64.Build.0 = mzkit|x64
		{AB097507-710A-4A3C-8847-A38D8B9588C1}.mzkit|x86.ActiveCfg = mzkit|Any CPU
		{AB097507-710A-4A3C-8847-A38D8B9588C1}.mzkit|x86.Build.0 = mzkit|Any CPU
		{AB097507-710A-4A3C-8847-A38D8B9588C1}.NPSearch|Any CPU.ActiveCfg = Debug|Any CPU
		{AB097507-710A-4A3C-8847-A38D8B9588C1}.NPSearch|Any CPU.Build.0 = Debug|Any CPU
		{AB097507-710A-4A3C-8847-A38D8B9588C1}.NPSearch|x64.ActiveCfg = Debug|x64
		{AB097507-710A-4A3C-8847-A38D8B9588C1}.NPSearch|x64.Build.0 = Debug|x64
		{AB097507-710A-4A3C-8847-A38D8B9588C1}.NPSearch|x86.ActiveCfg = Debug|Any CPU
		{AB097507-710A-4A3C-8847-A38D8B9588C1}.NPSearch|x86.Build.0 = Debug|Any CPU
		{AB097507-710A-4A3C-8847-A38D8B9588C1}.PlantMAT|Any CPU.ActiveCfg = Debug|Any CPU
		{AB097507-710A-4A3C-8847-A38D8B9588C1}.PlantMAT|Any CPU.Build.0 = Debug|Any CPU
		{AB097507-710A-4A3C-8847-A38D8B9588C1}.PlantMAT|x64.ActiveCfg = Debug|x64
		{AB097507-710A-4A3C-8847-A38D8B9588C1}.PlantMAT|x64.Build.0 = Debug|x64
		{AB097507-710A-4A3C-8847-A38D8B9588C1}.PlantMAT|x86.ActiveCfg = Debug|Any CPU
		{AB097507-710A-4A3C-8847-A38D8B9588C1}.PlantMAT|x86.Build.0 = Debug|Any CPU
		{AB097507-710A-4A3C-8847-A38D8B9588C1}.Release|Any CPU.ActiveCfg = Release|Any CPU
		{AB097507-710A-4A3C-8847-A38D8B9588C1}.Release|Any CPU.Build.0 = Release|Any CPU
		{AB097507-710A-4A3C-8847-A38D8B9588C1}.Release|x64.ActiveCfg = Release|x64
		{AB097507-710A-4A3C-8847-A38D8B9588C1}.Release|x64.Build.0 = Release|x64
		{AB097507-710A-4A3C-8847-A38D8B9588C1}.Release|x86.ActiveCfg = Release|Any CPU
		{AB097507-710A-4A3C-8847-A38D8B9588C1}.Release|x86.Build.0 = Release|Any CPU
		{AB097507-710A-4A3C-8847-A38D8B9588C1}.Rsharp_app_release|Any CPU.ActiveCfg = Rsharp_app_release|Any CPU
		{AB097507-710A-4A3C-8847-A38D8B9588C1}.Rsharp_app_release|Any CPU.Build.0 = Rsharp_app_release|Any CPU
		{AB097507-710A-4A3C-8847-A38D8B9588C1}.Rsharp_app_release|x64.ActiveCfg = Rsharp_app_release|x64
		{AB097507-710A-4A3C-8847-A38D8B9588C1}.Rsharp_app_release|x64.Build.0 = Rsharp_app_release|x64
		{AB097507-710A-4A3C-8847-A38D8B9588C1}.Rsharp_app_release|x86.ActiveCfg = Rsharp_app_release|Any CPU
		{AB097507-710A-4A3C-8847-A38D8B9588C1}.Rsharp_app_release|x86.Build.0 = Rsharp_app_release|Any CPU
		{B5861068-3ACC-06DE-405D-3DE60E94084B}.Debug|Any CPU.ActiveCfg = Debug|Any CPU
		{B5861068-3ACC-06DE-405D-3DE60E94084B}.Debug|Any CPU.Build.0 = Debug|Any CPU
		{B5861068-3ACC-06DE-405D-3DE60E94084B}.Debug|x64.ActiveCfg = Debug|x64
		{B5861068-3ACC-06DE-405D-3DE60E94084B}.Debug|x64.Build.0 = Debug|x64
		{B5861068-3ACC-06DE-405D-3DE60E94084B}.Debug|x86.ActiveCfg = Debug|Any CPU
		{B5861068-3ACC-06DE-405D-3DE60E94084B}.Debug|x86.Build.0 = Debug|Any CPU
		{B5861068-3ACC-06DE-405D-3DE60E94084B}.gcmodeller_desktop|Any CPU.ActiveCfg = Rsharp_app_release|Any CPU
		{B5861068-3ACC-06DE-405D-3DE60E94084B}.gcmodeller_desktop|Any CPU.Build.0 = Rsharp_app_release|Any CPU
		{B5861068-3ACC-06DE-405D-3DE60E94084B}.gcmodeller_desktop|x64.ActiveCfg = Rsharp_app_release|x64
		{B5861068-3ACC-06DE-405D-3DE60E94084B}.gcmodeller_desktop|x64.Build.0 = Rsharp_app_release|x64
		{B5861068-3ACC-06DE-405D-3DE60E94084B}.gcmodeller_desktop|x86.ActiveCfg = Rsharp_app_release|Any CPU
		{B5861068-3ACC-06DE-405D-3DE60E94084B}.gcmodeller_desktop|x86.Build.0 = Rsharp_app_release|Any CPU
		{B5861068-3ACC-06DE-405D-3DE60E94084B}.LipidSearch|Any CPU.ActiveCfg = Rsharp_app_release|Any CPU
		{B5861068-3ACC-06DE-405D-3DE60E94084B}.LipidSearch|Any CPU.Build.0 = Rsharp_app_release|Any CPU
		{B5861068-3ACC-06DE-405D-3DE60E94084B}.LipidSearch|x64.ActiveCfg = Rsharp_app_release|x64
		{B5861068-3ACC-06DE-405D-3DE60E94084B}.LipidSearch|x64.Build.0 = Rsharp_app_release|x64
		{B5861068-3ACC-06DE-405D-3DE60E94084B}.LipidSearch|x86.ActiveCfg = Rsharp_app_release|Any CPU
		{B5861068-3ACC-06DE-405D-3DE60E94084B}.LipidSearch|x86.Build.0 = Rsharp_app_release|Any CPU
		{B5861068-3ACC-06DE-405D-3DE60E94084B}.mzkit_win32|Any CPU.ActiveCfg = Rsharp_app_release|Any CPU
		{B5861068-3ACC-06DE-405D-3DE60E94084B}.mzkit_win32|Any CPU.Build.0 = Rsharp_app_release|Any CPU
		{B5861068-3ACC-06DE-405D-3DE60E94084B}.mzkit_win32|x64.ActiveCfg = Rsharp_app_release|x64
		{B5861068-3ACC-06DE-405D-3DE60E94084B}.mzkit_win32|x64.Build.0 = Rsharp_app_release|x64
		{B5861068-3ACC-06DE-405D-3DE60E94084B}.mzkit_win32|x86.ActiveCfg = Rsharp_app_release|Any CPU
		{B5861068-3ACC-06DE-405D-3DE60E94084B}.mzkit_win32|x86.Build.0 = Rsharp_app_release|Any CPU
		{B5861068-3ACC-06DE-405D-3DE60E94084B}.mzkit|Any CPU.ActiveCfg = Debug|Any CPU
		{B5861068-3ACC-06DE-405D-3DE60E94084B}.mzkit|Any CPU.Build.0 = Debug|Any CPU
		{B5861068-3ACC-06DE-405D-3DE60E94084B}.mzkit|x64.ActiveCfg = Debug|x64
		{B5861068-3ACC-06DE-405D-3DE60E94084B}.mzkit|x64.Build.0 = Debug|x64
		{B5861068-3ACC-06DE-405D-3DE60E94084B}.mzkit|x86.ActiveCfg = Debug|Any CPU
		{B5861068-3ACC-06DE-405D-3DE60E94084B}.mzkit|x86.Build.0 = Debug|Any CPU
		{B5861068-3ACC-06DE-405D-3DE60E94084B}.NPSearch|Any CPU.ActiveCfg = Rsharp_app_release|Any CPU
		{B5861068-3ACC-06DE-405D-3DE60E94084B}.NPSearch|Any CPU.Build.0 = Rsharp_app_release|Any CPU
		{B5861068-3ACC-06DE-405D-3DE60E94084B}.NPSearch|x64.ActiveCfg = Rsharp_app_release|x64
		{B5861068-3ACC-06DE-405D-3DE60E94084B}.NPSearch|x64.Build.0 = Rsharp_app_release|x64
		{B5861068-3ACC-06DE-405D-3DE60E94084B}.NPSearch|x86.ActiveCfg = Rsharp_app_release|Any CPU
		{B5861068-3ACC-06DE-405D-3DE60E94084B}.NPSearch|x86.Build.0 = Rsharp_app_release|Any CPU
		{B5861068-3ACC-06DE-405D-3DE60E94084B}.PlantMAT|Any CPU.ActiveCfg = Rsharp_app_release|Any CPU
		{B5861068-3ACC-06DE-405D-3DE60E94084B}.PlantMAT|Any CPU.Build.0 = Rsharp_app_release|Any CPU
		{B5861068-3ACC-06DE-405D-3DE60E94084B}.PlantMAT|x64.ActiveCfg = Rsharp_app_release|x64
		{B5861068-3ACC-06DE-405D-3DE60E94084B}.PlantMAT|x64.Build.0 = Rsharp_app_release|x64
		{B5861068-3ACC-06DE-405D-3DE60E94084B}.PlantMAT|x86.ActiveCfg = Rsharp_app_release|Any CPU
		{B5861068-3ACC-06DE-405D-3DE60E94084B}.PlantMAT|x86.Build.0 = Rsharp_app_release|Any CPU
		{B5861068-3ACC-06DE-405D-3DE60E94084B}.Release|Any CPU.ActiveCfg = Release|Any CPU
		{B5861068-3ACC-06DE-405D-3DE60E94084B}.Release|Any CPU.Build.0 = Release|Any CPU
		{B5861068-3ACC-06DE-405D-3DE60E94084B}.Release|x64.ActiveCfg = Release|x64
		{B5861068-3ACC-06DE-405D-3DE60E94084B}.Release|x64.Build.0 = Release|x64
		{B5861068-3ACC-06DE-405D-3DE60E94084B}.Release|x86.ActiveCfg = Release|Any CPU
		{B5861068-3ACC-06DE-405D-3DE60E94084B}.Release|x86.Build.0 = Release|Any CPU
		{B5861068-3ACC-06DE-405D-3DE60E94084B}.Rsharp_app_release|Any CPU.ActiveCfg = Rsharp_app_release|Any CPU
		{B5861068-3ACC-06DE-405D-3DE60E94084B}.Rsharp_app_release|Any CPU.Build.0 = Rsharp_app_release|Any CPU
		{B5861068-3ACC-06DE-405D-3DE60E94084B}.Rsharp_app_release|x64.ActiveCfg = Rsharp_app_release|x64
		{B5861068-3ACC-06DE-405D-3DE60E94084B}.Rsharp_app_release|x64.Build.0 = Rsharp_app_release|x64
		{B5861068-3ACC-06DE-405D-3DE60E94084B}.Rsharp_app_release|x86.ActiveCfg = Rsharp_app_release|Any CPU
		{B5861068-3ACC-06DE-405D-3DE60E94084B}.Rsharp_app_release|x86.Build.0 = Rsharp_app_release|Any CPU
		{1722AEB7-E4CC-D1AE-9D8B-C00F47C6056A}.Debug|Any CPU.ActiveCfg = Debug|Any CPU
		{1722AEB7-E4CC-D1AE-9D8B-C00F47C6056A}.Debug|Any CPU.Build.0 = Debug|Any CPU
		{1722AEB7-E4CC-D1AE-9D8B-C00F47C6056A}.Debug|x64.ActiveCfg = Debug|x64
		{1722AEB7-E4CC-D1AE-9D8B-C00F47C6056A}.Debug|x64.Build.0 = Debug|x64
		{1722AEB7-E4CC-D1AE-9D8B-C00F47C6056A}.Debug|x86.ActiveCfg = Debug|Any CPU
		{1722AEB7-E4CC-D1AE-9D8B-C00F47C6056A}.Debug|x86.Build.0 = Debug|Any CPU
		{1722AEB7-E4CC-D1AE-9D8B-C00F47C6056A}.gcmodeller_desktop|Any CPU.ActiveCfg = Rsharp_app_release|Any CPU
		{1722AEB7-E4CC-D1AE-9D8B-C00F47C6056A}.gcmodeller_desktop|Any CPU.Build.0 = Rsharp_app_release|Any CPU
		{1722AEB7-E4CC-D1AE-9D8B-C00F47C6056A}.gcmodeller_desktop|x64.ActiveCfg = Rsharp_app_release|x64
		{1722AEB7-E4CC-D1AE-9D8B-C00F47C6056A}.gcmodeller_desktop|x64.Build.0 = Rsharp_app_release|x64
		{1722AEB7-E4CC-D1AE-9D8B-C00F47C6056A}.gcmodeller_desktop|x86.ActiveCfg = Rsharp_app_release|Any CPU
		{1722AEB7-E4CC-D1AE-9D8B-C00F47C6056A}.gcmodeller_desktop|x86.Build.0 = Rsharp_app_release|Any CPU
		{1722AEB7-E4CC-D1AE-9D8B-C00F47C6056A}.LipidSearch|Any CPU.ActiveCfg = Rsharp_app_release|Any CPU
		{1722AEB7-E4CC-D1AE-9D8B-C00F47C6056A}.LipidSearch|Any CPU.Build.0 = Rsharp_app_release|Any CPU
		{1722AEB7-E4CC-D1AE-9D8B-C00F47C6056A}.LipidSearch|x64.ActiveCfg = Rsharp_app_release|x64
		{1722AEB7-E4CC-D1AE-9D8B-C00F47C6056A}.LipidSearch|x64.Build.0 = Rsharp_app_release|x64
		{1722AEB7-E4CC-D1AE-9D8B-C00F47C6056A}.LipidSearch|x86.ActiveCfg = Rsharp_app_release|Any CPU
		{1722AEB7-E4CC-D1AE-9D8B-C00F47C6056A}.LipidSearch|x86.Build.0 = Rsharp_app_release|Any CPU
		{1722AEB7-E4CC-D1AE-9D8B-C00F47C6056A}.mzkit_win32|Any CPU.ActiveCfg = Rsharp_app_release|Any CPU
		{1722AEB7-E4CC-D1AE-9D8B-C00F47C6056A}.mzkit_win32|Any CPU.Build.0 = Rsharp_app_release|Any CPU
		{1722AEB7-E4CC-D1AE-9D8B-C00F47C6056A}.mzkit_win32|x64.ActiveCfg = Rsharp_app_release|x64
		{1722AEB7-E4CC-D1AE-9D8B-C00F47C6056A}.mzkit_win32|x64.Build.0 = Rsharp_app_release|x64
		{1722AEB7-E4CC-D1AE-9D8B-C00F47C6056A}.mzkit_win32|x86.ActiveCfg = Rsharp_app_release|Any CPU
		{1722AEB7-E4CC-D1AE-9D8B-C00F47C6056A}.mzkit_win32|x86.Build.0 = Rsharp_app_release|Any CPU
		{1722AEB7-E4CC-D1AE-9D8B-C00F47C6056A}.mzkit|Any CPU.ActiveCfg = Debug|Any CPU
		{1722AEB7-E4CC-D1AE-9D8B-C00F47C6056A}.mzkit|Any CPU.Build.0 = Debug|Any CPU
		{1722AEB7-E4CC-D1AE-9D8B-C00F47C6056A}.mzkit|x64.ActiveCfg = Debug|x64
		{1722AEB7-E4CC-D1AE-9D8B-C00F47C6056A}.mzkit|x64.Build.0 = Debug|x64
		{1722AEB7-E4CC-D1AE-9D8B-C00F47C6056A}.mzkit|x86.ActiveCfg = Debug|Any CPU
		{1722AEB7-E4CC-D1AE-9D8B-C00F47C6056A}.mzkit|x86.Build.0 = Debug|Any CPU
		{1722AEB7-E4CC-D1AE-9D8B-C00F47C6056A}.NPSearch|Any CPU.ActiveCfg = MEMI-Desktop|Any CPU
		{1722AEB7-E4CC-D1AE-9D8B-C00F47C6056A}.NPSearch|Any CPU.Build.0 = MEMI-Desktop|Any CPU
		{1722AEB7-E4CC-D1AE-9D8B-C00F47C6056A}.NPSearch|x64.ActiveCfg = MEMI-Desktop|x64
		{1722AEB7-E4CC-D1AE-9D8B-C00F47C6056A}.NPSearch|x64.Build.0 = MEMI-Desktop|x64
		{1722AEB7-E4CC-D1AE-9D8B-C00F47C6056A}.NPSearch|x86.ActiveCfg = MEMI-Desktop|Any CPU
		{1722AEB7-E4CC-D1AE-9D8B-C00F47C6056A}.NPSearch|x86.Build.0 = MEMI-Desktop|Any CPU
		{1722AEB7-E4CC-D1AE-9D8B-C00F47C6056A}.PlantMAT|Any CPU.ActiveCfg = MEMI-Desktop|Any CPU
		{1722AEB7-E4CC-D1AE-9D8B-C00F47C6056A}.PlantMAT|Any CPU.Build.0 = MEMI-Desktop|Any CPU
		{1722AEB7-E4CC-D1AE-9D8B-C00F47C6056A}.PlantMAT|x64.ActiveCfg = MEMI-Desktop|x64
		{1722AEB7-E4CC-D1AE-9D8B-C00F47C6056A}.PlantMAT|x64.Build.0 = MEMI-Desktop|x64
		{1722AEB7-E4CC-D1AE-9D8B-C00F47C6056A}.PlantMAT|x86.ActiveCfg = MEMI-Desktop|Any CPU
		{1722AEB7-E4CC-D1AE-9D8B-C00F47C6056A}.PlantMAT|x86.Build.0 = MEMI-Desktop|Any CPU
		{1722AEB7-E4CC-D1AE-9D8B-C00F47C6056A}.Release|Any CPU.ActiveCfg = Release|Any CPU
		{1722AEB7-E4CC-D1AE-9D8B-C00F47C6056A}.Release|Any CPU.Build.0 = Release|Any CPU
		{1722AEB7-E4CC-D1AE-9D8B-C00F47C6056A}.Release|x64.ActiveCfg = Release|x64
		{1722AEB7-E4CC-D1AE-9D8B-C00F47C6056A}.Release|x64.Build.0 = Release|x64
		{1722AEB7-E4CC-D1AE-9D8B-C00F47C6056A}.Release|x86.ActiveCfg = Release|Any CPU
		{1722AEB7-E4CC-D1AE-9D8B-C00F47C6056A}.Release|x86.Build.0 = Release|Any CPU
		{1722AEB7-E4CC-D1AE-9D8B-C00F47C6056A}.Rsharp_app_release|Any CPU.ActiveCfg = Rsharp_app_release|Any CPU
		{1722AEB7-E4CC-D1AE-9D8B-C00F47C6056A}.Rsharp_app_release|Any CPU.Build.0 = Rsharp_app_release|Any CPU
		{1722AEB7-E4CC-D1AE-9D8B-C00F47C6056A}.Rsharp_app_release|x64.ActiveCfg = Rsharp_app_release|x64
		{1722AEB7-E4CC-D1AE-9D8B-C00F47C6056A}.Rsharp_app_release|x64.Build.0 = Rsharp_app_release|x64
		{1722AEB7-E4CC-D1AE-9D8B-C00F47C6056A}.Rsharp_app_release|x86.ActiveCfg = Rsharp_app_release|Any CPU
		{1722AEB7-E4CC-D1AE-9D8B-C00F47C6056A}.Rsharp_app_release|x86.Build.0 = Rsharp_app_release|Any CPU
		{5DABC780-D6D8-63AC-1C11-12B8D5B5CDC4}.Debug|Any CPU.ActiveCfg = Debug|Any CPU
		{5DABC780-D6D8-63AC-1C11-12B8D5B5CDC4}.Debug|Any CPU.Build.0 = Debug|Any CPU
		{5DABC780-D6D8-63AC-1C11-12B8D5B5CDC4}.Debug|x64.ActiveCfg = Debug|x64
		{5DABC780-D6D8-63AC-1C11-12B8D5B5CDC4}.Debug|x64.Build.0 = Debug|x64
		{5DABC780-D6D8-63AC-1C11-12B8D5B5CDC4}.Debug|x86.ActiveCfg = Debug|Any CPU
		{5DABC780-D6D8-63AC-1C11-12B8D5B5CDC4}.Debug|x86.Build.0 = Debug|Any CPU
		{5DABC780-D6D8-63AC-1C11-12B8D5B5CDC4}.gcmodeller_desktop|Any CPU.ActiveCfg = gcmodeller_desktop|Any CPU
		{5DABC780-D6D8-63AC-1C11-12B8D5B5CDC4}.gcmodeller_desktop|Any CPU.Build.0 = gcmodeller_desktop|Any CPU
		{5DABC780-D6D8-63AC-1C11-12B8D5B5CDC4}.gcmodeller_desktop|x64.ActiveCfg = gcmodeller_desktop|x64
		{5DABC780-D6D8-63AC-1C11-12B8D5B5CDC4}.gcmodeller_desktop|x64.Build.0 = gcmodeller_desktop|x64
		{5DABC780-D6D8-63AC-1C11-12B8D5B5CDC4}.gcmodeller_desktop|x86.ActiveCfg = gcmodeller_desktop|Any CPU
		{5DABC780-D6D8-63AC-1C11-12B8D5B5CDC4}.gcmodeller_desktop|x86.Build.0 = gcmodeller_desktop|Any CPU
		{5DABC780-D6D8-63AC-1C11-12B8D5B5CDC4}.LipidSearch|Any CPU.ActiveCfg = LipidSearch|Any CPU
		{5DABC780-D6D8-63AC-1C11-12B8D5B5CDC4}.LipidSearch|Any CPU.Build.0 = LipidSearch|Any CPU
		{5DABC780-D6D8-63AC-1C11-12B8D5B5CDC4}.LipidSearch|x64.ActiveCfg = LipidSearch|x64
		{5DABC780-D6D8-63AC-1C11-12B8D5B5CDC4}.LipidSearch|x64.Build.0 = LipidSearch|x64
		{5DABC780-D6D8-63AC-1C11-12B8D5B5CDC4}.LipidSearch|x86.ActiveCfg = LipidSearch|Any CPU
		{5DABC780-D6D8-63AC-1C11-12B8D5B5CDC4}.LipidSearch|x86.Build.0 = LipidSearch|Any CPU
		{5DABC780-D6D8-63AC-1C11-12B8D5B5CDC4}.mzkit_win32|Any CPU.ActiveCfg = mzkit_win32|Any CPU
		{5DABC780-D6D8-63AC-1C11-12B8D5B5CDC4}.mzkit_win32|Any CPU.Build.0 = mzkit_win32|Any CPU
		{5DABC780-D6D8-63AC-1C11-12B8D5B5CDC4}.mzkit_win32|x64.ActiveCfg = mzkit_win32|x64
		{5DABC780-D6D8-63AC-1C11-12B8D5B5CDC4}.mzkit_win32|x64.Build.0 = mzkit_win32|x64
		{5DABC780-D6D8-63AC-1C11-12B8D5B5CDC4}.mzkit_win32|x86.ActiveCfg = mzkit_win32|Any CPU
		{5DABC780-D6D8-63AC-1C11-12B8D5B5CDC4}.mzkit_win32|x86.Build.0 = mzkit_win32|Any CPU
		{5DABC780-D6D8-63AC-1C11-12B8D5B5CDC4}.mzkit|Any CPU.ActiveCfg = mzkit|Any CPU
		{5DABC780-D6D8-63AC-1C11-12B8D5B5CDC4}.mzkit|Any CPU.Build.0 = mzkit|Any CPU
		{5DABC780-D6D8-63AC-1C11-12B8D5B5CDC4}.mzkit|x64.ActiveCfg = mzkit|x64
		{5DABC780-D6D8-63AC-1C11-12B8D5B5CDC4}.mzkit|x64.Build.0 = mzkit|x64
		{5DABC780-D6D8-63AC-1C11-12B8D5B5CDC4}.mzkit|x86.ActiveCfg = mzkit|Any CPU
		{5DABC780-D6D8-63AC-1C11-12B8D5B5CDC4}.mzkit|x86.Build.0 = mzkit|Any CPU
		{5DABC780-D6D8-63AC-1C11-12B8D5B5CDC4}.NPSearch|Any CPU.ActiveCfg = NPSearch|Any CPU
		{5DABC780-D6D8-63AC-1C11-12B8D5B5CDC4}.NPSearch|Any CPU.Build.0 = NPSearch|Any CPU
		{5DABC780-D6D8-63AC-1C11-12B8D5B5CDC4}.NPSearch|x64.ActiveCfg = NPSearch|x64
		{5DABC780-D6D8-63AC-1C11-12B8D5B5CDC4}.NPSearch|x64.Build.0 = NPSearch|x64
		{5DABC780-D6D8-63AC-1C11-12B8D5B5CDC4}.NPSearch|x86.ActiveCfg = NPSearch|Any CPU
		{5DABC780-D6D8-63AC-1C11-12B8D5B5CDC4}.NPSearch|x86.Build.0 = NPSearch|Any CPU
		{5DABC780-D6D8-63AC-1C11-12B8D5B5CDC4}.PlantMAT|Any CPU.ActiveCfg = PlantMAT|Any CPU
		{5DABC780-D6D8-63AC-1C11-12B8D5B5CDC4}.PlantMAT|Any CPU.Build.0 = PlantMAT|Any CPU
		{5DABC780-D6D8-63AC-1C11-12B8D5B5CDC4}.PlantMAT|x64.ActiveCfg = PlantMAT|x64
		{5DABC780-D6D8-63AC-1C11-12B8D5B5CDC4}.PlantMAT|x64.Build.0 = PlantMAT|x64
		{5DABC780-D6D8-63AC-1C11-12B8D5B5CDC4}.PlantMAT|x86.ActiveCfg = PlantMAT|Any CPU
		{5DABC780-D6D8-63AC-1C11-12B8D5B5CDC4}.PlantMAT|x86.Build.0 = PlantMAT|Any CPU
		{5DABC780-D6D8-63AC-1C11-12B8D5B5CDC4}.Release|Any CPU.ActiveCfg = Release|Any CPU
		{5DABC780-D6D8-63AC-1C11-12B8D5B5CDC4}.Release|Any CPU.Build.0 = Release|Any CPU
		{5DABC780-D6D8-63AC-1C11-12B8D5B5CDC4}.Release|x64.ActiveCfg = Release|x64
		{5DABC780-D6D8-63AC-1C11-12B8D5B5CDC4}.Release|x64.Build.0 = Release|x64
		{5DABC780-D6D8-63AC-1C11-12B8D5B5CDC4}.Release|x86.ActiveCfg = Release|Any CPU
		{5DABC780-D6D8-63AC-1C11-12B8D5B5CDC4}.Release|x86.Build.0 = Release|Any CPU
		{5DABC780-D6D8-63AC-1C11-12B8D5B5CDC4}.Rsharp_app_release|Any CPU.ActiveCfg = Rsharp_app_release|Any CPU
		{5DABC780-D6D8-63AC-1C11-12B8D5B5CDC4}.Rsharp_app_release|Any CPU.Build.0 = Rsharp_app_release|Any CPU
		{5DABC780-D6D8-63AC-1C11-12B8D5B5CDC4}.Rsharp_app_release|x64.ActiveCfg = Rsharp_app_release|x64
		{5DABC780-D6D8-63AC-1C11-12B8D5B5CDC4}.Rsharp_app_release|x64.Build.0 = Rsharp_app_release|x64
		{5DABC780-D6D8-63AC-1C11-12B8D5B5CDC4}.Rsharp_app_release|x86.ActiveCfg = Rsharp_app_release|Any CPU
		{5DABC780-D6D8-63AC-1C11-12B8D5B5CDC4}.Rsharp_app_release|x86.Build.0 = Rsharp_app_release|Any CPU
		{F5171153-AEE8-69B3-0273-1D621019EC9B}.Debug|Any CPU.ActiveCfg = Debug|Any CPU
		{F5171153-AEE8-69B3-0273-1D621019EC9B}.Debug|Any CPU.Build.0 = Debug|Any CPU
		{F5171153-AEE8-69B3-0273-1D621019EC9B}.Debug|x64.ActiveCfg = Debug|x64
		{F5171153-AEE8-69B3-0273-1D621019EC9B}.Debug|x64.Build.0 = Debug|x64
		{F5171153-AEE8-69B3-0273-1D621019EC9B}.Debug|x86.ActiveCfg = Debug|Any CPU
		{F5171153-AEE8-69B3-0273-1D621019EC9B}.Debug|x86.Build.0 = Debug|Any CPU
		{F5171153-AEE8-69B3-0273-1D621019EC9B}.gcmodeller_desktop|Any CPU.ActiveCfg = gcmodeller_desktop|Any CPU
		{F5171153-AEE8-69B3-0273-1D621019EC9B}.gcmodeller_desktop|Any CPU.Build.0 = gcmodeller_desktop|Any CPU
		{F5171153-AEE8-69B3-0273-1D621019EC9B}.gcmodeller_desktop|x64.ActiveCfg = gcmodeller_desktop|x64
		{F5171153-AEE8-69B3-0273-1D621019EC9B}.gcmodeller_desktop|x64.Build.0 = gcmodeller_desktop|x64
		{F5171153-AEE8-69B3-0273-1D621019EC9B}.gcmodeller_desktop|x86.ActiveCfg = gcmodeller_desktop|Any CPU
		{F5171153-AEE8-69B3-0273-1D621019EC9B}.gcmodeller_desktop|x86.Build.0 = gcmodeller_desktop|Any CPU
		{F5171153-AEE8-69B3-0273-1D621019EC9B}.LipidSearch|Any CPU.ActiveCfg = LipidSearch|Any CPU
		{F5171153-AEE8-69B3-0273-1D621019EC9B}.LipidSearch|Any CPU.Build.0 = LipidSearch|Any CPU
		{F5171153-AEE8-69B3-0273-1D621019EC9B}.LipidSearch|x64.ActiveCfg = LipidSearch|x64
		{F5171153-AEE8-69B3-0273-1D621019EC9B}.LipidSearch|x64.Build.0 = LipidSearch|x64
		{F5171153-AEE8-69B3-0273-1D621019EC9B}.LipidSearch|x86.ActiveCfg = LipidSearch|Any CPU
		{F5171153-AEE8-69B3-0273-1D621019EC9B}.LipidSearch|x86.Build.0 = LipidSearch|Any CPU
		{F5171153-AEE8-69B3-0273-1D621019EC9B}.mzkit_win32|Any CPU.ActiveCfg = mzkit_win32|Any CPU
		{F5171153-AEE8-69B3-0273-1D621019EC9B}.mzkit_win32|Any CPU.Build.0 = mzkit_win32|Any CPU
		{F5171153-AEE8-69B3-0273-1D621019EC9B}.mzkit_win32|x64.ActiveCfg = mzkit_win32|x64
		{F5171153-AEE8-69B3-0273-1D621019EC9B}.mzkit_win32|x64.Build.0 = mzkit_win32|x64
		{F5171153-AEE8-69B3-0273-1D621019EC9B}.mzkit_win32|x86.ActiveCfg = mzkit_win32|Any CPU
		{F5171153-AEE8-69B3-0273-1D621019EC9B}.mzkit_win32|x86.Build.0 = mzkit_win32|Any CPU
		{F5171153-AEE8-69B3-0273-1D621019EC9B}.mzkit|Any CPU.ActiveCfg = mzkit|Any CPU
		{F5171153-AEE8-69B3-0273-1D621019EC9B}.mzkit|Any CPU.Build.0 = mzkit|Any CPU
		{F5171153-AEE8-69B3-0273-1D621019EC9B}.mzkit|x64.ActiveCfg = mzkit|x64
		{F5171153-AEE8-69B3-0273-1D621019EC9B}.mzkit|x64.Build.0 = mzkit|x64
		{F5171153-AEE8-69B3-0273-1D621019EC9B}.mzkit|x86.ActiveCfg = mzkit|Any CPU
		{F5171153-AEE8-69B3-0273-1D621019EC9B}.mzkit|x86.Build.0 = mzkit|Any CPU
		{F5171153-AEE8-69B3-0273-1D621019EC9B}.NPSearch|Any CPU.ActiveCfg = NPSearch|Any CPU
		{F5171153-AEE8-69B3-0273-1D621019EC9B}.NPSearch|Any CPU.Build.0 = NPSearch|Any CPU
		{F5171153-AEE8-69B3-0273-1D621019EC9B}.NPSearch|x64.ActiveCfg = NPSearch|x64
		{F5171153-AEE8-69B3-0273-1D621019EC9B}.NPSearch|x64.Build.0 = NPSearch|x64
		{F5171153-AEE8-69B3-0273-1D621019EC9B}.NPSearch|x86.ActiveCfg = NPSearch|Any CPU
		{F5171153-AEE8-69B3-0273-1D621019EC9B}.NPSearch|x86.Build.0 = NPSearch|Any CPU
		{F5171153-AEE8-69B3-0273-1D621019EC9B}.PlantMAT|Any CPU.ActiveCfg = PlantMAT|Any CPU
		{F5171153-AEE8-69B3-0273-1D621019EC9B}.PlantMAT|Any CPU.Build.0 = PlantMAT|Any CPU
		{F5171153-AEE8-69B3-0273-1D621019EC9B}.PlantMAT|x64.ActiveCfg = PlantMAT|x64
		{F5171153-AEE8-69B3-0273-1D621019EC9B}.PlantMAT|x64.Build.0 = PlantMAT|x64
		{F5171153-AEE8-69B3-0273-1D621019EC9B}.PlantMAT|x86.ActiveCfg = PlantMAT|Any CPU
		{F5171153-AEE8-69B3-0273-1D621019EC9B}.PlantMAT|x86.Build.0 = PlantMAT|Any CPU
		{F5171153-AEE8-69B3-0273-1D621019EC9B}.Release|Any CPU.ActiveCfg = Release|Any CPU
		{F5171153-AEE8-69B3-0273-1D621019EC9B}.Release|Any CPU.Build.0 = Release|Any CPU
		{F5171153-AEE8-69B3-0273-1D621019EC9B}.Release|x64.ActiveCfg = Release|x64
		{F5171153-AEE8-69B3-0273-1D621019EC9B}.Release|x64.Build.0 = Release|x64
		{F5171153-AEE8-69B3-0273-1D621019EC9B}.Release|x86.ActiveCfg = Release|Any CPU
		{F5171153-AEE8-69B3-0273-1D621019EC9B}.Release|x86.Build.0 = Release|Any CPU
		{F5171153-AEE8-69B3-0273-1D621019EC9B}.Rsharp_app_release|Any CPU.ActiveCfg = Rsharp_app_release|Any CPU
		{F5171153-AEE8-69B3-0273-1D621019EC9B}.Rsharp_app_release|Any CPU.Build.0 = Rsharp_app_release|Any CPU
		{F5171153-AEE8-69B3-0273-1D621019EC9B}.Rsharp_app_release|x64.ActiveCfg = Rsharp_app_release|x64
		{F5171153-AEE8-69B3-0273-1D621019EC9B}.Rsharp_app_release|x64.Build.0 = Rsharp_app_release|x64
		{F5171153-AEE8-69B3-0273-1D621019EC9B}.Rsharp_app_release|x86.ActiveCfg = Rsharp_app_release|Any CPU
		{F5171153-AEE8-69B3-0273-1D621019EC9B}.Rsharp_app_release|x86.Build.0 = Rsharp_app_release|Any CPU
		{34E801C2-C03D-1C1C-7C22-EFA8CE7782A3}.Debug|Any CPU.ActiveCfg = Debug|Any CPU
		{34E801C2-C03D-1C1C-7C22-EFA8CE7782A3}.Debug|Any CPU.Build.0 = Debug|Any CPU
		{34E801C2-C03D-1C1C-7C22-EFA8CE7782A3}.Debug|x64.ActiveCfg = Debug|x64
		{34E801C2-C03D-1C1C-7C22-EFA8CE7782A3}.Debug|x64.Build.0 = Debug|x64
		{34E801C2-C03D-1C1C-7C22-EFA8CE7782A3}.Debug|x86.ActiveCfg = Debug|x86
		{34E801C2-C03D-1C1C-7C22-EFA8CE7782A3}.Debug|x86.Build.0 = Debug|x86
		{34E801C2-C03D-1C1C-7C22-EFA8CE7782A3}.gcmodeller_desktop|Any CPU.ActiveCfg = gcmodeller_desktop|Any CPU
		{34E801C2-C03D-1C1C-7C22-EFA8CE7782A3}.gcmodeller_desktop|Any CPU.Build.0 = gcmodeller_desktop|Any CPU
		{34E801C2-C03D-1C1C-7C22-EFA8CE7782A3}.gcmodeller_desktop|x64.ActiveCfg = gcmodeller_desktop|x64
		{34E801C2-C03D-1C1C-7C22-EFA8CE7782A3}.gcmodeller_desktop|x64.Build.0 = gcmodeller_desktop|x64
		{34E801C2-C03D-1C1C-7C22-EFA8CE7782A3}.gcmodeller_desktop|x86.ActiveCfg = gcmodeller_desktop|x86
		{34E801C2-C03D-1C1C-7C22-EFA8CE7782A3}.gcmodeller_desktop|x86.Build.0 = gcmodeller_desktop|x86
		{34E801C2-C03D-1C1C-7C22-EFA8CE7782A3}.LipidSearch|Any CPU.ActiveCfg = LipidSearch|Any CPU
		{34E801C2-C03D-1C1C-7C22-EFA8CE7782A3}.LipidSearch|Any CPU.Build.0 = LipidSearch|Any CPU
		{34E801C2-C03D-1C1C-7C22-EFA8CE7782A3}.LipidSearch|x64.ActiveCfg = LipidSearch|x64
		{34E801C2-C03D-1C1C-7C22-EFA8CE7782A3}.LipidSearch|x64.Build.0 = LipidSearch|x64
		{34E801C2-C03D-1C1C-7C22-EFA8CE7782A3}.LipidSearch|x86.ActiveCfg = LipidSearch|x86
		{34E801C2-C03D-1C1C-7C22-EFA8CE7782A3}.LipidSearch|x86.Build.0 = LipidSearch|x86
		{34E801C2-C03D-1C1C-7C22-EFA8CE7782A3}.mzkit_win32|Any CPU.ActiveCfg = mzkit_win32|Any CPU
		{34E801C2-C03D-1C1C-7C22-EFA8CE7782A3}.mzkit_win32|Any CPU.Build.0 = mzkit_win32|Any CPU
		{34E801C2-C03D-1C1C-7C22-EFA8CE7782A3}.mzkit_win32|x64.ActiveCfg = mzkit_win32|x64
		{34E801C2-C03D-1C1C-7C22-EFA8CE7782A3}.mzkit_win32|x64.Build.0 = mzkit_win32|x64
		{34E801C2-C03D-1C1C-7C22-EFA8CE7782A3}.mzkit_win32|x86.ActiveCfg = mzkit_win32|x86
		{34E801C2-C03D-1C1C-7C22-EFA8CE7782A3}.mzkit_win32|x86.Build.0 = mzkit_win32|x86
		{34E801C2-C03D-1C1C-7C22-EFA8CE7782A3}.mzkit|Any CPU.ActiveCfg = mzkit|Any CPU
		{34E801C2-C03D-1C1C-7C22-EFA8CE7782A3}.mzkit|Any CPU.Build.0 = mzkit|Any CPU
		{34E801C2-C03D-1C1C-7C22-EFA8CE7782A3}.mzkit|x64.ActiveCfg = mzkit|x64
		{34E801C2-C03D-1C1C-7C22-EFA8CE7782A3}.mzkit|x64.Build.0 = mzkit|x64
		{34E801C2-C03D-1C1C-7C22-EFA8CE7782A3}.mzkit|x86.ActiveCfg = mzkit|x86
		{34E801C2-C03D-1C1C-7C22-EFA8CE7782A3}.mzkit|x86.Build.0 = mzkit|x86
		{34E801C2-C03D-1C1C-7C22-EFA8CE7782A3}.NPSearch|Any CPU.ActiveCfg = NPSearch|Any CPU
		{34E801C2-C03D-1C1C-7C22-EFA8CE7782A3}.NPSearch|Any CPU.Build.0 = NPSearch|Any CPU
		{34E801C2-C03D-1C1C-7C22-EFA8CE7782A3}.NPSearch|x64.ActiveCfg = NPSearch|x64
		{34E801C2-C03D-1C1C-7C22-EFA8CE7782A3}.NPSearch|x64.Build.0 = NPSearch|x64
		{34E801C2-C03D-1C1C-7C22-EFA8CE7782A3}.NPSearch|x86.ActiveCfg = NPSearch|x86
		{34E801C2-C03D-1C1C-7C22-EFA8CE7782A3}.NPSearch|x86.Build.0 = NPSearch|x86
		{34E801C2-C03D-1C1C-7C22-EFA8CE7782A3}.PlantMAT|Any CPU.ActiveCfg = LipidSearch|Any CPU
		{34E801C2-C03D-1C1C-7C22-EFA8CE7782A3}.PlantMAT|Any CPU.Build.0 = LipidSearch|Any CPU
		{34E801C2-C03D-1C1C-7C22-EFA8CE7782A3}.PlantMAT|x64.ActiveCfg = LipidSearch|x64
		{34E801C2-C03D-1C1C-7C22-EFA8CE7782A3}.PlantMAT|x64.Build.0 = LipidSearch|x64
		{34E801C2-C03D-1C1C-7C22-EFA8CE7782A3}.PlantMAT|x86.ActiveCfg = LipidSearch|x86
		{34E801C2-C03D-1C1C-7C22-EFA8CE7782A3}.PlantMAT|x86.Build.0 = LipidSearch|x86
		{34E801C2-C03D-1C1C-7C22-EFA8CE7782A3}.Release|Any CPU.ActiveCfg = Release|Any CPU
		{34E801C2-C03D-1C1C-7C22-EFA8CE7782A3}.Release|Any CPU.Build.0 = Release|Any CPU
		{34E801C2-C03D-1C1C-7C22-EFA8CE7782A3}.Release|x64.ActiveCfg = Release|x64
		{34E801C2-C03D-1C1C-7C22-EFA8CE7782A3}.Release|x64.Build.0 = Release|x64
		{34E801C2-C03D-1C1C-7C22-EFA8CE7782A3}.Release|x86.ActiveCfg = Release|x86
		{34E801C2-C03D-1C1C-7C22-EFA8CE7782A3}.Release|x86.Build.0 = Release|x86
		{34E801C2-C03D-1C1C-7C22-EFA8CE7782A3}.Rsharp_app_release|Any CPU.ActiveCfg = Rsharp_app_release|Any CPU
		{34E801C2-C03D-1C1C-7C22-EFA8CE7782A3}.Rsharp_app_release|Any CPU.Build.0 = Rsharp_app_release|Any CPU
		{34E801C2-C03D-1C1C-7C22-EFA8CE7782A3}.Rsharp_app_release|x64.ActiveCfg = Rsharp_app_release|x64
		{34E801C2-C03D-1C1C-7C22-EFA8CE7782A3}.Rsharp_app_release|x64.Build.0 = Rsharp_app_release|x64
		{34E801C2-C03D-1C1C-7C22-EFA8CE7782A3}.Rsharp_app_release|x86.ActiveCfg = Rsharp_app_release|x86
		{34E801C2-C03D-1C1C-7C22-EFA8CE7782A3}.Rsharp_app_release|x86.Build.0 = Rsharp_app_release|x86
		{9C9F4004-9F8A-DB97-4B9B-267C241A815F}.Debug|Any CPU.ActiveCfg = Debug|Any CPU
		{9C9F4004-9F8A-DB97-4B9B-267C241A815F}.Debug|Any CPU.Build.0 = Debug|Any CPU
		{9C9F4004-9F8A-DB97-4B9B-267C241A815F}.Debug|x64.ActiveCfg = Debug|x64
		{9C9F4004-9F8A-DB97-4B9B-267C241A815F}.Debug|x64.Build.0 = Debug|x64
		{9C9F4004-9F8A-DB97-4B9B-267C241A815F}.Debug|x86.ActiveCfg = Debug|x86
		{9C9F4004-9F8A-DB97-4B9B-267C241A815F}.Debug|x86.Build.0 = Debug|x86
		{9C9F4004-9F8A-DB97-4B9B-267C241A815F}.gcmodeller_desktop|Any CPU.ActiveCfg = gcmodeller_desktop|Any CPU
		{9C9F4004-9F8A-DB97-4B9B-267C241A815F}.gcmodeller_desktop|Any CPU.Build.0 = gcmodeller_desktop|Any CPU
		{9C9F4004-9F8A-DB97-4B9B-267C241A815F}.gcmodeller_desktop|x64.ActiveCfg = gcmodeller_desktop|x64
		{9C9F4004-9F8A-DB97-4B9B-267C241A815F}.gcmodeller_desktop|x64.Build.0 = gcmodeller_desktop|x64
		{9C9F4004-9F8A-DB97-4B9B-267C241A815F}.gcmodeller_desktop|x86.ActiveCfg = gcmodeller_desktop|x86
		{9C9F4004-9F8A-DB97-4B9B-267C241A815F}.gcmodeller_desktop|x86.Build.0 = gcmodeller_desktop|x86
		{9C9F4004-9F8A-DB97-4B9B-267C241A815F}.LipidSearch|Any CPU.ActiveCfg = LipidSearch|Any CPU
		{9C9F4004-9F8A-DB97-4B9B-267C241A815F}.LipidSearch|Any CPU.Build.0 = LipidSearch|Any CPU
		{9C9F4004-9F8A-DB97-4B9B-267C241A815F}.LipidSearch|x64.ActiveCfg = LipidSearch|x64
		{9C9F4004-9F8A-DB97-4B9B-267C241A815F}.LipidSearch|x64.Build.0 = LipidSearch|x64
		{9C9F4004-9F8A-DB97-4B9B-267C241A815F}.LipidSearch|x86.ActiveCfg = LipidSearch|x86
		{9C9F4004-9F8A-DB97-4B9B-267C241A815F}.LipidSearch|x86.Build.0 = LipidSearch|x86
		{9C9F4004-9F8A-DB97-4B9B-267C241A815F}.mzkit_win32|Any CPU.ActiveCfg = mzkit_win32|Any CPU
		{9C9F4004-9F8A-DB97-4B9B-267C241A815F}.mzkit_win32|Any CPU.Build.0 = mzkit_win32|Any CPU
		{9C9F4004-9F8A-DB97-4B9B-267C241A815F}.mzkit_win32|x64.ActiveCfg = mzkit_win32|x64
		{9C9F4004-9F8A-DB97-4B9B-267C241A815F}.mzkit_win32|x64.Build.0 = mzkit_win32|x64
		{9C9F4004-9F8A-DB97-4B9B-267C241A815F}.mzkit_win32|x86.ActiveCfg = mzkit_win32|x86
		{9C9F4004-9F8A-DB97-4B9B-267C241A815F}.mzkit_win32|x86.Build.0 = mzkit_win32|x86
		{9C9F4004-9F8A-DB97-4B9B-267C241A815F}.mzkit|Any CPU.ActiveCfg = mzkit|Any CPU
		{9C9F4004-9F8A-DB97-4B9B-267C241A815F}.mzkit|Any CPU.Build.0 = mzkit|Any CPU
		{9C9F4004-9F8A-DB97-4B9B-267C241A815F}.mzkit|x64.ActiveCfg = mzkit|x64
		{9C9F4004-9F8A-DB97-4B9B-267C241A815F}.mzkit|x64.Build.0 = mzkit|x64
		{9C9F4004-9F8A-DB97-4B9B-267C241A815F}.mzkit|x86.ActiveCfg = mzkit|x86
		{9C9F4004-9F8A-DB97-4B9B-267C241A815F}.mzkit|x86.Build.0 = mzkit|x86
		{9C9F4004-9F8A-DB97-4B9B-267C241A815F}.NPSearch|Any CPU.ActiveCfg = NPSearch|Any CPU
		{9C9F4004-9F8A-DB97-4B9B-267C241A815F}.NPSearch|Any CPU.Build.0 = NPSearch|Any CPU
		{9C9F4004-9F8A-DB97-4B9B-267C241A815F}.NPSearch|x64.ActiveCfg = NPSearch|x64
		{9C9F4004-9F8A-DB97-4B9B-267C241A815F}.NPSearch|x64.Build.0 = NPSearch|x64
		{9C9F4004-9F8A-DB97-4B9B-267C241A815F}.NPSearch|x86.ActiveCfg = NPSearch|x86
		{9C9F4004-9F8A-DB97-4B9B-267C241A815F}.NPSearch|x86.Build.0 = NPSearch|x86
		{9C9F4004-9F8A-DB97-4B9B-267C241A815F}.PlantMAT|Any CPU.ActiveCfg = PlantMAT|Any CPU
		{9C9F4004-9F8A-DB97-4B9B-267C241A815F}.PlantMAT|Any CPU.Build.0 = PlantMAT|Any CPU
		{9C9F4004-9F8A-DB97-4B9B-267C241A815F}.PlantMAT|x64.ActiveCfg = PlantMAT|x64
		{9C9F4004-9F8A-DB97-4B9B-267C241A815F}.PlantMAT|x64.Build.0 = PlantMAT|x64
		{9C9F4004-9F8A-DB97-4B9B-267C241A815F}.PlantMAT|x86.ActiveCfg = PlantMAT|x86
		{9C9F4004-9F8A-DB97-4B9B-267C241A815F}.PlantMAT|x86.Build.0 = PlantMAT|x86
		{9C9F4004-9F8A-DB97-4B9B-267C241A815F}.Release|Any CPU.ActiveCfg = Release|Any CPU
		{9C9F4004-9F8A-DB97-4B9B-267C241A815F}.Release|Any CPU.Build.0 = Release|Any CPU
		{9C9F4004-9F8A-DB97-4B9B-267C241A815F}.Release|x64.ActiveCfg = Release|x64
		{9C9F4004-9F8A-DB97-4B9B-267C241A815F}.Release|x64.Build.0 = Release|x64
		{9C9F4004-9F8A-DB97-4B9B-267C241A815F}.Release|x86.ActiveCfg = Release|x86
		{9C9F4004-9F8A-DB97-4B9B-267C241A815F}.Release|x86.Build.0 = Release|x86
		{9C9F4004-9F8A-DB97-4B9B-267C241A815F}.Rsharp_app_release|Any CPU.ActiveCfg = Rsharp_app_release|Any CPU
		{9C9F4004-9F8A-DB97-4B9B-267C241A815F}.Rsharp_app_release|Any CPU.Build.0 = Rsharp_app_release|Any CPU
		{9C9F4004-9F8A-DB97-4B9B-267C241A815F}.Rsharp_app_release|x64.ActiveCfg = Rsharp_app_release|x64
		{9C9F4004-9F8A-DB97-4B9B-267C241A815F}.Rsharp_app_release|x64.Build.0 = Rsharp_app_release|x64
		{9C9F4004-9F8A-DB97-4B9B-267C241A815F}.Rsharp_app_release|x86.ActiveCfg = Rsharp_app_release|x86
		{9C9F4004-9F8A-DB97-4B9B-267C241A815F}.Rsharp_app_release|x86.Build.0 = Rsharp_app_release|x86
		{BE4A2EA0-C600-FCE9-D542-79B9A0D68583}.Debug|Any CPU.ActiveCfg = Debug|Any CPU
		{BE4A2EA0-C600-FCE9-D542-79B9A0D68583}.Debug|Any CPU.Build.0 = Debug|Any CPU
		{BE4A2EA0-C600-FCE9-D542-79B9A0D68583}.Debug|x64.ActiveCfg = Debug|x64
		{BE4A2EA0-C600-FCE9-D542-79B9A0D68583}.Debug|x64.Build.0 = Debug|x64
		{BE4A2EA0-C600-FCE9-D542-79B9A0D68583}.Debug|x86.ActiveCfg = Debug|Any CPU
		{BE4A2EA0-C600-FCE9-D542-79B9A0D68583}.Debug|x86.Build.0 = Debug|Any CPU
		{BE4A2EA0-C600-FCE9-D542-79B9A0D68583}.gcmodeller_desktop|Any CPU.ActiveCfg = gcmodeller_desktop|Any CPU
		{BE4A2EA0-C600-FCE9-D542-79B9A0D68583}.gcmodeller_desktop|Any CPU.Build.0 = gcmodeller_desktop|Any CPU
		{BE4A2EA0-C600-FCE9-D542-79B9A0D68583}.gcmodeller_desktop|x64.ActiveCfg = gcmodeller_desktop|x64
		{BE4A2EA0-C600-FCE9-D542-79B9A0D68583}.gcmodeller_desktop|x64.Build.0 = gcmodeller_desktop|x64
		{BE4A2EA0-C600-FCE9-D542-79B9A0D68583}.gcmodeller_desktop|x86.ActiveCfg = gcmodeller_desktop|Any CPU
		{BE4A2EA0-C600-FCE9-D542-79B9A0D68583}.gcmodeller_desktop|x86.Build.0 = gcmodeller_desktop|Any CPU
		{BE4A2EA0-C600-FCE9-D542-79B9A0D68583}.LipidSearch|Any CPU.ActiveCfg = LipidSearch|Any CPU
		{BE4A2EA0-C600-FCE9-D542-79B9A0D68583}.LipidSearch|Any CPU.Build.0 = LipidSearch|Any CPU
		{BE4A2EA0-C600-FCE9-D542-79B9A0D68583}.LipidSearch|x64.ActiveCfg = LipidSearch|x64
		{BE4A2EA0-C600-FCE9-D542-79B9A0D68583}.LipidSearch|x64.Build.0 = LipidSearch|x64
		{BE4A2EA0-C600-FCE9-D542-79B9A0D68583}.LipidSearch|x86.ActiveCfg = LipidSearch|Any CPU
		{BE4A2EA0-C600-FCE9-D542-79B9A0D68583}.LipidSearch|x86.Build.0 = LipidSearch|Any CPU
		{BE4A2EA0-C600-FCE9-D542-79B9A0D68583}.mzkit_win32|Any CPU.ActiveCfg = mzkit_win32|Any CPU
		{BE4A2EA0-C600-FCE9-D542-79B9A0D68583}.mzkit_win32|Any CPU.Build.0 = mzkit_win32|Any CPU
		{BE4A2EA0-C600-FCE9-D542-79B9A0D68583}.mzkit_win32|x64.ActiveCfg = mzkit_win32|x64
		{BE4A2EA0-C600-FCE9-D542-79B9A0D68583}.mzkit_win32|x64.Build.0 = mzkit_win32|x64
		{BE4A2EA0-C600-FCE9-D542-79B9A0D68583}.mzkit_win32|x86.ActiveCfg = mzkit_win32|Any CPU
		{BE4A2EA0-C600-FCE9-D542-79B9A0D68583}.mzkit_win32|x86.Build.0 = mzkit_win32|Any CPU
		{BE4A2EA0-C600-FCE9-D542-79B9A0D68583}.mzkit|Any CPU.ActiveCfg = Debug|Any CPU
		{BE4A2EA0-C600-FCE9-D542-79B9A0D68583}.mzkit|Any CPU.Build.0 = Debug|Any CPU
		{BE4A2EA0-C600-FCE9-D542-79B9A0D68583}.mzkit|x64.ActiveCfg = Debug|x64
		{BE4A2EA0-C600-FCE9-D542-79B9A0D68583}.mzkit|x64.Build.0 = Debug|x64
		{BE4A2EA0-C600-FCE9-D542-79B9A0D68583}.mzkit|x86.ActiveCfg = Debug|Any CPU
		{BE4A2EA0-C600-FCE9-D542-79B9A0D68583}.mzkit|x86.Build.0 = Debug|Any CPU
		{BE4A2EA0-C600-FCE9-D542-79B9A0D68583}.NPSearch|Any CPU.ActiveCfg = NPSearch|Any CPU
		{BE4A2EA0-C600-FCE9-D542-79B9A0D68583}.NPSearch|Any CPU.Build.0 = NPSearch|Any CPU
		{BE4A2EA0-C600-FCE9-D542-79B9A0D68583}.NPSearch|x64.ActiveCfg = NPSearch|x64
		{BE4A2EA0-C600-FCE9-D542-79B9A0D68583}.NPSearch|x64.Build.0 = NPSearch|x64
		{BE4A2EA0-C600-FCE9-D542-79B9A0D68583}.NPSearch|x86.ActiveCfg = NPSearch|Any CPU
		{BE4A2EA0-C600-FCE9-D542-79B9A0D68583}.NPSearch|x86.Build.0 = NPSearch|Any CPU
		{BE4A2EA0-C600-FCE9-D542-79B9A0D68583}.PlantMAT|Any CPU.ActiveCfg = PlantMAT|Any CPU
		{BE4A2EA0-C600-FCE9-D542-79B9A0D68583}.PlantMAT|Any CPU.Build.0 = PlantMAT|Any CPU
		{BE4A2EA0-C600-FCE9-D542-79B9A0D68583}.PlantMAT|x64.ActiveCfg = PlantMAT|x64
		{BE4A2EA0-C600-FCE9-D542-79B9A0D68583}.PlantMAT|x64.Build.0 = PlantMAT|x64
		{BE4A2EA0-C600-FCE9-D542-79B9A0D68583}.PlantMAT|x86.ActiveCfg = PlantMAT|Any CPU
		{BE4A2EA0-C600-FCE9-D542-79B9A0D68583}.PlantMAT|x86.Build.0 = PlantMAT|Any CPU
		{BE4A2EA0-C600-FCE9-D542-79B9A0D68583}.Release|Any CPU.ActiveCfg = Release|Any CPU
		{BE4A2EA0-C600-FCE9-D542-79B9A0D68583}.Release|Any CPU.Build.0 = Release|Any CPU
		{BE4A2EA0-C600-FCE9-D542-79B9A0D68583}.Release|x64.ActiveCfg = Release|x64
		{BE4A2EA0-C600-FCE9-D542-79B9A0D68583}.Release|x64.Build.0 = Release|x64
		{BE4A2EA0-C600-FCE9-D542-79B9A0D68583}.Release|x86.ActiveCfg = Release|Any CPU
		{BE4A2EA0-C600-FCE9-D542-79B9A0D68583}.Release|x86.Build.0 = Release|Any CPU
		{BE4A2EA0-C600-FCE9-D542-79B9A0D68583}.Rsharp_app_release|Any CPU.ActiveCfg = Rsharp_app_release|Any CPU
		{BE4A2EA0-C600-FCE9-D542-79B9A0D68583}.Rsharp_app_release|Any CPU.Build.0 = Rsharp_app_release|Any CPU
		{BE4A2EA0-C600-FCE9-D542-79B9A0D68583}.Rsharp_app_release|x64.ActiveCfg = Rsharp_app_release|x64
		{BE4A2EA0-C600-FCE9-D542-79B9A0D68583}.Rsharp_app_release|x64.Build.0 = Rsharp_app_release|x64
		{BE4A2EA0-C600-FCE9-D542-79B9A0D68583}.Rsharp_app_release|x86.ActiveCfg = Rsharp_app_release|Any CPU
		{BE4A2EA0-C600-FCE9-D542-79B9A0D68583}.Rsharp_app_release|x86.Build.0 = Rsharp_app_release|Any CPU
		{F8817214-25E0-4017-8E70-C225DA86E9B2}.Debug|Any CPU.ActiveCfg = Debug|Any CPU
		{F8817214-25E0-4017-8E70-C225DA86E9B2}.Debug|Any CPU.Build.0 = Debug|Any CPU
		{F8817214-25E0-4017-8E70-C225DA86E9B2}.Debug|x64.ActiveCfg = Debug|Any CPU
		{F8817214-25E0-4017-8E70-C225DA86E9B2}.Debug|x64.Build.0 = Debug|Any CPU
		{F8817214-25E0-4017-8E70-C225DA86E9B2}.Debug|x86.ActiveCfg = Debug|Any CPU
		{F8817214-25E0-4017-8E70-C225DA86E9B2}.Debug|x86.Build.0 = Debug|Any CPU
		{F8817214-25E0-4017-8E70-C225DA86E9B2}.gcmodeller_desktop|Any CPU.ActiveCfg = Release|Any CPU
		{F8817214-25E0-4017-8E70-C225DA86E9B2}.gcmodeller_desktop|Any CPU.Build.0 = Release|Any CPU
		{F8817214-25E0-4017-8E70-C225DA86E9B2}.gcmodeller_desktop|x64.ActiveCfg = Release|Any CPU
		{F8817214-25E0-4017-8E70-C225DA86E9B2}.gcmodeller_desktop|x64.Build.0 = Release|Any CPU
		{F8817214-25E0-4017-8E70-C225DA86E9B2}.gcmodeller_desktop|x86.ActiveCfg = Release|Any CPU
		{F8817214-25E0-4017-8E70-C225DA86E9B2}.gcmodeller_desktop|x86.Build.0 = Release|Any CPU
		{F8817214-25E0-4017-8E70-C225DA86E9B2}.LipidSearch|Any CPU.ActiveCfg = Debug|Any CPU
		{F8817214-25E0-4017-8E70-C225DA86E9B2}.LipidSearch|Any CPU.Build.0 = Debug|Any CPU
		{F8817214-25E0-4017-8E70-C225DA86E9B2}.LipidSearch|x64.ActiveCfg = Debug|Any CPU
		{F8817214-25E0-4017-8E70-C225DA86E9B2}.LipidSearch|x64.Build.0 = Debug|Any CPU
		{F8817214-25E0-4017-8E70-C225DA86E9B2}.LipidSearch|x86.ActiveCfg = Debug|Any CPU
		{F8817214-25E0-4017-8E70-C225DA86E9B2}.LipidSearch|x86.Build.0 = Debug|Any CPU
		{F8817214-25E0-4017-8E70-C225DA86E9B2}.mzkit_win32|Any CPU.ActiveCfg = Release|Any CPU
		{F8817214-25E0-4017-8E70-C225DA86E9B2}.mzkit_win32|Any CPU.Build.0 = Release|Any CPU
		{F8817214-25E0-4017-8E70-C225DA86E9B2}.mzkit_win32|x64.ActiveCfg = Release|Any CPU
		{F8817214-25E0-4017-8E70-C225DA86E9B2}.mzkit_win32|x64.Build.0 = Release|Any CPU
		{F8817214-25E0-4017-8E70-C225DA86E9B2}.mzkit_win32|x86.ActiveCfg = Release|Any CPU
		{F8817214-25E0-4017-8E70-C225DA86E9B2}.mzkit_win32|x86.Build.0 = Release|Any CPU
		{F8817214-25E0-4017-8E70-C225DA86E9B2}.mzkit|Any CPU.ActiveCfg = Debug|Any CPU
		{F8817214-25E0-4017-8E70-C225DA86E9B2}.mzkit|Any CPU.Build.0 = Debug|Any CPU
		{F8817214-25E0-4017-8E70-C225DA86E9B2}.mzkit|x64.ActiveCfg = Debug|Any CPU
		{F8817214-25E0-4017-8E70-C225DA86E9B2}.mzkit|x64.Build.0 = Debug|Any CPU
		{F8817214-25E0-4017-8E70-C225DA86E9B2}.mzkit|x86.ActiveCfg = Debug|Any CPU
		{F8817214-25E0-4017-8E70-C225DA86E9B2}.mzkit|x86.Build.0 = Debug|Any CPU
		{F8817214-25E0-4017-8E70-C225DA86E9B2}.NPSearch|Any CPU.ActiveCfg = Debug|Any CPU
		{F8817214-25E0-4017-8E70-C225DA86E9B2}.NPSearch|Any CPU.Build.0 = Debug|Any CPU
		{F8817214-25E0-4017-8E70-C225DA86E9B2}.NPSearch|x64.ActiveCfg = Debug|Any CPU
		{F8817214-25E0-4017-8E70-C225DA86E9B2}.NPSearch|x64.Build.0 = Debug|Any CPU
		{F8817214-25E0-4017-8E70-C225DA86E9B2}.NPSearch|x86.ActiveCfg = Debug|Any CPU
		{F8817214-25E0-4017-8E70-C225DA86E9B2}.NPSearch|x86.Build.0 = Debug|Any CPU
		{F8817214-25E0-4017-8E70-C225DA86E9B2}.PlantMAT|Any CPU.ActiveCfg = Release|Any CPU
		{F8817214-25E0-4017-8E70-C225DA86E9B2}.PlantMAT|Any CPU.Build.0 = Release|Any CPU
		{F8817214-25E0-4017-8E70-C225DA86E9B2}.PlantMAT|x64.ActiveCfg = Release|Any CPU
		{F8817214-25E0-4017-8E70-C225DA86E9B2}.PlantMAT|x64.Build.0 = Release|Any CPU
		{F8817214-25E0-4017-8E70-C225DA86E9B2}.PlantMAT|x86.ActiveCfg = Release|Any CPU
		{F8817214-25E0-4017-8E70-C225DA86E9B2}.PlantMAT|x86.Build.0 = Release|Any CPU
		{F8817214-25E0-4017-8E70-C225DA86E9B2}.Release|Any CPU.ActiveCfg = Release|Any CPU
		{F8817214-25E0-4017-8E70-C225DA86E9B2}.Release|Any CPU.Build.0 = Release|Any CPU
		{F8817214-25E0-4017-8E70-C225DA86E9B2}.Release|x64.ActiveCfg = Release|Any CPU
		{F8817214-25E0-4017-8E70-C225DA86E9B2}.Release|x64.Build.0 = Release|Any CPU
		{F8817214-25E0-4017-8E70-C225DA86E9B2}.Release|x86.ActiveCfg = Release|Any CPU
		{F8817214-25E0-4017-8E70-C225DA86E9B2}.Release|x86.Build.0 = Release|Any CPU
		{F8817214-25E0-4017-8E70-C225DA86E9B2}.Rsharp_app_release|Any CPU.ActiveCfg = Release|Any CPU
		{F8817214-25E0-4017-8E70-C225DA86E9B2}.Rsharp_app_release|Any CPU.Build.0 = Release|Any CPU
		{F8817214-25E0-4017-8E70-C225DA86E9B2}.Rsharp_app_release|x64.ActiveCfg = Release|x64
		{F8817214-25E0-4017-8E70-C225DA86E9B2}.Rsharp_app_release|x64.Build.0 = Release|x64
		{F8817214-25E0-4017-8E70-C225DA86E9B2}.Rsharp_app_release|x86.ActiveCfg = Release|Any CPU
		{F8817214-25E0-4017-8E70-C225DA86E9B2}.Rsharp_app_release|x86.Build.0 = Release|Any CPU
		{A83DF657-E619-40C7-837C-FA0DAEE9E796}.Debug|Any CPU.ActiveCfg = Debug|Any CPU
		{A83DF657-E619-40C7-837C-FA0DAEE9E796}.Debug|Any CPU.Build.0 = Debug|Any CPU
		{A83DF657-E619-40C7-837C-FA0DAEE9E796}.Debug|x64.ActiveCfg = Debug|Any CPU
		{A83DF657-E619-40C7-837C-FA0DAEE9E796}.Debug|x64.Build.0 = Debug|Any CPU
		{A83DF657-E619-40C7-837C-FA0DAEE9E796}.Debug|x86.ActiveCfg = Debug|Any CPU
		{A83DF657-E619-40C7-837C-FA0DAEE9E796}.Debug|x86.Build.0 = Debug|Any CPU
		{A83DF657-E619-40C7-837C-FA0DAEE9E796}.gcmodeller_desktop|Any CPU.ActiveCfg = Release|Any CPU
		{A83DF657-E619-40C7-837C-FA0DAEE9E796}.gcmodeller_desktop|Any CPU.Build.0 = Release|Any CPU
		{A83DF657-E619-40C7-837C-FA0DAEE9E796}.gcmodeller_desktop|x64.ActiveCfg = Release|Any CPU
		{A83DF657-E619-40C7-837C-FA0DAEE9E796}.gcmodeller_desktop|x64.Build.0 = Release|Any CPU
		{A83DF657-E619-40C7-837C-FA0DAEE9E796}.gcmodeller_desktop|x86.ActiveCfg = Release|Any CPU
		{A83DF657-E619-40C7-837C-FA0DAEE9E796}.gcmodeller_desktop|x86.Build.0 = Release|Any CPU
		{A83DF657-E619-40C7-837C-FA0DAEE9E796}.LipidSearch|Any CPU.ActiveCfg = Debug|Any CPU
		{A83DF657-E619-40C7-837C-FA0DAEE9E796}.LipidSearch|Any CPU.Build.0 = Debug|Any CPU
		{A83DF657-E619-40C7-837C-FA0DAEE9E796}.LipidSearch|x64.ActiveCfg = Debug|Any CPU
		{A83DF657-E619-40C7-837C-FA0DAEE9E796}.LipidSearch|x64.Build.0 = Debug|Any CPU
		{A83DF657-E619-40C7-837C-FA0DAEE9E796}.LipidSearch|x86.ActiveCfg = Debug|Any CPU
		{A83DF657-E619-40C7-837C-FA0DAEE9E796}.LipidSearch|x86.Build.0 = Debug|Any CPU
		{A83DF657-E619-40C7-837C-FA0DAEE9E796}.mzkit_win32|Any CPU.ActiveCfg = Release|Any CPU
		{A83DF657-E619-40C7-837C-FA0DAEE9E796}.mzkit_win32|Any CPU.Build.0 = Release|Any CPU
		{A83DF657-E619-40C7-837C-FA0DAEE9E796}.mzkit_win32|x64.ActiveCfg = Release|Any CPU
		{A83DF657-E619-40C7-837C-FA0DAEE9E796}.mzkit_win32|x64.Build.0 = Release|Any CPU
		{A83DF657-E619-40C7-837C-FA0DAEE9E796}.mzkit_win32|x86.ActiveCfg = Release|Any CPU
		{A83DF657-E619-40C7-837C-FA0DAEE9E796}.mzkit_win32|x86.Build.0 = Release|Any CPU
		{A83DF657-E619-40C7-837C-FA0DAEE9E796}.mzkit|Any CPU.ActiveCfg = Debug|Any CPU
		{A83DF657-E619-40C7-837C-FA0DAEE9E796}.mzkit|Any CPU.Build.0 = Debug|Any CPU
		{A83DF657-E619-40C7-837C-FA0DAEE9E796}.mzkit|x64.ActiveCfg = Debug|Any CPU
		{A83DF657-E619-40C7-837C-FA0DAEE9E796}.mzkit|x64.Build.0 = Debug|Any CPU
		{A83DF657-E619-40C7-837C-FA0DAEE9E796}.mzkit|x86.ActiveCfg = Debug|Any CPU
		{A83DF657-E619-40C7-837C-FA0DAEE9E796}.mzkit|x86.Build.0 = Debug|Any CPU
		{A83DF657-E619-40C7-837C-FA0DAEE9E796}.NPSearch|Any CPU.ActiveCfg = Debug|Any CPU
		{A83DF657-E619-40C7-837C-FA0DAEE9E796}.NPSearch|Any CPU.Build.0 = Debug|Any CPU
		{A83DF657-E619-40C7-837C-FA0DAEE9E796}.NPSearch|x64.ActiveCfg = Debug|Any CPU
		{A83DF657-E619-40C7-837C-FA0DAEE9E796}.NPSearch|x64.Build.0 = Debug|Any CPU
		{A83DF657-E619-40C7-837C-FA0DAEE9E796}.NPSearch|x86.ActiveCfg = Debug|Any CPU
		{A83DF657-E619-40C7-837C-FA0DAEE9E796}.NPSearch|x86.Build.0 = Debug|Any CPU
		{A83DF657-E619-40C7-837C-FA0DAEE9E796}.PlantMAT|Any CPU.ActiveCfg = Release|Any CPU
		{A83DF657-E619-40C7-837C-FA0DAEE9E796}.PlantMAT|Any CPU.Build.0 = Release|Any CPU
		{A83DF657-E619-40C7-837C-FA0DAEE9E796}.PlantMAT|x64.ActiveCfg = Release|Any CPU
		{A83DF657-E619-40C7-837C-FA0DAEE9E796}.PlantMAT|x64.Build.0 = Release|Any CPU
		{A83DF657-E619-40C7-837C-FA0DAEE9E796}.PlantMAT|x86.ActiveCfg = Release|Any CPU
		{A83DF657-E619-40C7-837C-FA0DAEE9E796}.PlantMAT|x86.Build.0 = Release|Any CPU
		{A83DF657-E619-40C7-837C-FA0DAEE9E796}.Release|Any CPU.ActiveCfg = Release|Any CPU
		{A83DF657-E619-40C7-837C-FA0DAEE9E796}.Release|Any CPU.Build.0 = Release|Any CPU
		{A83DF657-E619-40C7-837C-FA0DAEE9E796}.Release|x64.ActiveCfg = Release|Any CPU
		{A83DF657-E619-40C7-837C-FA0DAEE9E796}.Release|x64.Build.0 = Release|Any CPU
		{A83DF657-E619-40C7-837C-FA0DAEE9E796}.Release|x86.ActiveCfg = Release|Any CPU
		{A83DF657-E619-40C7-837C-FA0DAEE9E796}.Release|x86.Build.0 = Release|Any CPU
		{A83DF657-E619-40C7-837C-FA0DAEE9E796}.Rsharp_app_release|Any CPU.ActiveCfg = Release|Any CPU
		{A83DF657-E619-40C7-837C-FA0DAEE9E796}.Rsharp_app_release|Any CPU.Build.0 = Release|Any CPU
		{A83DF657-E619-40C7-837C-FA0DAEE9E796}.Rsharp_app_release|x64.ActiveCfg = Release|x64
		{A83DF657-E619-40C7-837C-FA0DAEE9E796}.Rsharp_app_release|x64.Build.0 = Release|x64
		{A83DF657-E619-40C7-837C-FA0DAEE9E796}.Rsharp_app_release|x86.ActiveCfg = Release|Any CPU
		{A83DF657-E619-40C7-837C-FA0DAEE9E796}.Rsharp_app_release|x86.Build.0 = Release|Any CPU
		{3F6BDB7D-C034-FC0B-8F7C-B02154CB7A08}.Debug|Any CPU.ActiveCfg = Debug|Any CPU
		{3F6BDB7D-C034-FC0B-8F7C-B02154CB7A08}.Debug|Any CPU.Build.0 = Debug|Any CPU
		{3F6BDB7D-C034-FC0B-8F7C-B02154CB7A08}.Debug|x64.ActiveCfg = Debug|x64
		{3F6BDB7D-C034-FC0B-8F7C-B02154CB7A08}.Debug|x64.Build.0 = Debug|x64
		{3F6BDB7D-C034-FC0B-8F7C-B02154CB7A08}.Debug|x86.ActiveCfg = Debug|Any CPU
		{3F6BDB7D-C034-FC0B-8F7C-B02154CB7A08}.Debug|x86.Build.0 = Debug|Any CPU
		{3F6BDB7D-C034-FC0B-8F7C-B02154CB7A08}.gcmodeller_desktop|Any CPU.ActiveCfg = nuget_release|Any CPU
		{3F6BDB7D-C034-FC0B-8F7C-B02154CB7A08}.gcmodeller_desktop|Any CPU.Build.0 = nuget_release|Any CPU
		{3F6BDB7D-C034-FC0B-8F7C-B02154CB7A08}.gcmodeller_desktop|x64.ActiveCfg = nuget_release|x64
		{3F6BDB7D-C034-FC0B-8F7C-B02154CB7A08}.gcmodeller_desktop|x64.Build.0 = nuget_release|x64
		{3F6BDB7D-C034-FC0B-8F7C-B02154CB7A08}.gcmodeller_desktop|x86.ActiveCfg = nuget_release|Any CPU
		{3F6BDB7D-C034-FC0B-8F7C-B02154CB7A08}.gcmodeller_desktop|x86.Build.0 = nuget_release|Any CPU
		{3F6BDB7D-C034-FC0B-8F7C-B02154CB7A08}.LipidSearch|Any CPU.ActiveCfg = LipidSearch|Any CPU
		{3F6BDB7D-C034-FC0B-8F7C-B02154CB7A08}.LipidSearch|Any CPU.Build.0 = LipidSearch|Any CPU
		{3F6BDB7D-C034-FC0B-8F7C-B02154CB7A08}.LipidSearch|x64.ActiveCfg = LipidSearch|x64
		{3F6BDB7D-C034-FC0B-8F7C-B02154CB7A08}.LipidSearch|x64.Build.0 = LipidSearch|x64
		{3F6BDB7D-C034-FC0B-8F7C-B02154CB7A08}.LipidSearch|x86.ActiveCfg = LipidSearch|Any CPU
		{3F6BDB7D-C034-FC0B-8F7C-B02154CB7A08}.LipidSearch|x86.Build.0 = LipidSearch|Any CPU
		{3F6BDB7D-C034-FC0B-8F7C-B02154CB7A08}.mzkit_win32|Any CPU.ActiveCfg = Rsharp_app_release|Any CPU
		{3F6BDB7D-C034-FC0B-8F7C-B02154CB7A08}.mzkit_win32|Any CPU.Build.0 = Rsharp_app_release|Any CPU
		{3F6BDB7D-C034-FC0B-8F7C-B02154CB7A08}.mzkit_win32|x64.ActiveCfg = Rsharp_app_release|x64
		{3F6BDB7D-C034-FC0B-8F7C-B02154CB7A08}.mzkit_win32|x64.Build.0 = Rsharp_app_release|x64
		{3F6BDB7D-C034-FC0B-8F7C-B02154CB7A08}.mzkit_win32|x86.ActiveCfg = Rsharp_app_release|Any CPU
		{3F6BDB7D-C034-FC0B-8F7C-B02154CB7A08}.mzkit_win32|x86.Build.0 = Rsharp_app_release|Any CPU
		{3F6BDB7D-C034-FC0B-8F7C-B02154CB7A08}.mzkit|Any CPU.ActiveCfg = mzkit|Any CPU
		{3F6BDB7D-C034-FC0B-8F7C-B02154CB7A08}.mzkit|Any CPU.Build.0 = mzkit|Any CPU
		{3F6BDB7D-C034-FC0B-8F7C-B02154CB7A08}.mzkit|x64.ActiveCfg = mzkit|x64
		{3F6BDB7D-C034-FC0B-8F7C-B02154CB7A08}.mzkit|x64.Build.0 = mzkit|x64
		{3F6BDB7D-C034-FC0B-8F7C-B02154CB7A08}.mzkit|x86.ActiveCfg = mzkit|Any CPU
		{3F6BDB7D-C034-FC0B-8F7C-B02154CB7A08}.mzkit|x86.Build.0 = mzkit|Any CPU
		{3F6BDB7D-C034-FC0B-8F7C-B02154CB7A08}.NPSearch|Any CPU.ActiveCfg = NPSearch|Any CPU
		{3F6BDB7D-C034-FC0B-8F7C-B02154CB7A08}.NPSearch|Any CPU.Build.0 = NPSearch|Any CPU
		{3F6BDB7D-C034-FC0B-8F7C-B02154CB7A08}.NPSearch|x64.ActiveCfg = NPSearch|x64
		{3F6BDB7D-C034-FC0B-8F7C-B02154CB7A08}.NPSearch|x64.Build.0 = NPSearch|x64
		{3F6BDB7D-C034-FC0B-8F7C-B02154CB7A08}.NPSearch|x86.ActiveCfg = NPSearch|Any CPU
		{3F6BDB7D-C034-FC0B-8F7C-B02154CB7A08}.NPSearch|x86.Build.0 = NPSearch|Any CPU
		{3F6BDB7D-C034-FC0B-8F7C-B02154CB7A08}.PlantMAT|Any CPU.ActiveCfg = LipidSearch|Any CPU
		{3F6BDB7D-C034-FC0B-8F7C-B02154CB7A08}.PlantMAT|Any CPU.Build.0 = LipidSearch|Any CPU
		{3F6BDB7D-C034-FC0B-8F7C-B02154CB7A08}.PlantMAT|x64.ActiveCfg = LipidSearch|x64
		{3F6BDB7D-C034-FC0B-8F7C-B02154CB7A08}.PlantMAT|x64.Build.0 = LipidSearch|x64
		{3F6BDB7D-C034-FC0B-8F7C-B02154CB7A08}.PlantMAT|x86.ActiveCfg = LipidSearch|Any CPU
		{3F6BDB7D-C034-FC0B-8F7C-B02154CB7A08}.PlantMAT|x86.Build.0 = LipidSearch|Any CPU
		{3F6BDB7D-C034-FC0B-8F7C-B02154CB7A08}.Release|Any CPU.ActiveCfg = Release|Any CPU
		{3F6BDB7D-C034-FC0B-8F7C-B02154CB7A08}.Release|Any CPU.Build.0 = Release|Any CPU
		{3F6BDB7D-C034-FC0B-8F7C-B02154CB7A08}.Release|x64.ActiveCfg = Release|x64
		{3F6BDB7D-C034-FC0B-8F7C-B02154CB7A08}.Release|x64.Build.0 = Release|x64
		{3F6BDB7D-C034-FC0B-8F7C-B02154CB7A08}.Release|x86.ActiveCfg = Release|Any CPU
		{3F6BDB7D-C034-FC0B-8F7C-B02154CB7A08}.Release|x86.Build.0 = Release|Any CPU
		{3F6BDB7D-C034-FC0B-8F7C-B02154CB7A08}.Rsharp_app_release|Any CPU.ActiveCfg = Rsharp_app_release|Any CPU
		{3F6BDB7D-C034-FC0B-8F7C-B02154CB7A08}.Rsharp_app_release|Any CPU.Build.0 = Rsharp_app_release|Any CPU
		{3F6BDB7D-C034-FC0B-8F7C-B02154CB7A08}.Rsharp_app_release|x64.ActiveCfg = Rsharp_app_release|x64
		{3F6BDB7D-C034-FC0B-8F7C-B02154CB7A08}.Rsharp_app_release|x64.Build.0 = Rsharp_app_release|x64
		{3F6BDB7D-C034-FC0B-8F7C-B02154CB7A08}.Rsharp_app_release|x86.ActiveCfg = Rsharp_app_release|Any CPU
		{3F6BDB7D-C034-FC0B-8F7C-B02154CB7A08}.Rsharp_app_release|x86.Build.0 = Rsharp_app_release|Any CPU
		{5B8ACC99-FB8D-1CB5-190E-59FE7B06DB4D}.Debug|Any CPU.ActiveCfg = Debug|Any CPU
		{5B8ACC99-FB8D-1CB5-190E-59FE7B06DB4D}.Debug|Any CPU.Build.0 = Debug|Any CPU
		{5B8ACC99-FB8D-1CB5-190E-59FE7B06DB4D}.Debug|x64.ActiveCfg = Debug|x64
		{5B8ACC99-FB8D-1CB5-190E-59FE7B06DB4D}.Debug|x64.Build.0 = Debug|x64
		{5B8ACC99-FB8D-1CB5-190E-59FE7B06DB4D}.Debug|x86.ActiveCfg = Debug|Any CPU
		{5B8ACC99-FB8D-1CB5-190E-59FE7B06DB4D}.Debug|x86.Build.0 = Debug|Any CPU
		{5B8ACC99-FB8D-1CB5-190E-59FE7B06DB4D}.gcmodeller_desktop|Any CPU.ActiveCfg = gcmodeller_desktop|Any CPU
		{5B8ACC99-FB8D-1CB5-190E-59FE7B06DB4D}.gcmodeller_desktop|Any CPU.Build.0 = gcmodeller_desktop|Any CPU
		{5B8ACC99-FB8D-1CB5-190E-59FE7B06DB4D}.gcmodeller_desktop|x64.ActiveCfg = gcmodeller_desktop|x64
		{5B8ACC99-FB8D-1CB5-190E-59FE7B06DB4D}.gcmodeller_desktop|x64.Build.0 = gcmodeller_desktop|x64
		{5B8ACC99-FB8D-1CB5-190E-59FE7B06DB4D}.gcmodeller_desktop|x86.ActiveCfg = gcmodeller_desktop|Any CPU
		{5B8ACC99-FB8D-1CB5-190E-59FE7B06DB4D}.gcmodeller_desktop|x86.Build.0 = gcmodeller_desktop|Any CPU
		{5B8ACC99-FB8D-1CB5-190E-59FE7B06DB4D}.LipidSearch|Any CPU.ActiveCfg = LipidSearch|Any CPU
		{5B8ACC99-FB8D-1CB5-190E-59FE7B06DB4D}.LipidSearch|Any CPU.Build.0 = LipidSearch|Any CPU
		{5B8ACC99-FB8D-1CB5-190E-59FE7B06DB4D}.LipidSearch|x64.ActiveCfg = LipidSearch|x64
		{5B8ACC99-FB8D-1CB5-190E-59FE7B06DB4D}.LipidSearch|x64.Build.0 = LipidSearch|x64
		{5B8ACC99-FB8D-1CB5-190E-59FE7B06DB4D}.LipidSearch|x86.ActiveCfg = LipidSearch|Any CPU
		{5B8ACC99-FB8D-1CB5-190E-59FE7B06DB4D}.LipidSearch|x86.Build.0 = LipidSearch|Any CPU
		{5B8ACC99-FB8D-1CB5-190E-59FE7B06DB4D}.mzkit_win32|Any CPU.ActiveCfg = mzkit_win32|Any CPU
		{5B8ACC99-FB8D-1CB5-190E-59FE7B06DB4D}.mzkit_win32|Any CPU.Build.0 = mzkit_win32|Any CPU
		{5B8ACC99-FB8D-1CB5-190E-59FE7B06DB4D}.mzkit_win32|x64.ActiveCfg = mzkit_win32|x64
		{5B8ACC99-FB8D-1CB5-190E-59FE7B06DB4D}.mzkit_win32|x64.Build.0 = mzkit_win32|x64
		{5B8ACC99-FB8D-1CB5-190E-59FE7B06DB4D}.mzkit_win32|x86.ActiveCfg = mzkit_win32|Any CPU
		{5B8ACC99-FB8D-1CB5-190E-59FE7B06DB4D}.mzkit_win32|x86.Build.0 = mzkit_win32|Any CPU
		{5B8ACC99-FB8D-1CB5-190E-59FE7B06DB4D}.mzkit|Any CPU.ActiveCfg = mzkit|Any CPU
		{5B8ACC99-FB8D-1CB5-190E-59FE7B06DB4D}.mzkit|Any CPU.Build.0 = mzkit|Any CPU
		{5B8ACC99-FB8D-1CB5-190E-59FE7B06DB4D}.mzkit|x64.ActiveCfg = mzkit|x64
		{5B8ACC99-FB8D-1CB5-190E-59FE7B06DB4D}.mzkit|x64.Build.0 = mzkit|x64
		{5B8ACC99-FB8D-1CB5-190E-59FE7B06DB4D}.mzkit|x86.ActiveCfg = mzkit|Any CPU
		{5B8ACC99-FB8D-1CB5-190E-59FE7B06DB4D}.mzkit|x86.Build.0 = mzkit|Any CPU
		{5B8ACC99-FB8D-1CB5-190E-59FE7B06DB4D}.NPSearch|Any CPU.ActiveCfg = NPSearch|Any CPU
		{5B8ACC99-FB8D-1CB5-190E-59FE7B06DB4D}.NPSearch|Any CPU.Build.0 = NPSearch|Any CPU
		{5B8ACC99-FB8D-1CB5-190E-59FE7B06DB4D}.NPSearch|x64.ActiveCfg = NPSearch|x64
		{5B8ACC99-FB8D-1CB5-190E-59FE7B06DB4D}.NPSearch|x64.Build.0 = NPSearch|x64
		{5B8ACC99-FB8D-1CB5-190E-59FE7B06DB4D}.NPSearch|x86.ActiveCfg = NPSearch|Any CPU
		{5B8ACC99-FB8D-1CB5-190E-59FE7B06DB4D}.NPSearch|x86.Build.0 = NPSearch|Any CPU
		{5B8ACC99-FB8D-1CB5-190E-59FE7B06DB4D}.PlantMAT|Any CPU.ActiveCfg = PlantMAT|Any CPU
		{5B8ACC99-FB8D-1CB5-190E-59FE7B06DB4D}.PlantMAT|Any CPU.Build.0 = PlantMAT|Any CPU
		{5B8ACC99-FB8D-1CB5-190E-59FE7B06DB4D}.PlantMAT|x64.ActiveCfg = PlantMAT|x64
		{5B8ACC99-FB8D-1CB5-190E-59FE7B06DB4D}.PlantMAT|x64.Build.0 = PlantMAT|x64
		{5B8ACC99-FB8D-1CB5-190E-59FE7B06DB4D}.PlantMAT|x86.ActiveCfg = PlantMAT|Any CPU
		{5B8ACC99-FB8D-1CB5-190E-59FE7B06DB4D}.PlantMAT|x86.Build.0 = PlantMAT|Any CPU
		{5B8ACC99-FB8D-1CB5-190E-59FE7B06DB4D}.Release|Any CPU.ActiveCfg = Release|Any CPU
		{5B8ACC99-FB8D-1CB5-190E-59FE7B06DB4D}.Release|Any CPU.Build.0 = Release|Any CPU
		{5B8ACC99-FB8D-1CB5-190E-59FE7B06DB4D}.Release|x64.ActiveCfg = Release|x64
		{5B8ACC99-FB8D-1CB5-190E-59FE7B06DB4D}.Release|x64.Build.0 = Release|x64
		{5B8ACC99-FB8D-1CB5-190E-59FE7B06DB4D}.Release|x86.ActiveCfg = Release|Any CPU
		{5B8ACC99-FB8D-1CB5-190E-59FE7B06DB4D}.Release|x86.Build.0 = Release|Any CPU
		{5B8ACC99-FB8D-1CB5-190E-59FE7B06DB4D}.Rsharp_app_release|Any CPU.ActiveCfg = Rsharp_app_release|Any CPU
		{5B8ACC99-FB8D-1CB5-190E-59FE7B06DB4D}.Rsharp_app_release|Any CPU.Build.0 = Rsharp_app_release|Any CPU
		{5B8ACC99-FB8D-1CB5-190E-59FE7B06DB4D}.Rsharp_app_release|x64.ActiveCfg = Rsharp_app_release|x64
		{5B8ACC99-FB8D-1CB5-190E-59FE7B06DB4D}.Rsharp_app_release|x64.Build.0 = Rsharp_app_release|x64
		{5B8ACC99-FB8D-1CB5-190E-59FE7B06DB4D}.Rsharp_app_release|x86.ActiveCfg = Rsharp_app_release|Any CPU
		{5B8ACC99-FB8D-1CB5-190E-59FE7B06DB4D}.Rsharp_app_release|x86.Build.0 = Rsharp_app_release|Any CPU
		{C9952421-4D3D-468B-879E-2F4A987906A0}.Debug|Any CPU.ActiveCfg = Debug|Any CPU
		{C9952421-4D3D-468B-879E-2F4A987906A0}.Debug|Any CPU.Build.0 = Debug|Any CPU
		{C9952421-4D3D-468B-879E-2F4A987906A0}.Debug|x64.ActiveCfg = Debug|Any CPU
		{C9952421-4D3D-468B-879E-2F4A987906A0}.Debug|x64.Build.0 = Debug|Any CPU
		{C9952421-4D3D-468B-879E-2F4A987906A0}.Debug|x86.ActiveCfg = Debug|Any CPU
		{C9952421-4D3D-468B-879E-2F4A987906A0}.Debug|x86.Build.0 = Debug|Any CPU
		{C9952421-4D3D-468B-879E-2F4A987906A0}.gcmodeller_desktop|Any CPU.ActiveCfg = Release|Any CPU
		{C9952421-4D3D-468B-879E-2F4A987906A0}.gcmodeller_desktop|Any CPU.Build.0 = Release|Any CPU
		{C9952421-4D3D-468B-879E-2F4A987906A0}.gcmodeller_desktop|x64.ActiveCfg = Release|Any CPU
		{C9952421-4D3D-468B-879E-2F4A987906A0}.gcmodeller_desktop|x64.Build.0 = Release|Any CPU
		{C9952421-4D3D-468B-879E-2F4A987906A0}.gcmodeller_desktop|x86.ActiveCfg = Release|Any CPU
		{C9952421-4D3D-468B-879E-2F4A987906A0}.gcmodeller_desktop|x86.Build.0 = Release|Any CPU
		{C9952421-4D3D-468B-879E-2F4A987906A0}.LipidSearch|Any CPU.ActiveCfg = Debug|Any CPU
		{C9952421-4D3D-468B-879E-2F4A987906A0}.LipidSearch|Any CPU.Build.0 = Debug|Any CPU
		{C9952421-4D3D-468B-879E-2F4A987906A0}.LipidSearch|x64.ActiveCfg = Debug|Any CPU
		{C9952421-4D3D-468B-879E-2F4A987906A0}.LipidSearch|x64.Build.0 = Debug|Any CPU
		{C9952421-4D3D-468B-879E-2F4A987906A0}.LipidSearch|x86.ActiveCfg = Debug|Any CPU
		{C9952421-4D3D-468B-879E-2F4A987906A0}.LipidSearch|x86.Build.0 = Debug|Any CPU
		{C9952421-4D3D-468B-879E-2F4A987906A0}.mzkit_win32|Any CPU.ActiveCfg = Release|Any CPU
		{C9952421-4D3D-468B-879E-2F4A987906A0}.mzkit_win32|Any CPU.Build.0 = Release|Any CPU
		{C9952421-4D3D-468B-879E-2F4A987906A0}.mzkit_win32|x64.ActiveCfg = Release|Any CPU
		{C9952421-4D3D-468B-879E-2F4A987906A0}.mzkit_win32|x64.Build.0 = Release|Any CPU
		{C9952421-4D3D-468B-879E-2F4A987906A0}.mzkit_win32|x86.ActiveCfg = Release|Any CPU
		{C9952421-4D3D-468B-879E-2F4A987906A0}.mzkit_win32|x86.Build.0 = Release|Any CPU
		{C9952421-4D3D-468B-879E-2F4A987906A0}.mzkit|Any CPU.ActiveCfg = Debug|Any CPU
		{C9952421-4D3D-468B-879E-2F4A987906A0}.mzkit|Any CPU.Build.0 = Debug|Any CPU
		{C9952421-4D3D-468B-879E-2F4A987906A0}.mzkit|x64.ActiveCfg = Debug|Any CPU
		{C9952421-4D3D-468B-879E-2F4A987906A0}.mzkit|x64.Build.0 = Debug|Any CPU
		{C9952421-4D3D-468B-879E-2F4A987906A0}.mzkit|x86.ActiveCfg = Debug|Any CPU
		{C9952421-4D3D-468B-879E-2F4A987906A0}.mzkit|x86.Build.0 = Debug|Any CPU
		{C9952421-4D3D-468B-879E-2F4A987906A0}.NPSearch|Any CPU.ActiveCfg = Debug|Any CPU
		{C9952421-4D3D-468B-879E-2F4A987906A0}.NPSearch|Any CPU.Build.0 = Debug|Any CPU
		{C9952421-4D3D-468B-879E-2F4A987906A0}.NPSearch|x64.ActiveCfg = Debug|Any CPU
		{C9952421-4D3D-468B-879E-2F4A987906A0}.NPSearch|x64.Build.0 = Debug|Any CPU
		{C9952421-4D3D-468B-879E-2F4A987906A0}.NPSearch|x86.ActiveCfg = Debug|Any CPU
		{C9952421-4D3D-468B-879E-2F4A987906A0}.NPSearch|x86.Build.0 = Debug|Any CPU
		{C9952421-4D3D-468B-879E-2F4A987906A0}.PlantMAT|Any CPU.ActiveCfg = Release|Any CPU
		{C9952421-4D3D-468B-879E-2F4A987906A0}.PlantMAT|Any CPU.Build.0 = Release|Any CPU
		{C9952421-4D3D-468B-879E-2F4A987906A0}.PlantMAT|x64.ActiveCfg = Release|Any CPU
		{C9952421-4D3D-468B-879E-2F4A987906A0}.PlantMAT|x64.Build.0 = Release|Any CPU
		{C9952421-4D3D-468B-879E-2F4A987906A0}.PlantMAT|x86.ActiveCfg = Release|Any CPU
		{C9952421-4D3D-468B-879E-2F4A987906A0}.PlantMAT|x86.Build.0 = Release|Any CPU
		{C9952421-4D3D-468B-879E-2F4A987906A0}.Release|Any CPU.ActiveCfg = Release|Any CPU
		{C9952421-4D3D-468B-879E-2F4A987906A0}.Release|Any CPU.Build.0 = Release|Any CPU
		{C9952421-4D3D-468B-879E-2F4A987906A0}.Release|x64.ActiveCfg = Release|Any CPU
		{C9952421-4D3D-468B-879E-2F4A987906A0}.Release|x64.Build.0 = Release|Any CPU
		{C9952421-4D3D-468B-879E-2F4A987906A0}.Release|x86.ActiveCfg = Release|Any CPU
		{C9952421-4D3D-468B-879E-2F4A987906A0}.Release|x86.Build.0 = Release|Any CPU
		{C9952421-4D3D-468B-879E-2F4A987906A0}.Rsharp_app_release|Any CPU.ActiveCfg = Release|Any CPU
		{C9952421-4D3D-468B-879E-2F4A987906A0}.Rsharp_app_release|Any CPU.Build.0 = Release|Any CPU
		{C9952421-4D3D-468B-879E-2F4A987906A0}.Rsharp_app_release|x64.ActiveCfg = Release|Any CPU
		{C9952421-4D3D-468B-879E-2F4A987906A0}.Rsharp_app_release|x64.Build.0 = Release|Any CPU
		{C9952421-4D3D-468B-879E-2F4A987906A0}.Rsharp_app_release|x86.ActiveCfg = Release|Any CPU
		{C9952421-4D3D-468B-879E-2F4A987906A0}.Rsharp_app_release|x86.Build.0 = Release|Any CPU
	EndGlobalSection
	GlobalSection(SolutionProperties) = preSolution
		HideSolutionNode = FALSE
	EndGlobalSection
	GlobalSection(NestedProjects) = preSolution
		{F0C1101B-4EE4-49F0-9286-82502B094BFB} = {BE3D7F27-BA43-4D28-BD69-6A5FEC2630A0}
		{A74AA351-B608-42B1-9426-739F2433357D} = {CEEB6676-96BB-4BFC-9E99-319ECA9689EA}
		{9A9B51F2-F7A0-4BDC-BB72-66F65C4A549E} = {BE3D7F27-BA43-4D28-BD69-6A5FEC2630A0}
		{AB097507-710A-4A3C-8847-A38D8B9588C1} = {CEEB6676-96BB-4BFC-9E99-319ECA9689EA}
		{B5861068-3ACC-06DE-405D-3DE60E94084B} = {20AB2D67-E4E6-42CB-82E4-7822390A163E}
		{1722AEB7-E4CC-D1AE-9D8B-C00F47C6056A} = {20AB2D67-E4E6-42CB-82E4-7822390A163E}
		{5DABC780-D6D8-63AC-1C11-12B8D5B5CDC4} = {BE3D7F27-BA43-4D28-BD69-6A5FEC2630A0}
		{F5171153-AEE8-69B3-0273-1D621019EC9B} = {BE3D7F27-BA43-4D28-BD69-6A5FEC2630A0}
		{34E801C2-C03D-1C1C-7C22-EFA8CE7782A3} = {BE3D7F27-BA43-4D28-BD69-6A5FEC2630A0}
		{9C9F4004-9F8A-DB97-4B9B-267C241A815F} = {BE3D7F27-BA43-4D28-BD69-6A5FEC2630A0}
		{BE4A2EA0-C600-FCE9-D542-79B9A0D68583} = {BE3D7F27-BA43-4D28-BD69-6A5FEC2630A0}
		{A83DF657-E619-40C7-837C-FA0DAEE9E796} = {20AB2D67-E4E6-42CB-82E4-7822390A163E}
		{3F6BDB7D-C034-FC0B-8F7C-B02154CB7A08} = {274E0F7C-C6C6-42B5-B29B-8DC905A2624B}
		{5B8ACC99-FB8D-1CB5-190E-59FE7B06DB4D} = {274E0F7C-C6C6-42B5-B29B-8DC905A2624B}
	EndGlobalSection
	GlobalSection(ExtensibilityGlobals) = postSolution
		SolutionGuid = {E84BBFF6-157A-4BE3-8EDD-CA660ED74C91}
	EndGlobalSection
	GlobalSection(SharedMSBuildProjectFiles) = preSolution
		..\..\GCModeller\src\R-sharp\studio\Rstudio.common\Rstudio.common.projitems*{ab097507-710a-4a3c-8847-a38d8b9588c1}*SharedItemsImports = 5
	EndGlobalSection
EndGlobal
